
Microsoft Visual Studio Solution File, Format Version 12.00
# Visual Studio 15
VisualStudioVersion = 15.0.27428.2027
MinimumVisualStudioVersion = 10.0.40219.1
Project("{FAE04EC0-301F-11D3-BF4B-00C04F79EFBC}") = "App02_TipoPaginaXF.Android", "App02_TipoPaginaXF\App02_TipoPaginaXF.Android\App02_TipoPaginaXF.Android.csproj", "{24A79DE4-7FAD-4B01-A94D-71745F5CCA00}"
EndProject
Project("{FAE04EC0-301F-11D3-BF4B-00C04F79EFBC}") = "App02_TipoPaginaXF.iOS", "App02_TipoPaginaXF\App02_TipoPaginaXF.iOS\App02_TipoPaginaXF.iOS.csproj", "{31641527-A7FC-4236-9CA4-DFB3D727929E}"
EndProject
Project("{FAE04EC0-301F-11D3-BF4B-00C04F79EFBC}") = "App02_TipoPaginaXF.UWP", "App02_TipoPaginaXF\App02_TipoPaginaXF.UWP\App02_TipoPaginaXF.UWP.csproj", "{3AEACBA5-C1A2-4226-B384-E37DA960BEBE}"
EndProject
Project("{FAE04EC0-301F-11D3-BF4B-00C04F79EFBC}") = "App02_TipoPaginaXF", "App02_TipoPaginaXF\App02_TipoPaginaXF\App02_TipoPaginaXF.csproj", "{DC0F9DD9-07C9-4686-9C05-892C80D98F42}"
EndProject
Global
	GlobalSection(SolutionConfigurationPlatforms) = preSolution
		Ad-Hoc|Any CPU = Ad-Hoc|Any CPU
		Ad-Hoc|ARM = Ad-Hoc|ARM
		Ad-Hoc|iPhone = Ad-Hoc|iPhone
		Ad-Hoc|iPhoneSimulator = Ad-Hoc|iPhoneSimulator
		Ad-Hoc|x64 = Ad-Hoc|x64
		Ad-Hoc|x86 = Ad-Hoc|x86
		AppStore|Any CPU = AppStore|Any CPU
		AppStore|ARM = AppStore|ARM
		AppStore|iPhone = AppStore|iPhone
		AppStore|iPhoneSimulator = AppStore|iPhoneSimulator
		AppStore|x64 = AppStore|x64
		AppStore|x86 = AppStore|x86
		Debug|Any CPU = Debug|Any CPU
		Debug|ARM = Debug|ARM
		Debug|iPhone = Debug|iPhone
		Debug|iPhoneSimulator = Debug|iPhoneSimulator
		Debug|x64 = Debug|x64
		Debug|x86 = Debug|x86
		Release|Any CPU = Release|Any CPU
		Release|ARM = Release|ARM
		Release|iPhone = Release|iPhone
		Release|iPhoneSimulator = Release|iPhoneSimulator
		Release|x64 = Release|x64
		Release|x86 = Release|x86
	EndGlobalSection
	GlobalSection(ProjectConfigurationPlatforms) = postSolution
		{24A79DE4-7FAD-4B01-A94D-71745F5CCA00}.Ad-Hoc|Any CPU.ActiveCfg = Release|Any CPU
		{24A79DE4-7FAD-4B01-A94D-71745F5CCA00}.Ad-Hoc|Any CPU.Build.0 = Release|Any CPU
		{24A79DE4-7FAD-4B01-A94D-71745F5CCA00}.Ad-Hoc|Any CPU.Deploy.0 = Release|Any CPU
		{24A79DE4-7FAD-4B01-A94D-71745F5CCA00}.Ad-Hoc|ARM.ActiveCfg = Release|Any CPU
		{24A79DE4-7FAD-4B01-A94D-71745F5CCA00}.Ad-Hoc|ARM.Build.0 = Release|Any CPU
		{24A79DE4-7FAD-4B01-A94D-71745F5CCA00}.Ad-Hoc|ARM.Deploy.0 = Release|Any CPU
		{24A79DE4-7FAD-4B01-A94D-71745F5CCA00}.Ad-Hoc|iPhone.ActiveCfg = Release|Any CPU
		{24A79DE4-7FAD-4B01-A94D-71745F5CCA00}.Ad-Hoc|iPhone.Build.0 = Release|Any CPU
		{24A79DE4-7FAD-4B01-A94D-71745F5CCA00}.Ad-Hoc|iPhone.Deploy.0 = Release|Any CPU
		{24A79DE4-7FAD-4B01-A94D-71745F5CCA00}.Ad-Hoc|iPhoneSimulator.ActiveCfg = Release|Any CPU
		{24A79DE4-7FAD-4B01-A94D-71745F5CCA00}.Ad-Hoc|iPhoneSimulator.Build.0 = Release|Any CPU
		{24A79DE4-7FAD-4B01-A94D-71745F5CCA00}.Ad-Hoc|iPhoneSimulator.Deploy.0 = Release|Any CPU
		{24A79DE4-7FAD-4B01-A94D-71745F5CCA00}.Ad-Hoc|x64.ActiveCfg = Release|Any CPU
		{24A79DE4-7FAD-4B01-A94D-71745F5CCA00}.Ad-Hoc|x64.Build.0 = Release|Any CPU
		{24A79DE4-7FAD-4B01-A94D-71745F5CCA00}.Ad-Hoc|x64.Deploy.0 = Release|Any CPU
		{24A79DE4-7FAD-4B01-A94D-71745F5CCA00}.Ad-Hoc|x86.ActiveCfg = Release|Any CPU
		{24A79DE4-7FAD-4B01-A94D-71745F5CCA00}.Ad-Hoc|x86.Build.0 = Release|Any CPU
		{24A79DE4-7FAD-4B01-A94D-71745F5CCA00}.Ad-Hoc|x86.Deploy.0 = Release|Any CPU
		{24A79DE4-7FAD-4B01-A94D-71745F5CCA00}.AppStore|Any CPU.ActiveCfg = Release|Any CPU
		{24A79DE4-7FAD-4B01-A94D-71745F5CCA00}.AppStore|Any CPU.Build.0 = Release|Any CPU
		{24A79DE4-7FAD-4B01-A94D-71745F5CCA00}.AppStore|Any CPU.Deploy.0 = Release|Any CPU
		{24A79DE4-7FAD-4B01-A94D-71745F5CCA00}.AppStore|ARM.ActiveCfg = Release|Any CPU
		{24A79DE4-7FAD-4B01-A94D-71745F5CCA00}.AppStore|ARM.Build.0 = Release|Any CPU
		{24A79DE4-7FAD-4B01-A94D-71745F5CCA00}.AppStore|ARM.Deploy.0 = Release|Any CPU
		{24A79DE4-7FAD-4B01-A94D-71745F5CCA00}.AppStore|iPhone.ActiveCfg = Release|Any CPU
		{24A79DE4-7FAD-4B01-A94D-71745F5CCA00}.AppStore|iPhone.Build.0 = Release|Any CPU
		{24A79DE4-7FAD-4B01-A94D-71745F5CCA00}.AppStore|iPhone.Deploy.0 = Release|Any CPU
		{24A79DE4-7FAD-4B01-A94D-71745F5CCA00}.AppStore|iPhoneSimulator.ActiveCfg = Release|Any CPU
		{24A79DE4-7FAD-4B01-A94D-71745F5CCA00}.AppStore|iPhoneSimulator.Build.0 = Release|Any CPU
		{24A79DE4-7FAD-4B01-A94D-71745F5CCA00}.AppStore|iPhoneSimulator.Deploy.0 = Release|Any CPU
		{24A79DE4-7FAD-4B01-A94D-71745F5CCA00}.AppStore|x64.ActiveCfg = Release|Any CPU
		{24A79DE4-7FAD-4B01-A94D-71745F5CCA00}.AppStore|x64.Build.0 = Release|Any CPU
		{24A79DE4-7FAD-4B01-A94D-71745F5CCA00}.AppStore|x64.Deploy.0 = Release|Any CPU
		{24A79DE4-7FAD-4B01-A94D-71745F5CCA00}.AppStore|x86.ActiveCfg = Release|Any CPU
		{24A79DE4-7FAD-4B01-A94D-71745F5CCA00}.AppStore|x86.Build.0 = Release|Any CPU
		{24A79DE4-7FAD-4B01-A94D-71745F5CCA00}.AppStore|x86.Deploy.0 = Release|Any CPU
		{24A79DE4-7FAD-4B01-A94D-71745F5CCA00}.Debug|Any CPU.ActiveCfg = Debug|Any CPU
		{24A79DE4-7FAD-4B01-A94D-71745F5CCA00}.Debug|Any CPU.Build.0 = Debug|Any CPU
		{24A79DE4-7FAD-4B01-A94D-71745F5CCA00}.Debug|Any CPU.Deploy.0 = Debug|Any CPU
		{24A79DE4-7FAD-4B01-A94D-71745F5CCA00}.Debug|ARM.ActiveCfg = Debug|Any CPU
		{24A79DE4-7FAD-4B01-A94D-71745F5CCA00}.Debug|ARM.Build.0 = Debug|Any CPU
		{24A79DE4-7FAD-4B01-A94D-71745F5CCA00}.Debug|ARM.Deploy.0 = Debug|Any CPU
		{24A79DE4-7FAD-4B01-A94D-71745F5CCA00}.Debug|iPhone.ActiveCfg = Debug|Any CPU
		{24A79DE4-7FAD-4B01-A94D-71745F5CCA00}.Debug|iPhone.Build.0 = Debug|Any CPU
		{24A79DE4-7FAD-4B01-A94D-71745F5CCA00}.Debug|iPhone.Deploy.0 = Debug|Any CPU
		{24A79DE4-7FAD-4B01-A94D-71745F5CCA00}.Debug|iPhoneSimulator.ActiveCfg = Debug|Any CPU
		{24A79DE4-7FAD-4B01-A94D-71745F5CCA00}.Debug|iPhoneSimulator.Build.0 = Debug|Any CPU
		{24A79DE4-7FAD-4B01-A94D-71745F5CCA00}.Debug|iPhoneSimulator.Deploy.0 = Debug|Any CPU
		{24A79DE4-7FAD-4B01-A94D-71745F5CCA00}.Debug|x64.ActiveCfg = Debug|Any CPU
		{24A79DE4-7FAD-4B01-A94D-71745F5CCA00}.Debug|x64.Build.0 = Debug|Any CPU
		{24A79DE4-7FAD-4B01-A94D-71745F5CCA00}.Debug|x64.Deploy.0 = Debug|Any CPU
		{24A79DE4-7FAD-4B01-A94D-71745F5CCA00}.Debug|x86.ActiveCfg = Debug|Any CPU
		{24A79DE4-7FAD-4B01-A94D-71745F5CCA00}.Debug|x86.Build.0 = Debug|Any CPU
		{24A79DE4-7FAD-4B01-A94D-71745F5CCA00}.Debug|x86.Deploy.0 = Debug|Any CPU
		{24A79DE4-7FAD-4B01-A94D-71745F5CCA00}.Release|Any CPU.ActiveCfg = Release|Any CPU
		{24A79DE4-7FAD-4B01-A94D-71745F5CCA00}.Release|Any CPU.Build.0 = Release|Any CPU
		{24A79DE4-7FAD-4B01-A94D-71745F5CCA00}.Release|Any CPU.Deploy.0 = Release|Any CPU
		{24A79DE4-7FAD-4B01-A94D-71745F5CCA00}.Release|ARM.ActiveCfg = Release|Any CPU
		{24A79DE4-7FAD-4B01-A94D-71745F5CCA00}.Release|ARM.Build.0 = Release|Any CPU
		{24A79DE4-7FAD-4B01-A94D-71745F5CCA00}.Release|ARM.Deploy.0 = Release|Any CPU
		{24A79DE4-7FAD-4B01-A94D-71745F5CCA00}.Release|iPhone.ActiveCfg = Release|Any CPU
		{24A79DE4-7FAD-4B01-A94D-71745F5CCA00}.Release|iPhone.Build.0 = Release|Any CPU
		{24A79DE4-7FAD-4B01-A94D-71745F5CCA00}.Release|iPhone.Deploy.0 = Release|Any CPU
		{24A79DE4-7FAD-4B01-A94D-71745F5CCA00}.Release|iPhoneSimulator.ActiveCfg = Release|Any CPU
		{24A79DE4-7FAD-4B01-A94D-71745F5CCA00}.Release|iPhoneSimulator.Build.0 = Release|Any CPU
		{24A79DE4-7FAD-4B01-A94D-71745F5CCA00}.Release|iPhoneSimulator.Deploy.0 = Release|Any CPU
		{24A79DE4-7FAD-4B01-A94D-71745F5CCA00}.Release|x64.ActiveCfg = Release|Any CPU
		{24A79DE4-7FAD-4B01-A94D-71745F5CCA00}.Release|x64.Build.0 = Release|Any CPU
		{24A79DE4-7FAD-4B01-A94D-71745F5CCA00}.Release|x64.Deploy.0 = Release|Any CPU
		{24A79DE4-7FAD-4B01-A94D-71745F5CCA00}.Release|x86.ActiveCfg = Release|Any CPU
		{24A79DE4-7FAD-4B01-A94D-71745F5CCA00}.Release|x86.Build.0 = Release|Any CPU
		{24A79DE4-7FAD-4B01-A94D-71745F5CCA00}.Release|x86.Deploy.0 = Release|Any CPU
		{31641527-A7FC-4236-9CA4-DFB3D727929E}.Ad-Hoc|Any CPU.ActiveCfg = Ad-Hoc|iPhone
		{31641527-A7FC-4236-9CA4-DFB3D727929E}.Ad-Hoc|ARM.ActiveCfg = Ad-Hoc|iPhone
		{31641527-A7FC-4236-9CA4-DFB3D727929E}.Ad-Hoc|iPhone.ActiveCfg = Ad-Hoc|iPhone
		{31641527-A7FC-4236-9CA4-DFB3D727929E}.Ad-Hoc|iPhone.Build.0 = Ad-Hoc|iPhone
		{31641527-A7FC-4236-9CA4-DFB3D727929E}.Ad-Hoc|iPhoneSimulator.ActiveCfg = Ad-Hoc|iPhoneSimulator
		{31641527-A7FC-4236-9CA4-DFB3D727929E}.Ad-Hoc|iPhoneSimulator.Build.0 = Ad-Hoc|iPhoneSimulator
		{31641527-A7FC-4236-9CA4-DFB3D727929E}.Ad-Hoc|x64.ActiveCfg = Ad-Hoc|iPhone
		{31641527-A7FC-4236-9CA4-DFB3D727929E}.Ad-Hoc|x86.ActiveCfg = Ad-Hoc|iPhone
		{31641527-A7FC-4236-9CA4-DFB3D727929E}.AppStore|Any CPU.ActiveCfg = AppStore|iPhone
		{31641527-A7FC-4236-9CA4-DFB3D727929E}.AppStore|ARM.ActiveCfg = AppStore|iPhone
		{31641527-A7FC-4236-9CA4-DFB3D727929E}.AppStore|iPhone.ActiveCfg = AppStore|iPhone
		{31641527-A7FC-4236-9CA4-DFB3D727929E}.AppStore|iPhone.Build.0 = AppStore|iPhone
		{31641527-A7FC-4236-9CA4-DFB3D727929E}.AppStore|iPhoneSimulator.ActiveCfg = AppStore|iPhoneSimulator
		{31641527-A7FC-4236-9CA4-DFB3D727929E}.AppStore|iPhoneSimulator.Build.0 = AppStore|iPhoneSimulator
		{31641527-A7FC-4236-9CA4-DFB3D727929E}.AppStore|x64.ActiveCfg = AppStore|iPhone
		{31641527-A7FC-4236-9CA4-DFB3D727929E}.AppStore|x86.ActiveCfg = AppStore|iPhone
		{31641527-A7FC-4236-9CA4-DFB3D727929E}.Debug|Any CPU.ActiveCfg = Debug|iPhone
		{31641527-A7FC-4236-9CA4-DFB3D727929E}.Debug|ARM.ActiveCfg = Debug|iPhone
		{31641527-A7FC-4236-9CA4-DFB3D727929E}.Debug|iPhone.ActiveCfg = Debug|iPhone
		{31641527-A7FC-4236-9CA4-DFB3D727929E}.Debug|iPhone.Build.0 = Debug|iPhone
		{31641527-A7FC-4236-9CA4-DFB3D727929E}.Debug|iPhoneSimulator.ActiveCfg = Debug|iPhoneSimulator
		{31641527-A7FC-4236-9CA4-DFB3D727929E}.Debug|iPhoneSimulator.Build.0 = Debug|iPhoneSimulator
		{31641527-A7FC-4236-9CA4-DFB3D727929E}.Debug|x64.ActiveCfg = Debug|iPhone
		{31641527-A7FC-4236-9CA4-DFB3D727929E}.Debug|x86.ActiveCfg = Debug|iPhone
		{31641527-A7FC-4236-9CA4-DFB3D727929E}.Release|Any CPU.ActiveCfg = Release|iPhone
		{31641527-A7FC-4236-9CA4-DFB3D727929E}.Release|ARM.ActiveCfg = Release|iPhone
		{31641527-A7FC-4236-9CA4-DFB3D727929E}.Release|iPhone.ActiveCfg = Release|iPhone
		{31641527-A7FC-4236-9CA4-DFB3D727929E}.Release|iPhone.Build.0 = Release|iPhone
		{31641527-A7FC-4236-9CA4-DFB3D727929E}.Release|iPhoneSimulator.ActiveCfg = Release|iPhoneSimulator
		{31641527-A7FC-4236-9CA4-DFB3D727929E}.Release|iPhoneSimulator.Build.0 = Release|iPhoneSimulator
		{31641527-A7FC-4236-9CA4-DFB3D727929E}.Release|x64.ActiveCfg = Release|iPhone
		{31641527-A7FC-4236-9CA4-DFB3D727929E}.Release|x86.ActiveCfg = Release|iPhone
		{3AEACBA5-C1A2-4226-B384-E37DA960BEBE}.Ad-Hoc|Any CPU.ActiveCfg = Release|x86
		{3AEACBA5-C1A2-4226-B384-E37DA960BEBE}.Ad-Hoc|Any CPU.Build.0 = Release|x86
		{3AEACBA5-C1A2-4226-B384-E37DA960BEBE}.Ad-Hoc|Any CPU.Deploy.0 = Release|x86
		{3AEACBA5-C1A2-4226-B384-E37DA960BEBE}.Ad-Hoc|ARM.ActiveCfg = Release|ARM
		{3AEACBA5-C1A2-4226-B384-E37DA960BEBE}.Ad-Hoc|ARM.Build.0 = Release|ARM
		{3AEACBA5-C1A2-4226-B384-E37DA960BEBE}.Ad-Hoc|ARM.Deploy.0 = Release|ARM
		{3AEACBA5-C1A2-4226-B384-E37DA960BEBE}.Ad-Hoc|iPhone.ActiveCfg = Release|x86
		{3AEACBA5-C1A2-4226-B384-E37DA960BEBE}.Ad-Hoc|iPhone.Build.0 = Release|x86
		{3AEACBA5-C1A2-4226-B384-E37DA960BEBE}.Ad-Hoc|iPhone.Deploy.0 = Release|x86
		{3AEACBA5-C1A2-4226-B384-E37DA960BEBE}.Ad-Hoc|iPhoneSimulator.ActiveCfg = Release|x86
		{3AEACBA5-C1A2-4226-B384-E37DA960BEBE}.Ad-Hoc|iPhoneSimulator.Build.0 = Release|x86
		{3AEACBA5-C1A2-4226-B384-E37DA960BEBE}.Ad-Hoc|iPhoneSimulator.Deploy.0 = Release|x86
		{3AEACBA5-C1A2-4226-B384-E37DA960BEBE}.Ad-Hoc|x64.ActiveCfg = Release|x64
		{3AEACBA5-C1A2-4226-B384-E37DA960BEBE}.Ad-Hoc|x64.Build.0 = Release|x64
		{3AEACBA5-C1A2-4226-B384-E37DA960BEBE}.Ad-Hoc|x64.Deploy.0 = Release|x64
		{3AEACBA5-C1A2-4226-B384-E37DA960BEBE}.Ad-Hoc|x86.ActiveCfg = Release|x86
		{3AEACBA5-C1A2-4226-B384-E37DA960BEBE}.Ad-Hoc|x86.Build.0 = Release|x86
		{3AEACBA5-C1A2-4226-B384-E37DA960BEBE}.Ad-Hoc|x86.Deploy.0 = Release|x86
		{3AEACBA5-C1A2-4226-B384-E37DA960BEBE}.AppStore|Any CPU.ActiveCfg = Release|x86
		{3AEACBA5-C1A2-4226-B384-E37DA960BEBE}.AppStore|Any CPU.Build.0 = Release|x86
		{3AEACBA5-C1A2-4226-B384-E37DA960BEBE}.AppStore|Any CPU.Deploy.0 = Release|x86
		{3AEACBA5-C1A2-4226-B384-E37DA960BEBE}.AppStore|ARM.ActiveCfg = Release|ARM
		{3AEACBA5-C1A2-4226-B384-E37DA960BEBE}.AppStore|ARM.Build.0 = Release|ARM
		{3AEACBA5-C1A2-4226-B384-E37DA960BEBE}.AppStore|ARM.Deploy.0 = Release|ARM
		{3AEACBA5-C1A2-4226-B384-E37DA960BEBE}.AppStore|iPhone.ActiveCfg = Release|x86
		{3AEACBA5-C1A2-4226-B384-E37DA960BEBE}.AppStore|iPhone.Build.0 = Release|x86
		{3AEACBA5-C1A2-4226-B384-E37DA960BEBE}.AppStore|iPhone.Deploy.0 = Release|x86
		{3AEACBA5-C1A2-4226-B384-E37DA960BEBE}.AppStore|iPhoneSimulator.ActiveCfg = Release|x86
		{3AEACBA5-C1A2-4226-B384-E37DA960BEBE}.AppStore|iPhoneSimulator.Build.0 = Release|x86
		{3AEACBA5-C1A2-4226-B384-E37DA960BEBE}.AppStore|iPhoneSimulator.Deploy.0 = Release|x86
		{3AEACBA5-C1A2-4226-B384-E37DA960BEBE}.AppStore|x64.ActiveCfg = Release|x64
		{3AEACBA5-C1A2-4226-B384-E37DA960BEBE}.AppStore|x64.Build.0 = Release|x64
		{3AEACBA5-C1A2-4226-B384-E37DA960BEBE}.AppStore|x64.Deploy.0 = Release|x64
		{3AEACBA5-C1A2-4226-B384-E37DA960BEBE}.AppStore|x86.ActiveCfg = Release|x86
		{3AEACBA5-C1A2-4226-B384-E37DA960BEBE}.AppStore|x86.Build.0 = Release|x86
		{3AEACBA5-C1A2-4226-B384-E37DA960BEBE}.AppStore|x86.Deploy.0 = Release|x86
		{3AEACBA5-C1A2-4226-B384-E37DA960BEBE}.Debug|Any CPU.ActiveCfg = Debug|x86
		{3AEACBA5-C1A2-4226-B384-E37DA960BEBE}.Debug|ARM.ActiveCfg = Debug|ARM
		{3AEACBA5-C1A2-4226-B384-E37DA960BEBE}.Debug|ARM.Build.0 = Debug|ARM
		{3AEACBA5-C1A2-4226-B384-E37DA960BEBE}.Debug|ARM.Deploy.0 = Debug|ARM
		{3AEACBA5-C1A2-4226-B384-E37DA960BEBE}.Debug|iPhone.ActiveCfg = Debug|x86
		{3AEACBA5-C1A2-4226-B384-E37DA960BEBE}.Debug|iPhoneSimulator.ActiveCfg = Debug|x86
		{3AEACBA5-C1A2-4226-B384-E37DA960BEBE}.Debug|x64.ActiveCfg = Debug|x64
		{3AEACBA5-C1A2-4226-B384-E37DA960BEBE}.Debug|x64.Build.0 = Debug|x64
		{3AEACBA5-C1A2-4226-B384-E37DA960BEBE}.Debug|x64.Deploy.0 = Debug|x64
		{3AEACBA5-C1A2-4226-B384-E37DA960BEBE}.Debug|x86.ActiveCfg = Debug|x86
		{3AEACBA5-C1A2-4226-B384-E37DA960BEBE}.Debug|x86.Build.0 = Debug|x86
		{3AEACBA5-C1A2-4226-B384-E37DA960BEBE}.Debug|x86.Deploy.0 = Debug|x86
		{3AEACBA5-C1A2-4226-B384-E37DA960BEBE}.Release|Any CPU.ActiveCfg = Release|x86
		{3AEACBA5-C1A2-4226-B384-E37DA960BEBE}.Release|ARM.ActiveCfg = Release|ARM
		{3AEACBA5-C1A2-4226-B384-E37DA960BEBE}.Release|ARM.Build.0 = Release|ARM
		{3AEACBA5-C1A2-4226-B384-E37DA960BEBE}.Release|ARM.Deploy.0 = Release|ARM
		{3AEACBA5-C1A2-4226-B384-E37DA960BEBE}.Release|iPhone.ActiveCfg = Release|x86
		{3AEACBA5-C1A2-4226-B384-E37DA960BEBE}.Release|iPhoneSimulator.ActiveCfg = Release|x86
		{3AEACBA5-C1A2-4226-B384-E37DA960BEBE}.Release|x64.ActiveCfg = Release|x64
		{3AEACBA5-C1A2-4226-B384-E37DA960BEBE}.Release|x64.Build.0 = Release|x64
		{3AEACBA5-C1A2-4226-B384-E37DA960BEBE}.Release|x64.Deploy.0 = Release|x64
		{3AEACBA5-C1A2-4226-B384-E37DA960BEBE}.Release|x86.ActiveCfg = Release|x86
		{3AEACBA5-C1A2-4226-B384-E37DA960BEBE}.Release|x86.Build.0 = Release|x86
		{3AEACBA5-C1A2-4226-B384-E37DA960BEBE}.Release|x86.Deploy.0 = Release|x86
		{DC0F9DD9-07C9-4686-9C05-892C80D98F42}.Ad-Hoc|Any CPU.ActiveCfg = Debug|Any CPU
		{DC0F9DD9-07C9-4686-9C05-892C80D98F42}.Ad-Hoc|Any CPU.Build.0 = Debug|Any CPU
		{DC0F9DD9-07C9-4686-9C05-892C80D98F42}.Ad-Hoc|ARM.ActiveCfg = Debug|Any CPU
		{DC0F9DD9-07C9-4686-9C05-892C80D98F42}.Ad-Hoc|ARM.Build.0 = Debug|Any CPU
		{DC0F9DD9-07C9-4686-9C05-892C80D98F42}.Ad-Hoc|iPhone.ActiveCfg = Debug|Any CPU
		{DC0F9DD9-07C9-4686-9C05-892C80D98F42}.Ad-Hoc|iPhone.Build.0 = Debug|Any CPU
		{DC0F9DD9-07C9-4686-9C05-892C80D98F42}.Ad-Hoc|iPhoneSimulator.ActiveCfg = Debug|Any CPU
		{DC0F9DD9-07C9-4686-9C05-892C80D98F42}.Ad-Hoc|iPhoneSimulator.Build.0 = Debug|Any CPU
		{DC0F9DD9-07C9-4686-9C05-892C80D98F42}.Ad-Hoc|x64.ActiveCfg = Debug|Any CPU
		{DC0F9DD9-07C9-4686-9C05-892C80D98F42}.Ad-Hoc|x64.Build.0 = Debug|Any CPU
		{DC0F9DD9-07C9-4686-9C05-892C80D98F42}.Ad-Hoc|x86.ActiveCfg = Debug|Any CPU
		{DC0F9DD9-07C9-4686-9C05-892C80D98F42}.Ad-Hoc|x86.Build.0 = Debug|Any CPU
		{DC0F9DD9-07C9-4686-9C05-892C80D98F42}.AppStore|Any CPU.ActiveCfg = Debug|Any CPU
		{DC0F9DD9-07C9-4686-9C05-892C80D98F42}.AppStore|Any CPU.Build.0 = Debug|Any CPU
		{DC0F9DD9-07C9-4686-9C05-892C80D98F42}.AppStore|ARM.ActiveCfg = Debug|Any CPU
		{DC0F9DD9-07C9-4686-9C05-892C80D98F42}.AppStore|ARM.Build.0 = Debug|Any CPU
		{DC0F9DD9-07C9-4686-9C05-892C80D98F42}.AppStore|iPhone.ActiveCfg = Debug|Any CPU
		{DC0F9DD9-07C9-4686-9C05-892C80D98F42}.AppStore|iPhone.Build.0 = Debug|Any CPU
		{DC0F9DD9-07C9-4686-9C05-892C80D98F42}.AppStore|iPhoneSimulator.ActiveCfg = Debug|Any CPU
		{DC0F9DD9-07C9-4686-9C05-892C80D98F42}.AppStore|iPhoneSimulator.Build.0 = Debug|Any CPU
		{DC0F9DD9-07C9-4686-9C05-892C80D98F42}.AppStore|x64.ActiveCfg = Debug|Any CPU
		{DC0F9DD9-07C9-4686-9C05-892C80D98F42}.AppStore|x64.Build.0 = Debug|Any CPU
		{DC0F9DD9-07C9-4686-9C05-892C80D98F42}.AppStore|x86.ActiveCfg = Debug|Any CPU
		{DC0F9DD9-07C9-4686-9C05-892C80D98F42}.AppStore|x86.Build.0 = Debug|Any CPU
		{DC0F9DD9-07C9-4686-9C05-892C80D98F42}.Debug|Any CPU.ActiveCfg = Debug|Any CPU
		{DC0F9DD9-07C9-4686-9C05-892C80D98F42}.Debug|Any CPU.Build.0 = Debug|Any CPU
		{DC0F9DD9-07C9-4686-9C05-892C80D98F42}.Debug|ARM.ActiveCfg = Debug|Any CPU
		{DC0F9DD9-07C9-4686-9C05-892C80D98F42}.Debug|ARM.Build.0 = Debug|Any CPU
		{DC0F9DD9-07C9-4686-9C05-892C80D98F42}.Debug|iPhone.ActiveCfg = Debug|Any CPU
		{DC0F9DD9-07C9-4686-9C05-892C80D98F42}.Debug|iPhone.Build.0 = Debug|Any CPU
		{DC0F9DD9-07C9-4686-9C05-892C80D98F42}.Debug|iPhoneSimulator.ActiveCfg = Debug|Any CPU
		{DC0F9DD9-07C9-4686-9C05-892C80D98F42}.Debug|iPhoneSimulator.Build.0 = Debug|Any CPU
		{DC0F9DD9-07C9-4686-9C05-892C80D98F42}.Debug|x64.ActiveCfg = Debug|Any CPU
		{DC0F9DD9-07C9-4686-9C05-892C80D98F42}.Debug|x64.Build.0 = Debug|Any CPU
		{DC0F9DD9-07C9-4686-9C05-892C80D98F42}.Debug|x86.ActiveCfg = Debug|Any CPU
		{DC0F9DD9-07C9-4686-9C05-892C80D98F42}.Debug|x86.Build.0 = Debug|Any CPU
		{DC0F9DD9-07C9-4686-9C05-892C80D98F42}.Release|Any CPU.ActiveCfg = Release|Any CPU
		{DC0F9DD9-07C9-4686-9C05-892C80D98F42}.Release|Any CPU.Build.0 = Release|Any CPU
		{DC0F9DD9-07C9-4686-9C05-892C80D98F42}.Release|ARM.ActiveCfg = Release|Any CPU
		{DC0F9DD9-07C9-4686-9C05-892C80D98F42}.Release|ARM.Build.0 = Release|Any CPU
		{DC0F9DD9-07C9-4686-9C05-892C80D98F42}.Release|iPhone.ActiveCfg = Release|Any CPU
		{DC0F9DD9-07C9-4686-9C05-892C80D98F42}.Release|iPhone.Build.0 = Release|Any CPU
		{DC0F9DD9-07C9-4686-9C05-892C80D98F42}.Release|iPhoneSimulator.ActiveCfg = Release|Any CPU
		{DC0F9DD9-07C9-4686-9C05-892C80D98F42}.Release|iPhoneSimulator.Build.0 = Release|Any CPU
		{DC0F9DD9-07C9-4686-9C05-892C80D98F42}.Release|x64.ActiveCfg = Release|Any CPU
		{DC0F9DD9-07C9-4686-9C05-892C80D98F42}.Release|x64.Build.0 = Release|Any CPU
		{DC0F9DD9-07C9-4686-9C05-892C80D98F42}.Release|x86.ActiveCfg = Release|Any CPU
		{DC0F9DD9-07C9-4686-9C05-892C80D98F42}.Release|x86.Build.0 = Release|Any CPU
	EndGlobalSection
	GlobalSection(SolutionProperties) = preSolution
		HideSolutionNode = FALSE
	EndGlobalSection
	GlobalSection(ExtensibilityGlobals) = postSolution
		SolutionGuid = {521FFBAD-D5C9-4FF7-B6DE-ECD66256662B}
	EndGlobalSection
EndGlobal
