
Microsoft Visual Studio Solution File, Format Version 12.00
# Visual Studio 15
VisualStudioVersion = 15.0.27428.2027
MinimumVisualStudioVersion = 10.0.40219.1
Project("{FAE04EC0-301F-11D3-BF4B-00C04F79EFBC}") = "App2_Tarefa.Android", "App2_Tarefa\App2_Tarefa.Android\App2_Tarefa.Android.csproj", "{FBD5BC62-DB27-4B1C-8EE9-B062D71FDBDE}"
EndProject
Project("{FAE04EC0-301F-11D3-BF4B-00C04F79EFBC}") = "App2_Tarefa.iOS", "App2_Tarefa\App2_Tarefa.iOS\App2_Tarefa.iOS.csproj", "{6779FB34-7DDE-4E0C-AACC-14ACC26420EE}"
EndProject
Project("{FAE04EC0-301F-11D3-BF4B-00C04F79EFBC}") = "App2_Tarefa.UWP", "App2_Tarefa\App2_Tarefa.UWP\App2_Tarefa.UWP.csproj", "{91FA7591-CE23-45E6-A509-0646BFD55244}"
EndProject
Project("{FAE04EC0-301F-11D3-BF4B-00C04F79EFBC}") = "App2_Tarefa", "App2_Tarefa\App2_Tarefa\App2_Tarefa.csproj", "{D133D37D-39E8-4A04-A019-6AAAC616025B}"
EndProject
Global
	GlobalSection(SolutionConfigurationPlatforms) = preSolution
		Ad-Hoc|Any CPU = Ad-Hoc|Any CPU
		Ad-Hoc|ARM = Ad-Hoc|ARM
		Ad-Hoc|iPhone = Ad-Hoc|iPhone
		Ad-Hoc|iPhoneSimulator = Ad-Hoc|iPhoneSimulator
		Ad-Hoc|x64 = Ad-Hoc|x64
		Ad-Hoc|x86 = Ad-Hoc|x86
		AppStore|Any CPU = AppStore|Any CPU
		AppStore|ARM = AppStore|ARM
		AppStore|iPhone = AppStore|iPhone
		AppStore|iPhoneSimulator = AppStore|iPhoneSimulator
		AppStore|x64 = AppStore|x64
		AppStore|x86 = AppStore|x86
		Debug|Any CPU = Debug|Any CPU
		Debug|ARM = Debug|ARM
		Debug|iPhone = Debug|iPhone
		Debug|iPhoneSimulator = Debug|iPhoneSimulator
		Debug|x64 = Debug|x64
		Debug|x86 = Debug|x86
		Release|Any CPU = Release|Any CPU
		Release|ARM = Release|ARM
		Release|iPhone = Release|iPhone
		Release|iPhoneSimulator = Release|iPhoneSimulator
		Release|x64 = Release|x64
		Release|x86 = Release|x86
	EndGlobalSection
	GlobalSection(ProjectConfigurationPlatforms) = postSolution
		{FBD5BC62-DB27-4B1C-8EE9-B062D71FDBDE}.Ad-Hoc|Any CPU.ActiveCfg = Release|Any CPU
		{FBD5BC62-DB27-4B1C-8EE9-B062D71FDBDE}.Ad-Hoc|Any CPU.Build.0 = Release|Any CPU
		{FBD5BC62-DB27-4B1C-8EE9-B062D71FDBDE}.Ad-Hoc|Any CPU.Deploy.0 = Release|Any CPU
		{FBD5BC62-DB27-4B1C-8EE9-B062D71FDBDE}.Ad-Hoc|ARM.ActiveCfg = Release|Any CPU
		{FBD5BC62-DB27-4B1C-8EE9-B062D71FDBDE}.Ad-Hoc|ARM.Build.0 = Release|Any CPU
		{FBD5BC62-DB27-4B1C-8EE9-B062D71FDBDE}.Ad-Hoc|ARM.Deploy.0 = Release|Any CPU
		{FBD5BC62-DB27-4B1C-8EE9-B062D71FDBDE}.Ad-Hoc|iPhone.ActiveCfg = Release|Any CPU
		{FBD5BC62-DB27-4B1C-8EE9-B062D71FDBDE}.Ad-Hoc|iPhone.Build.0 = Release|Any CPU
		{FBD5BC62-DB27-4B1C-8EE9-B062D71FDBDE}.Ad-Hoc|iPhone.Deploy.0 = Release|Any CPU
		{FBD5BC62-DB27-4B1C-8EE9-B062D71FDBDE}.Ad-Hoc|iPhoneSimulator.ActiveCfg = Release|Any CPU
		{FBD5BC62-DB27-4B1C-8EE9-B062D71FDBDE}.Ad-Hoc|iPhoneSimulator.Build.0 = Release|Any CPU
		{FBD5BC62-DB27-4B1C-8EE9-B062D71FDBDE}.Ad-Hoc|iPhoneSimulator.Deploy.0 = Release|Any CPU
		{FBD5BC62-DB27-4B1C-8EE9-B062D71FDBDE}.Ad-Hoc|x64.ActiveCfg = Release|Any CPU
		{FBD5BC62-DB27-4B1C-8EE9-B062D71FDBDE}.Ad-Hoc|x64.Build.0 = Release|Any CPU
		{FBD5BC62-DB27-4B1C-8EE9-B062D71FDBDE}.Ad-Hoc|x64.Deploy.0 = Release|Any CPU
		{FBD5BC62-DB27-4B1C-8EE9-B062D71FDBDE}.Ad-Hoc|x86.ActiveCfg = Release|Any CPU
		{FBD5BC62-DB27-4B1C-8EE9-B062D71FDBDE}.Ad-Hoc|x86.Build.0 = Release|Any CPU
		{FBD5BC62-DB27-4B1C-8EE9-B062D71FDBDE}.Ad-Hoc|x86.Deploy.0 = Release|Any CPU
		{FBD5BC62-DB27-4B1C-8EE9-B062D71FDBDE}.AppStore|Any CPU.ActiveCfg = Release|Any CPU
		{FBD5BC62-DB27-4B1C-8EE9-B062D71FDBDE}.AppStore|Any CPU.Build.0 = Release|Any CPU
		{FBD5BC62-DB27-4B1C-8EE9-B062D71FDBDE}.AppStore|Any CPU.Deploy.0 = Release|Any CPU
		{FBD5BC62-DB27-4B1C-8EE9-B062D71FDBDE}.AppStore|ARM.ActiveCfg = Release|Any CPU
		{FBD5BC62-DB27-4B1C-8EE9-B062D71FDBDE}.AppStore|ARM.Build.0 = Release|Any CPU
		{FBD5BC62-DB27-4B1C-8EE9-B062D71FDBDE}.AppStore|ARM.Deploy.0 = Release|Any CPU
		{FBD5BC62-DB27-4B1C-8EE9-B062D71FDBDE}.AppStore|iPhone.ActiveCfg = Release|Any CPU
		{FBD5BC62-DB27-4B1C-8EE9-B062D71FDBDE}.AppStore|iPhone.Build.0 = Release|Any CPU
		{FBD5BC62-DB27-4B1C-8EE9-B062D71FDBDE}.AppStore|iPhone.Deploy.0 = Release|Any CPU
		{FBD5BC62-DB27-4B1C-8EE9-B062D71FDBDE}.AppStore|iPhoneSimulator.ActiveCfg = Release|Any CPU
		{FBD5BC62-DB27-4B1C-8EE9-B062D71FDBDE}.AppStore|iPhoneSimulator.Build.0 = Release|Any CPU
		{FBD5BC62-DB27-4B1C-8EE9-B062D71FDBDE}.AppStore|iPhoneSimulator.Deploy.0 = Release|Any CPU
		{FBD5BC62-DB27-4B1C-8EE9-B062D71FDBDE}.AppStore|x64.ActiveCfg = Release|Any CPU
		{FBD5BC62-DB27-4B1C-8EE9-B062D71FDBDE}.AppStore|x64.Build.0 = Release|Any CPU
		{FBD5BC62-DB27-4B1C-8EE9-B062D71FDBDE}.AppStore|x64.Deploy.0 = Release|Any CPU
		{FBD5BC62-DB27-4B1C-8EE9-B062D71FDBDE}.AppStore|x86.ActiveCfg = Release|Any CPU
		{FBD5BC62-DB27-4B1C-8EE9-B062D71FDBDE}.AppStore|x86.Build.0 = Release|Any CPU
		{FBD5BC62-DB27-4B1C-8EE9-B062D71FDBDE}.AppStore|x86.Deploy.0 = Release|Any CPU
		{FBD5BC62-DB27-4B1C-8EE9-B062D71FDBDE}.Debug|Any CPU.ActiveCfg = Debug|Any CPU
		{FBD5BC62-DB27-4B1C-8EE9-B062D71FDBDE}.Debug|Any CPU.Build.0 = Debug|Any CPU
		{FBD5BC62-DB27-4B1C-8EE9-B062D71FDBDE}.Debug|Any CPU.Deploy.0 = Debug|Any CPU
		{FBD5BC62-DB27-4B1C-8EE9-B062D71FDBDE}.Debug|ARM.ActiveCfg = Debug|Any CPU
		{FBD5BC62-DB27-4B1C-8EE9-B062D71FDBDE}.Debug|ARM.Build.0 = Debug|Any CPU
		{FBD5BC62-DB27-4B1C-8EE9-B062D71FDBDE}.Debug|ARM.Deploy.0 = Debug|Any CPU
		{FBD5BC62-DB27-4B1C-8EE9-B062D71FDBDE}.Debug|iPhone.ActiveCfg = Debug|Any CPU
		{FBD5BC62-DB27-4B1C-8EE9-B062D71FDBDE}.Debug|iPhone.Build.0 = Debug|Any CPU
		{FBD5BC62-DB27-4B1C-8EE9-B062D71FDBDE}.Debug|iPhone.Deploy.0 = Debug|Any CPU
		{FBD5BC62-DB27-4B1C-8EE9-B062D71FDBDE}.Debug|iPhoneSimulator.ActiveCfg = Debug|Any CPU
		{FBD5BC62-DB27-4B1C-8EE9-B062D71FDBDE}.Debug|iPhoneSimulator.Build.0 = Debug|Any CPU
		{FBD5BC62-DB27-4B1C-8EE9-B062D71FDBDE}.Debug|iPhoneSimulator.Deploy.0 = Debug|Any CPU
		{FBD5BC62-DB27-4B1C-8EE9-B062D71FDBDE}.Debug|x64.ActiveCfg = Debug|Any CPU
		{FBD5BC62-DB27-4B1C-8EE9-B062D71FDBDE}.Debug|x64.Build.0 = Debug|Any CPU
		{FBD5BC62-DB27-4B1C-8EE9-B062D71FDBDE}.Debug|x64.Deploy.0 = Debug|Any CPU
		{FBD5BC62-DB27-4B1C-8EE9-B062D71FDBDE}.Debug|x86.ActiveCfg = Debug|Any CPU
		{FBD5BC62-DB27-4B1C-8EE9-B062D71FDBDE}.Debug|x86.Build.0 = Debug|Any CPU
		{FBD5BC62-DB27-4B1C-8EE9-B062D71FDBDE}.Debug|x86.Deploy.0 = Debug|Any CPU
		{FBD5BC62-DB27-4B1C-8EE9-B062D71FDBDE}.Release|Any CPU.ActiveCfg = Release|Any CPU
		{FBD5BC62-DB27-4B1C-8EE9-B062D71FDBDE}.Release|Any CPU.Build.0 = Release|Any CPU
		{FBD5BC62-DB27-4B1C-8EE9-B062D71FDBDE}.Release|Any CPU.Deploy.0 = Release|Any CPU
		{FBD5BC62-DB27-4B1C-8EE9-B062D71FDBDE}.Release|ARM.ActiveCfg = Release|Any CPU
		{FBD5BC62-DB27-4B1C-8EE9-B062D71FDBDE}.Release|ARM.Build.0 = Release|Any CPU
		{FBD5BC62-DB27-4B1C-8EE9-B062D71FDBDE}.Release|ARM.Deploy.0 = Release|Any CPU
		{FBD5BC62-DB27-4B1C-8EE9-B062D71FDBDE}.Release|iPhone.ActiveCfg = Release|Any CPU
		{FBD5BC62-DB27-4B1C-8EE9-B062D71FDBDE}.Release|iPhone.Build.0 = Release|Any CPU
		{FBD5BC62-DB27-4B1C-8EE9-B062D71FDBDE}.Release|iPhone.Deploy.0 = Release|Any CPU
		{FBD5BC62-DB27-4B1C-8EE9-B062D71FDBDE}.Release|iPhoneSimulator.ActiveCfg = Release|Any CPU
		{FBD5BC62-DB27-4B1C-8EE9-B062D71FDBDE}.Release|iPhoneSimulator.Build.0 = Release|Any CPU
		{FBD5BC62-DB27-4B1C-8EE9-B062D71FDBDE}.Release|iPhoneSimulator.Deploy.0 = Release|Any CPU
		{FBD5BC62-DB27-4B1C-8EE9-B062D71FDBDE}.Release|x64.ActiveCfg = Release|Any CPU
		{FBD5BC62-DB27-4B1C-8EE9-B062D71FDBDE}.Release|x64.Build.0 = Release|Any CPU
		{FBD5BC62-DB27-4B1C-8EE9-B062D71FDBDE}.Release|x64.Deploy.0 = Release|Any CPU
		{FBD5BC62-DB27-4B1C-8EE9-B062D71FDBDE}.Release|x86.ActiveCfg = Release|Any CPU
		{FBD5BC62-DB27-4B1C-8EE9-B062D71FDBDE}.Release|x86.Build.0 = Release|Any CPU
		{FBD5BC62-DB27-4B1C-8EE9-B062D71FDBDE}.Release|x86.Deploy.0 = Release|Any CPU
		{6779FB34-7DDE-4E0C-AACC-14ACC26420EE}.Ad-Hoc|Any CPU.ActiveCfg = Ad-Hoc|iPhone
		{6779FB34-7DDE-4E0C-AACC-14ACC26420EE}.Ad-Hoc|ARM.ActiveCfg = Ad-Hoc|iPhone
		{6779FB34-7DDE-4E0C-AACC-14ACC26420EE}.Ad-Hoc|iPhone.ActiveCfg = Ad-Hoc|iPhone
		{6779FB34-7DDE-4E0C-AACC-14ACC26420EE}.Ad-Hoc|iPhone.Build.0 = Ad-Hoc|iPhone
		{6779FB34-7DDE-4E0C-AACC-14ACC26420EE}.Ad-Hoc|iPhoneSimulator.ActiveCfg = Ad-Hoc|iPhoneSimulator
		{6779FB34-7DDE-4E0C-AACC-14ACC26420EE}.Ad-Hoc|iPhoneSimulator.Build.0 = Ad-Hoc|iPhoneSimulator
		{6779FB34-7DDE-4E0C-AACC-14ACC26420EE}.Ad-Hoc|x64.ActiveCfg = Ad-Hoc|iPhone
		{6779FB34-7DDE-4E0C-AACC-14ACC26420EE}.Ad-Hoc|x86.ActiveCfg = Ad-Hoc|iPhone
		{6779FB34-7DDE-4E0C-AACC-14ACC26420EE}.AppStore|Any CPU.ActiveCfg = AppStore|iPhone
		{6779FB34-7DDE-4E0C-AACC-14ACC26420EE}.AppStore|ARM.ActiveCfg = AppStore|iPhone
		{6779FB34-7DDE-4E0C-AACC-14ACC26420EE}.AppStore|iPhone.ActiveCfg = AppStore|iPhone
		{6779FB34-7DDE-4E0C-AACC-14ACC26420EE}.AppStore|iPhone.Build.0 = AppStore|iPhone
		{6779FB34-7DDE-4E0C-AACC-14ACC26420EE}.AppStore|iPhoneSimulator.ActiveCfg = AppStore|iPhoneSimulator
		{6779FB34-7DDE-4E0C-AACC-14ACC26420EE}.AppStore|iPhoneSimulator.Build.0 = AppStore|iPhoneSimulator
		{6779FB34-7DDE-4E0C-AACC-14ACC26420EE}.AppStore|x64.ActiveCfg = AppStore|iPhone
		{6779FB34-7DDE-4E0C-AACC-14ACC26420EE}.AppStore|x86.ActiveCfg = AppStore|iPhone
		{6779FB34-7DDE-4E0C-AACC-14ACC26420EE}.Debug|Any CPU.ActiveCfg = Debug|iPhone
		{6779FB34-7DDE-4E0C-AACC-14ACC26420EE}.Debug|ARM.ActiveCfg = Debug|iPhone
		{6779FB34-7DDE-4E0C-AACC-14ACC26420EE}.Debug|iPhone.ActiveCfg = Debug|iPhone
		{6779FB34-7DDE-4E0C-AACC-14ACC26420EE}.Debug|iPhone.Build.0 = Debug|iPhone
		{6779FB34-7DDE-4E0C-AACC-14ACC26420EE}.Debug|iPhoneSimulator.ActiveCfg = Debug|iPhoneSimulator
		{6779FB34-7DDE-4E0C-AACC-14ACC26420EE}.Debug|iPhoneSimulator.Build.0 = Debug|iPhoneSimulator
		{6779FB34-7DDE-4E0C-AACC-14ACC26420EE}.Debug|x64.ActiveCfg = Debug|iPhone
		{6779FB34-7DDE-4E0C-AACC-14ACC26420EE}.Debug|x86.ActiveCfg = Debug|iPhone
		{6779FB34-7DDE-4E0C-AACC-14ACC26420EE}.Release|Any CPU.ActiveCfg = Release|iPhone
		{6779FB34-7DDE-4E0C-AACC-14ACC26420EE}.Release|ARM.ActiveCfg = Release|iPhone
		{6779FB34-7DDE-4E0C-AACC-14ACC26420EE}.Release|iPhone.ActiveCfg = Release|iPhone
		{6779FB34-7DDE-4E0C-AACC-14ACC26420EE}.Release|iPhone.Build.0 = Release|iPhone
		{6779FB34-7DDE-4E0C-AACC-14ACC26420EE}.Release|iPhoneSimulator.ActiveCfg = Release|iPhoneSimulator
		{6779FB34-7DDE-4E0C-AACC-14ACC26420EE}.Release|iPhoneSimulator.Build.0 = Release|iPhoneSimulator
		{6779FB34-7DDE-4E0C-AACC-14ACC26420EE}.Release|x64.ActiveCfg = Release|iPhone
		{6779FB34-7DDE-4E0C-AACC-14ACC26420EE}.Release|x86.ActiveCfg = Release|iPhone
		{91FA7591-CE23-45E6-A509-0646BFD55244}.Ad-Hoc|Any CPU.ActiveCfg = Release|x86
		{91FA7591-CE23-45E6-A509-0646BFD55244}.Ad-Hoc|Any CPU.Build.0 = Release|x86
		{91FA7591-CE23-45E6-A509-0646BFD55244}.Ad-Hoc|Any CPU.Deploy.0 = Release|x86
		{91FA7591-CE23-45E6-A509-0646BFD55244}.Ad-Hoc|ARM.ActiveCfg = Release|ARM
		{91FA7591-CE23-45E6-A509-0646BFD55244}.Ad-Hoc|ARM.Build.0 = Release|ARM
		{91FA7591-CE23-45E6-A509-0646BFD55244}.Ad-Hoc|ARM.Deploy.0 = Release|ARM
		{91FA7591-CE23-45E6-A509-0646BFD55244}.Ad-Hoc|iPhone.ActiveCfg = Release|x86
		{91FA7591-CE23-45E6-A509-0646BFD55244}.Ad-Hoc|iPhone.Build.0 = Release|x86
		{91FA7591-CE23-45E6-A509-0646BFD55244}.Ad-Hoc|iPhone.Deploy.0 = Release|x86
		{91FA7591-CE23-45E6-A509-0646BFD55244}.Ad-Hoc|iPhoneSimulator.ActiveCfg = Release|x86
		{91FA7591-CE23-45E6-A509-0646BFD55244}.Ad-Hoc|iPhoneSimulator.Build.0 = Release|x86
		{91FA7591-CE23-45E6-A509-0646BFD55244}.Ad-Hoc|iPhoneSimulator.Deploy.0 = Release|x86
		{91FA7591-CE23-45E6-A509-0646BFD55244}.Ad-Hoc|x64.ActiveCfg = Release|x64
		{91FA7591-CE23-45E6-A509-0646BFD55244}.Ad-Hoc|x64.Build.0 = Release|x64
		{91FA7591-CE23-45E6-A509-0646BFD55244}.Ad-Hoc|x64.Deploy.0 = Release|x64
		{91FA7591-CE23-45E6-A509-0646BFD55244}.Ad-Hoc|x86.ActiveCfg = Release|x86
		{91FA7591-CE23-45E6-A509-0646BFD55244}.Ad-Hoc|x86.Build.0 = Release|x86
		{91FA7591-CE23-45E6-A509-0646BFD55244}.Ad-Hoc|x86.Deploy.0 = Release|x86
		{91FA7591-CE23-45E6-A509-0646BFD55244}.AppStore|Any CPU.ActiveCfg = Release|x86
		{91FA7591-CE23-45E6-A509-0646BFD55244}.AppStore|Any CPU.Build.0 = Release|x86
		{91FA7591-CE23-45E6-A509-0646BFD55244}.AppStore|Any CPU.Deploy.0 = Release|x86
		{91FA7591-CE23-45E6-A509-0646BFD55244}.AppStore|ARM.ActiveCfg = Release|ARM
		{91FA7591-CE23-45E6-A509-0646BFD55244}.AppStore|ARM.Build.0 = Release|ARM
		{91FA7591-CE23-45E6-A509-0646BFD55244}.AppStore|ARM.Deploy.0 = Release|ARM
		{91FA7591-CE23-45E6-A509-0646BFD55244}.AppStore|iPhone.ActiveCfg = Release|x86
		{91FA7591-CE23-45E6-A509-0646BFD55244}.AppStore|iPhone.Build.0 = Release|x86
		{91FA7591-CE23-45E6-A509-0646BFD55244}.AppStore|iPhone.Deploy.0 = Release|x86
		{91FA7591-CE23-45E6-A509-0646BFD55244}.AppStore|iPhoneSimulator.ActiveCfg = Release|x86
		{91FA7591-CE23-45E6-A509-0646BFD55244}.AppStore|iPhoneSimulator.Build.0 = Release|x86
		{91FA7591-CE23-45E6-A509-0646BFD55244}.AppStore|iPhoneSimulator.Deploy.0 = Release|x86
		{91FA7591-CE23-45E6-A509-0646BFD55244}.AppStore|x64.ActiveCfg = Release|x64
		{91FA7591-CE23-45E6-A509-0646BFD55244}.AppStore|x64.Build.0 = Release|x64
		{91FA7591-CE23-45E6-A509-0646BFD55244}.AppStore|x64.Deploy.0 = Release|x64
		{91FA7591-CE23-45E6-A509-0646BFD55244}.AppStore|x86.ActiveCfg = Release|x86
		{91FA7591-CE23-45E6-A509-0646BFD55244}.AppStore|x86.Build.0 = Release|x86
		{91FA7591-CE23-45E6-A509-0646BFD55244}.AppStore|x86.Deploy.0 = Release|x86
		{91FA7591-CE23-45E6-A509-0646BFD55244}.Debug|Any CPU.ActiveCfg = Debug|x86
		{91FA7591-CE23-45E6-A509-0646BFD55244}.Debug|ARM.ActiveCfg = Debug|ARM
		{91FA7591-CE23-45E6-A509-0646BFD55244}.Debug|ARM.Build.0 = Debug|ARM
		{91FA7591-CE23-45E6-A509-0646BFD55244}.Debug|ARM.Deploy.0 = Debug|ARM
		{91FA7591-CE23-45E6-A509-0646BFD55244}.Debug|iPhone.ActiveCfg = Debug|x86
		{91FA7591-CE23-45E6-A509-0646BFD55244}.Debug|iPhoneSimulator.ActiveCfg = Debug|x86
		{91FA7591-CE23-45E6-A509-0646BFD55244}.Debug|x64.ActiveCfg = Debug|x64
		{91FA7591-CE23-45E6-A509-0646BFD55244}.Debug|x64.Build.0 = Debug|x64
		{91FA7591-CE23-45E6-A509-0646BFD55244}.Debug|x64.Deploy.0 = Debug|x64
		{91FA7591-CE23-45E6-A509-0646BFD55244}.Debug|x86.ActiveCfg = Debug|x86
		{91FA7591-CE23-45E6-A509-0646BFD55244}.Debug|x86.Build.0 = Debug|x86
		{91FA7591-CE23-45E6-A509-0646BFD55244}.Debug|x86.Deploy.0 = Debug|x86
		{91FA7591-CE23-45E6-A509-0646BFD55244}.Release|Any CPU.ActiveCfg = Release|x86
		{91FA7591-CE23-45E6-A509-0646BFD55244}.Release|ARM.ActiveCfg = Release|ARM
		{91FA7591-CE23-45E6-A509-0646BFD55244}.Release|ARM.Build.0 = Release|ARM
		{91FA7591-CE23-45E6-A509-0646BFD55244}.Release|ARM.Deploy.0 = Release|ARM
		{91FA7591-CE23-45E6-A509-0646BFD55244}.Release|iPhone.ActiveCfg = Release|x86
		{91FA7591-CE23-45E6-A509-0646BFD55244}.Release|iPhoneSimulator.ActiveCfg = Release|x86
		{91FA7591-CE23-45E6-A509-0646BFD55244}.Release|x64.ActiveCfg = Release|x64
		{91FA7591-CE23-45E6-A509-0646BFD55244}.Release|x64.Build.0 = Release|x64
		{91FA7591-CE23-45E6-A509-0646BFD55244}.Release|x64.Deploy.0 = Release|x64
		{91FA7591-CE23-45E6-A509-0646BFD55244}.Release|x86.ActiveCfg = Release|x86
		{91FA7591-CE23-45E6-A509-0646BFD55244}.Release|x86.Build.0 = Release|x86
		{91FA7591-CE23-45E6-A509-0646BFD55244}.Release|x86.Deploy.0 = Release|x86
		{D133D37D-39E8-4A04-A019-6AAAC616025B}.Ad-Hoc|Any CPU.ActiveCfg = Debug|Any CPU
		{D133D37D-39E8-4A04-A019-6AAAC616025B}.Ad-Hoc|Any CPU.Build.0 = Debug|Any CPU
		{D133D37D-39E8-4A04-A019-6AAAC616025B}.Ad-Hoc|ARM.ActiveCfg = Debug|Any CPU
		{D133D37D-39E8-4A04-A019-6AAAC616025B}.Ad-Hoc|ARM.Build.0 = Debug|Any CPU
		{D133D37D-39E8-4A04-A019-6AAAC616025B}.Ad-Hoc|iPhone.ActiveCfg = Debug|Any CPU
		{D133D37D-39E8-4A04-A019-6AAAC616025B}.Ad-Hoc|iPhone.Build.0 = Debug|Any CPU
		{D133D37D-39E8-4A04-A019-6AAAC616025B}.Ad-Hoc|iPhoneSimulator.ActiveCfg = Debug|Any CPU
		{D133D37D-39E8-4A04-A019-6AAAC616025B}.Ad-Hoc|iPhoneSimulator.Build.0 = Debug|Any CPU
		{D133D37D-39E8-4A04-A019-6AAAC616025B}.Ad-Hoc|x64.ActiveCfg = Debug|Any CPU
		{D133D37D-39E8-4A04-A019-6AAAC616025B}.Ad-Hoc|x64.Build.0 = Debug|Any CPU
		{D133D37D-39E8-4A04-A019-6AAAC616025B}.Ad-Hoc|x86.ActiveCfg = Debug|Any CPU
		{D133D37D-39E8-4A04-A019-6AAAC616025B}.Ad-Hoc|x86.Build.0 = Debug|Any CPU
		{D133D37D-39E8-4A04-A019-6AAAC616025B}.AppStore|Any CPU.ActiveCfg = Debug|Any CPU
		{D133D37D-39E8-4A04-A019-6AAAC616025B}.AppStore|Any CPU.Build.0 = Debug|Any CPU
		{D133D37D-39E8-4A04-A019-6AAAC616025B}.AppStore|ARM.ActiveCfg = Debug|Any CPU
		{D133D37D-39E8-4A04-A019-6AAAC616025B}.AppStore|ARM.Build.0 = Debug|Any CPU
		{D133D37D-39E8-4A04-A019-6AAAC616025B}.AppStore|iPhone.ActiveCfg = Debug|Any CPU
		{D133D37D-39E8-4A04-A019-6AAAC616025B}.AppStore|iPhone.Build.0 = Debug|Any CPU
		{D133D37D-39E8-4A04-A019-6AAAC616025B}.AppStore|iPhoneSimulator.ActiveCfg = Debug|Any CPU
		{D133D37D-39E8-4A04-A019-6AAAC616025B}.AppStore|iPhoneSimulator.Build.0 = Debug|Any CPU
		{D133D37D-39E8-4A04-A019-6AAAC616025B}.AppStore|x64.ActiveCfg = Debug|Any CPU
		{D133D37D-39E8-4A04-A019-6AAAC616025B}.AppStore|x64.Build.0 = Debug|Any CPU
		{D133D37D-39E8-4A04-A019-6AAAC616025B}.AppStore|x86.ActiveCfg = Debug|Any CPU
		{D133D37D-39E8-4A04-A019-6AAAC616025B}.AppStore|x86.Build.0 = Debug|Any CPU
		{D133D37D-39E8-4A04-A019-6AAAC616025B}.Debug|Any CPU.ActiveCfg = Debug|Any CPU
		{D133D37D-39E8-4A04-A019-6AAAC616025B}.Debug|Any CPU.Build.0 = Debug|Any CPU
		{D133D37D-39E8-4A04-A019-6AAAC616025B}.Debug|ARM.ActiveCfg = Debug|Any CPU
		{D133D37D-39E8-4A04-A019-6AAAC616025B}.Debug|ARM.Build.0 = Debug|Any CPU
		{D133D37D-39E8-4A04-A019-6AAAC616025B}.Debug|iPhone.ActiveCfg = Debug|Any CPU
		{D133D37D-39E8-4A04-A019-6AAAC616025B}.Debug|iPhone.Build.0 = Debug|Any CPU
		{D133D37D-39E8-4A04-A019-6AAAC616025B}.Debug|iPhoneSimulator.ActiveCfg = Debug|Any CPU
		{D133D37D-39E8-4A04-A019-6AAAC616025B}.Debug|iPhoneSimulator.Build.0 = Debug|Any CPU
		{D133D37D-39E8-4A04-A019-6AAAC616025B}.Debug|x64.ActiveCfg = Debug|Any CPU
		{D133D37D-39E8-4A04-A019-6AAAC616025B}.Debug|x64.Build.0 = Debug|Any CPU
		{D133D37D-39E8-4A04-A019-6AAAC616025B}.Debug|x86.ActiveCfg = Debug|Any CPU
		{D133D37D-39E8-4A04-A019-6AAAC616025B}.Debug|x86.Build.0 = Debug|Any CPU
		{D133D37D-39E8-4A04-A019-6AAAC616025B}.Release|Any CPU.ActiveCfg = Release|Any CPU
		{D133D37D-39E8-4A04-A019-6AAAC616025B}.Release|Any CPU.Build.0 = Release|Any CPU
		{D133D37D-39E8-4A04-A019-6AAAC616025B}.Release|ARM.ActiveCfg = Release|Any CPU
		{D133D37D-39E8-4A04-A019-6AAAC616025B}.Release|ARM.Build.0 = Release|Any CPU
		{D133D37D-39E8-4A04-A019-6AAAC616025B}.Release|iPhone.ActiveCfg = Release|Any CPU
		{D133D37D-39E8-4A04-A019-6AAAC616025B}.Release|iPhone.Build.0 = Release|Any CPU
		{D133D37D-39E8-4A04-A019-6AAAC616025B}.Release|iPhoneSimulator.ActiveCfg = Release|Any CPU
		{D133D37D-39E8-4A04-A019-6AAAC616025B}.Release|iPhoneSimulator.Build.0 = Release|Any CPU
		{D133D37D-39E8-4A04-A019-6AAAC616025B}.Release|x64.ActiveCfg = Release|Any CPU
		{D133D37D-39E8-4A04-A019-6AAAC616025B}.Release|x64.Build.0 = Release|Any CPU
		{D133D37D-39E8-4A04-A019-6AAAC616025B}.Release|x86.ActiveCfg = Release|Any CPU
		{D133D37D-39E8-4A04-A019-6AAAC616025B}.Release|x86.Build.0 = Release|Any CPU
	EndGlobalSection
	GlobalSection(SolutionProperties) = preSolution
		HideSolutionNode = FALSE
	EndGlobalSection
	GlobalSection(ExtensibilityGlobals) = postSolution
		SolutionGuid = {257829DC-B75D-471B-93AF-FC46D7966D58}
	EndGlobalSection
EndGlobal
