
Microsoft Visual Studio Solution File, Format Version 12.00
# Visual Studio 15
VisualStudioVersion = 15.0.27428.2027
MinimumVisualStudioVersion = 10.0.40219.1
Project("{FAE04EC0-301F-11D3-BF4B-00C04F79EFBC}") = "App02_Xamarin.Android", "App02_Xamarin\App02_Xamarin.Android\App02_Xamarin.Android.csproj", "{AF07BB4B-B06D-408D-AFA6-CC9174490777}"
EndProject
Project("{FAE04EC0-301F-11D3-BF4B-00C04F79EFBC}") = "App02_Xamarin.iOS", "App02_Xamarin\App02_Xamarin.iOS\App02_Xamarin.iOS.csproj", "{4554EA02-4950-4EFE-BCE3-0D637B608078}"
EndProject
Project("{FAE04EC0-301F-11D3-BF4B-00C04F79EFBC}") = "App02_Xamarin.UWP", "App02_Xamarin\App02_Xamarin.UWP\App02_Xamarin.UWP.csproj", "{1703E5BD-8431-4D0E-85A6-F240AF2892EF}"
EndProject
Project("{FAE04EC0-301F-11D3-BF4B-00C04F79EFBC}") = "App02_Xamarin", "App02_Xamarin\App02_Xamarin\App02_Xamarin.csproj", "{B0EC9369-5293-4BF4-947A-DBA7206873BF}"
EndProject
Global
	GlobalSection(SolutionConfigurationPlatforms) = preSolution
		Ad-Hoc|Any CPU = Ad-Hoc|Any CPU
		Ad-Hoc|ARM = Ad-Hoc|ARM
		Ad-Hoc|iPhone = Ad-Hoc|iPhone
		Ad-Hoc|iPhoneSimulator = Ad-Hoc|iPhoneSimulator
		Ad-Hoc|x64 = Ad-Hoc|x64
		Ad-Hoc|x86 = Ad-Hoc|x86
		AppStore|Any CPU = AppStore|Any CPU
		AppStore|ARM = AppStore|ARM
		AppStore|iPhone = AppStore|iPhone
		AppStore|iPhoneSimulator = AppStore|iPhoneSimulator
		AppStore|x64 = AppStore|x64
		AppStore|x86 = AppStore|x86
		Debug|Any CPU = Debug|Any CPU
		Debug|ARM = Debug|ARM
		Debug|iPhone = Debug|iPhone
		Debug|iPhoneSimulator = Debug|iPhoneSimulator
		Debug|x64 = Debug|x64
		Debug|x86 = Debug|x86
		Release|Any CPU = Release|Any CPU
		Release|ARM = Release|ARM
		Release|iPhone = Release|iPhone
		Release|iPhoneSimulator = Release|iPhoneSimulator
		Release|x64 = Release|x64
		Release|x86 = Release|x86
	EndGlobalSection
	GlobalSection(ProjectConfigurationPlatforms) = postSolution
		{AF07BB4B-B06D-408D-AFA6-CC9174490777}.Ad-Hoc|Any CPU.ActiveCfg = Release|Any CPU
		{AF07BB4B-B06D-408D-AFA6-CC9174490777}.Ad-Hoc|Any CPU.Build.0 = Release|Any CPU
		{AF07BB4B-B06D-408D-AFA6-CC9174490777}.Ad-Hoc|Any CPU.Deploy.0 = Release|Any CPU
		{AF07BB4B-B06D-408D-AFA6-CC9174490777}.Ad-Hoc|ARM.ActiveCfg = Release|Any CPU
		{AF07BB4B-B06D-408D-AFA6-CC9174490777}.Ad-Hoc|ARM.Build.0 = Release|Any CPU
		{AF07BB4B-B06D-408D-AFA6-CC9174490777}.Ad-Hoc|ARM.Deploy.0 = Release|Any CPU
		{AF07BB4B-B06D-408D-AFA6-CC9174490777}.Ad-Hoc|iPhone.ActiveCfg = Release|Any CPU
		{AF07BB4B-B06D-408D-AFA6-CC9174490777}.Ad-Hoc|iPhone.Build.0 = Release|Any CPU
		{AF07BB4B-B06D-408D-AFA6-CC9174490777}.Ad-Hoc|iPhone.Deploy.0 = Release|Any CPU
		{AF07BB4B-B06D-408D-AFA6-CC9174490777}.Ad-Hoc|iPhoneSimulator.ActiveCfg = Release|Any CPU
		{AF07BB4B-B06D-408D-AFA6-CC9174490777}.Ad-Hoc|iPhoneSimulator.Build.0 = Release|Any CPU
		{AF07BB4B-B06D-408D-AFA6-CC9174490777}.Ad-Hoc|iPhoneSimulator.Deploy.0 = Release|Any CPU
		{AF07BB4B-B06D-408D-AFA6-CC9174490777}.Ad-Hoc|x64.ActiveCfg = Release|Any CPU
		{AF07BB4B-B06D-408D-AFA6-CC9174490777}.Ad-Hoc|x64.Build.0 = Release|Any CPU
		{AF07BB4B-B06D-408D-AFA6-CC9174490777}.Ad-Hoc|x64.Deploy.0 = Release|Any CPU
		{AF07BB4B-B06D-408D-AFA6-CC9174490777}.Ad-Hoc|x86.ActiveCfg = Release|Any CPU
		{AF07BB4B-B06D-408D-AFA6-CC9174490777}.Ad-Hoc|x86.Build.0 = Release|Any CPU
		{AF07BB4B-B06D-408D-AFA6-CC9174490777}.Ad-Hoc|x86.Deploy.0 = Release|Any CPU
		{AF07BB4B-B06D-408D-AFA6-CC9174490777}.AppStore|Any CPU.ActiveCfg = Release|Any CPU
		{AF07BB4B-B06D-408D-AFA6-CC9174490777}.AppStore|Any CPU.Build.0 = Release|Any CPU
		{AF07BB4B-B06D-408D-AFA6-CC9174490777}.AppStore|Any CPU.Deploy.0 = Release|Any CPU
		{AF07BB4B-B06D-408D-AFA6-CC9174490777}.AppStore|ARM.ActiveCfg = Release|Any CPU
		{AF07BB4B-B06D-408D-AFA6-CC9174490777}.AppStore|ARM.Build.0 = Release|Any CPU
		{AF07BB4B-B06D-408D-AFA6-CC9174490777}.AppStore|ARM.Deploy.0 = Release|Any CPU
		{AF07BB4B-B06D-408D-AFA6-CC9174490777}.AppStore|iPhone.ActiveCfg = Release|Any CPU
		{AF07BB4B-B06D-408D-AFA6-CC9174490777}.AppStore|iPhone.Build.0 = Release|Any CPU
		{AF07BB4B-B06D-408D-AFA6-CC9174490777}.AppStore|iPhone.Deploy.0 = Release|Any CPU
		{AF07BB4B-B06D-408D-AFA6-CC9174490777}.AppStore|iPhoneSimulator.ActiveCfg = Release|Any CPU
		{AF07BB4B-B06D-408D-AFA6-CC9174490777}.AppStore|iPhoneSimulator.Build.0 = Release|Any CPU
		{AF07BB4B-B06D-408D-AFA6-CC9174490777}.AppStore|iPhoneSimulator.Deploy.0 = Release|Any CPU
		{AF07BB4B-B06D-408D-AFA6-CC9174490777}.AppStore|x64.ActiveCfg = Release|Any CPU
		{AF07BB4B-B06D-408D-AFA6-CC9174490777}.AppStore|x64.Build.0 = Release|Any CPU
		{AF07BB4B-B06D-408D-AFA6-CC9174490777}.AppStore|x64.Deploy.0 = Release|Any CPU
		{AF07BB4B-B06D-408D-AFA6-CC9174490777}.AppStore|x86.ActiveCfg = Release|Any CPU
		{AF07BB4B-B06D-408D-AFA6-CC9174490777}.AppStore|x86.Build.0 = Release|Any CPU
		{AF07BB4B-B06D-408D-AFA6-CC9174490777}.AppStore|x86.Deploy.0 = Release|Any CPU
		{AF07BB4B-B06D-408D-AFA6-CC9174490777}.Debug|Any CPU.ActiveCfg = Debug|Any CPU
		{AF07BB4B-B06D-408D-AFA6-CC9174490777}.Debug|Any CPU.Build.0 = Debug|Any CPU
		{AF07BB4B-B06D-408D-AFA6-CC9174490777}.Debug|Any CPU.Deploy.0 = Debug|Any CPU
		{AF07BB4B-B06D-408D-AFA6-CC9174490777}.Debug|ARM.ActiveCfg = Debug|Any CPU
		{AF07BB4B-B06D-408D-AFA6-CC9174490777}.Debug|ARM.Build.0 = Debug|Any CPU
		{AF07BB4B-B06D-408D-AFA6-CC9174490777}.Debug|ARM.Deploy.0 = Debug|Any CPU
		{AF07BB4B-B06D-408D-AFA6-CC9174490777}.Debug|iPhone.ActiveCfg = Debug|Any CPU
		{AF07BB4B-B06D-408D-AFA6-CC9174490777}.Debug|iPhone.Build.0 = Debug|Any CPU
		{AF07BB4B-B06D-408D-AFA6-CC9174490777}.Debug|iPhone.Deploy.0 = Debug|Any CPU
		{AF07BB4B-B06D-408D-AFA6-CC9174490777}.Debug|iPhoneSimulator.ActiveCfg = Debug|Any CPU
		{AF07BB4B-B06D-408D-AFA6-CC9174490777}.Debug|iPhoneSimulator.Build.0 = Debug|Any CPU
		{AF07BB4B-B06D-408D-AFA6-CC9174490777}.Debug|iPhoneSimulator.Deploy.0 = Debug|Any CPU
		{AF07BB4B-B06D-408D-AFA6-CC9174490777}.Debug|x64.ActiveCfg = Debug|Any CPU
		{AF07BB4B-B06D-408D-AFA6-CC9174490777}.Debug|x64.Build.0 = Debug|Any CPU
		{AF07BB4B-B06D-408D-AFA6-CC9174490777}.Debug|x64.Deploy.0 = Debug|Any CPU
		{AF07BB4B-B06D-408D-AFA6-CC9174490777}.Debug|x86.ActiveCfg = Debug|Any CPU
		{AF07BB4B-B06D-408D-AFA6-CC9174490777}.Debug|x86.Build.0 = Debug|Any CPU
		{AF07BB4B-B06D-408D-AFA6-CC9174490777}.Debug|x86.Deploy.0 = Debug|Any CPU
		{AF07BB4B-B06D-408D-AFA6-CC9174490777}.Release|Any CPU.ActiveCfg = Release|Any CPU
		{AF07BB4B-B06D-408D-AFA6-CC9174490777}.Release|Any CPU.Build.0 = Release|Any CPU
		{AF07BB4B-B06D-408D-AFA6-CC9174490777}.Release|Any CPU.Deploy.0 = Release|Any CPU
		{AF07BB4B-B06D-408D-AFA6-CC9174490777}.Release|ARM.ActiveCfg = Release|Any CPU
		{AF07BB4B-B06D-408D-AFA6-CC9174490777}.Release|ARM.Build.0 = Release|Any CPU
		{AF07BB4B-B06D-408D-AFA6-CC9174490777}.Release|ARM.Deploy.0 = Release|Any CPU
		{AF07BB4B-B06D-408D-AFA6-CC9174490777}.Release|iPhone.ActiveCfg = Release|Any CPU
		{AF07BB4B-B06D-408D-AFA6-CC9174490777}.Release|iPhone.Build.0 = Release|Any CPU
		{AF07BB4B-B06D-408D-AFA6-CC9174490777}.Release|iPhone.Deploy.0 = Release|Any CPU
		{AF07BB4B-B06D-408D-AFA6-CC9174490777}.Release|iPhoneSimulator.ActiveCfg = Release|Any CPU
		{AF07BB4B-B06D-408D-AFA6-CC9174490777}.Release|iPhoneSimulator.Build.0 = Release|Any CPU
		{AF07BB4B-B06D-408D-AFA6-CC9174490777}.Release|iPhoneSimulator.Deploy.0 = Release|Any CPU
		{AF07BB4B-B06D-408D-AFA6-CC9174490777}.Release|x64.ActiveCfg = Release|Any CPU
		{AF07BB4B-B06D-408D-AFA6-CC9174490777}.Release|x64.Build.0 = Release|Any CPU
		{AF07BB4B-B06D-408D-AFA6-CC9174490777}.Release|x64.Deploy.0 = Release|Any CPU
		{AF07BB4B-B06D-408D-AFA6-CC9174490777}.Release|x86.ActiveCfg = Release|Any CPU
		{AF07BB4B-B06D-408D-AFA6-CC9174490777}.Release|x86.Build.0 = Release|Any CPU
		{AF07BB4B-B06D-408D-AFA6-CC9174490777}.Release|x86.Deploy.0 = Release|Any CPU
		{4554EA02-4950-4EFE-BCE3-0D637B608078}.Ad-Hoc|Any CPU.ActiveCfg = Ad-Hoc|iPhone
		{4554EA02-4950-4EFE-BCE3-0D637B608078}.Ad-Hoc|ARM.ActiveCfg = Ad-Hoc|iPhone
		{4554EA02-4950-4EFE-BCE3-0D637B608078}.Ad-Hoc|iPhone.ActiveCfg = Ad-Hoc|iPhone
		{4554EA02-4950-4EFE-BCE3-0D637B608078}.Ad-Hoc|iPhone.Build.0 = Ad-Hoc|iPhone
		{4554EA02-4950-4EFE-BCE3-0D637B608078}.Ad-Hoc|iPhoneSimulator.ActiveCfg = Ad-Hoc|iPhoneSimulator
		{4554EA02-4950-4EFE-BCE3-0D637B608078}.Ad-Hoc|iPhoneSimulator.Build.0 = Ad-Hoc|iPhoneSimulator
		{4554EA02-4950-4EFE-BCE3-0D637B608078}.Ad-Hoc|x64.ActiveCfg = Ad-Hoc|iPhone
		{4554EA02-4950-4EFE-BCE3-0D637B608078}.Ad-Hoc|x86.ActiveCfg = Ad-Hoc|iPhone
		{4554EA02-4950-4EFE-BCE3-0D637B608078}.AppStore|Any CPU.ActiveCfg = AppStore|iPhone
		{4554EA02-4950-4EFE-BCE3-0D637B608078}.AppStore|ARM.ActiveCfg = AppStore|iPhone
		{4554EA02-4950-4EFE-BCE3-0D637B608078}.AppStore|iPhone.ActiveCfg = AppStore|iPhone
		{4554EA02-4950-4EFE-BCE3-0D637B608078}.AppStore|iPhone.Build.0 = AppStore|iPhone
		{4554EA02-4950-4EFE-BCE3-0D637B608078}.AppStore|iPhoneSimulator.ActiveCfg = AppStore|iPhoneSimulator
		{4554EA02-4950-4EFE-BCE3-0D637B608078}.AppStore|iPhoneSimulator.Build.0 = AppStore|iPhoneSimulator
		{4554EA02-4950-4EFE-BCE3-0D637B608078}.AppStore|x64.ActiveCfg = AppStore|iPhone
		{4554EA02-4950-4EFE-BCE3-0D637B608078}.AppStore|x86.ActiveCfg = AppStore|iPhone
		{4554EA02-4950-4EFE-BCE3-0D637B608078}.Debug|Any CPU.ActiveCfg = Debug|iPhone
		{4554EA02-4950-4EFE-BCE3-0D637B608078}.Debug|ARM.ActiveCfg = Debug|iPhone
		{4554EA02-4950-4EFE-BCE3-0D637B608078}.Debug|iPhone.ActiveCfg = Debug|iPhone
		{4554EA02-4950-4EFE-BCE3-0D637B608078}.Debug|iPhone.Build.0 = Debug|iPhone
		{4554EA02-4950-4EFE-BCE3-0D637B608078}.Debug|iPhoneSimulator.ActiveCfg = Debug|iPhoneSimulator
		{4554EA02-4950-4EFE-BCE3-0D637B608078}.Debug|iPhoneSimulator.Build.0 = Debug|iPhoneSimulator
		{4554EA02-4950-4EFE-BCE3-0D637B608078}.Debug|x64.ActiveCfg = Debug|iPhone
		{4554EA02-4950-4EFE-BCE3-0D637B608078}.Debug|x86.ActiveCfg = Debug|iPhone
		{4554EA02-4950-4EFE-BCE3-0D637B608078}.Release|Any CPU.ActiveCfg = Release|iPhone
		{4554EA02-4950-4EFE-BCE3-0D637B608078}.Release|ARM.ActiveCfg = Release|iPhone
		{4554EA02-4950-4EFE-BCE3-0D637B608078}.Release|iPhone.ActiveCfg = Release|iPhone
		{4554EA02-4950-4EFE-BCE3-0D637B608078}.Release|iPhone.Build.0 = Release|iPhone
		{4554EA02-4950-4EFE-BCE3-0D637B608078}.Release|iPhoneSimulator.ActiveCfg = Release|iPhoneSimulator
		{4554EA02-4950-4EFE-BCE3-0D637B608078}.Release|iPhoneSimulator.Build.0 = Release|iPhoneSimulator
		{4554EA02-4950-4EFE-BCE3-0D637B608078}.Release|x64.ActiveCfg = Release|iPhone
		{4554EA02-4950-4EFE-BCE3-0D637B608078}.Release|x86.ActiveCfg = Release|iPhone
		{1703E5BD-8431-4D0E-85A6-F240AF2892EF}.Ad-Hoc|Any CPU.ActiveCfg = Release|x86
		{1703E5BD-8431-4D0E-85A6-F240AF2892EF}.Ad-Hoc|Any CPU.Build.0 = Release|x86
		{1703E5BD-8431-4D0E-85A6-F240AF2892EF}.Ad-Hoc|Any CPU.Deploy.0 = Release|x86
		{1703E5BD-8431-4D0E-85A6-F240AF2892EF}.Ad-Hoc|ARM.ActiveCfg = Release|ARM
		{1703E5BD-8431-4D0E-85A6-F240AF2892EF}.Ad-Hoc|ARM.Build.0 = Release|ARM
		{1703E5BD-8431-4D0E-85A6-F240AF2892EF}.Ad-Hoc|ARM.Deploy.0 = Release|ARM
		{1703E5BD-8431-4D0E-85A6-F240AF2892EF}.Ad-Hoc|iPhone.ActiveCfg = Release|x86
		{1703E5BD-8431-4D0E-85A6-F240AF2892EF}.Ad-Hoc|iPhone.Build.0 = Release|x86
		{1703E5BD-8431-4D0E-85A6-F240AF2892EF}.Ad-Hoc|iPhone.Deploy.0 = Release|x86
		{1703E5BD-8431-4D0E-85A6-F240AF2892EF}.Ad-Hoc|iPhoneSimulator.ActiveCfg = Release|x86
		{1703E5BD-8431-4D0E-85A6-F240AF2892EF}.Ad-Hoc|iPhoneSimulator.Build.0 = Release|x86
		{1703E5BD-8431-4D0E-85A6-F240AF2892EF}.Ad-Hoc|iPhoneSimulator.Deploy.0 = Release|x86
		{1703E5BD-8431-4D0E-85A6-F240AF2892EF}.Ad-Hoc|x64.ActiveCfg = Release|x64
		{1703E5BD-8431-4D0E-85A6-F240AF2892EF}.Ad-Hoc|x64.Build.0 = Release|x64
		{1703E5BD-8431-4D0E-85A6-F240AF2892EF}.Ad-Hoc|x64.Deploy.0 = Release|x64
		{1703E5BD-8431-4D0E-85A6-F240AF2892EF}.Ad-Hoc|x86.ActiveCfg = Release|x86
		{1703E5BD-8431-4D0E-85A6-F240AF2892EF}.Ad-Hoc|x86.Build.0 = Release|x86
		{1703E5BD-8431-4D0E-85A6-F240AF2892EF}.Ad-Hoc|x86.Deploy.0 = Release|x86
		{1703E5BD-8431-4D0E-85A6-F240AF2892EF}.AppStore|Any CPU.ActiveCfg = Release|x86
		{1703E5BD-8431-4D0E-85A6-F240AF2892EF}.AppStore|Any CPU.Build.0 = Release|x86
		{1703E5BD-8431-4D0E-85A6-F240AF2892EF}.AppStore|Any CPU.Deploy.0 = Release|x86
		{1703E5BD-8431-4D0E-85A6-F240AF2892EF}.AppStore|ARM.ActiveCfg = Release|ARM
		{1703E5BD-8431-4D0E-85A6-F240AF2892EF}.AppStore|ARM.Build.0 = Release|ARM
		{1703E5BD-8431-4D0E-85A6-F240AF2892EF}.AppStore|ARM.Deploy.0 = Release|ARM
		{1703E5BD-8431-4D0E-85A6-F240AF2892EF}.AppStore|iPhone.ActiveCfg = Release|x86
		{1703E5BD-8431-4D0E-85A6-F240AF2892EF}.AppStore|iPhone.Build.0 = Release|x86
		{1703E5BD-8431-4D0E-85A6-F240AF2892EF}.AppStore|iPhone.Deploy.0 = Release|x86
		{1703E5BD-8431-4D0E-85A6-F240AF2892EF}.AppStore|iPhoneSimulator.ActiveCfg = Release|x86
		{1703E5BD-8431-4D0E-85A6-F240AF2892EF}.AppStore|iPhoneSimulator.Build.0 = Release|x86
		{1703E5BD-8431-4D0E-85A6-F240AF2892EF}.AppStore|iPhoneSimulator.Deploy.0 = Release|x86
		{1703E5BD-8431-4D0E-85A6-F240AF2892EF}.AppStore|x64.ActiveCfg = Release|x64
		{1703E5BD-8431-4D0E-85A6-F240AF2892EF}.AppStore|x64.Build.0 = Release|x64
		{1703E5BD-8431-4D0E-85A6-F240AF2892EF}.AppStore|x64.Deploy.0 = Release|x64
		{1703E5BD-8431-4D0E-85A6-F240AF2892EF}.AppStore|x86.ActiveCfg = Release|x86
		{1703E5BD-8431-4D0E-85A6-F240AF2892EF}.AppStore|x86.Build.0 = Release|x86
		{1703E5BD-8431-4D0E-85A6-F240AF2892EF}.AppStore|x86.Deploy.0 = Release|x86
		{1703E5BD-8431-4D0E-85A6-F240AF2892EF}.Debug|Any CPU.ActiveCfg = Debug|x86
		{1703E5BD-8431-4D0E-85A6-F240AF2892EF}.Debug|ARM.ActiveCfg = Debug|ARM
		{1703E5BD-8431-4D0E-85A6-F240AF2892EF}.Debug|ARM.Build.0 = Debug|ARM
		{1703E5BD-8431-4D0E-85A6-F240AF2892EF}.Debug|ARM.Deploy.0 = Debug|ARM
		{1703E5BD-8431-4D0E-85A6-F240AF2892EF}.Debug|iPhone.ActiveCfg = Debug|x86
		{1703E5BD-8431-4D0E-85A6-F240AF2892EF}.Debug|iPhoneSimulator.ActiveCfg = Debug|x86
		{1703E5BD-8431-4D0E-85A6-F240AF2892EF}.Debug|x64.ActiveCfg = Debug|x64
		{1703E5BD-8431-4D0E-85A6-F240AF2892EF}.Debug|x64.Build.0 = Debug|x64
		{1703E5BD-8431-4D0E-85A6-F240AF2892EF}.Debug|x64.Deploy.0 = Debug|x64
		{1703E5BD-8431-4D0E-85A6-F240AF2892EF}.Debug|x86.ActiveCfg = Debug|x86
		{1703E5BD-8431-4D0E-85A6-F240AF2892EF}.Debug|x86.Build.0 = Debug|x86
		{1703E5BD-8431-4D0E-85A6-F240AF2892EF}.Debug|x86.Deploy.0 = Debug|x86
		{1703E5BD-8431-4D0E-85A6-F240AF2892EF}.Release|Any CPU.ActiveCfg = Release|x86
		{1703E5BD-8431-4D0E-85A6-F240AF2892EF}.Release|ARM.ActiveCfg = Release|ARM
		{1703E5BD-8431-4D0E-85A6-F240AF2892EF}.Release|ARM.Build.0 = Release|ARM
		{1703E5BD-8431-4D0E-85A6-F240AF2892EF}.Release|ARM.Deploy.0 = Release|ARM
		{1703E5BD-8431-4D0E-85A6-F240AF2892EF}.Release|iPhone.ActiveCfg = Release|x86
		{1703E5BD-8431-4D0E-85A6-F240AF2892EF}.Release|iPhoneSimulator.ActiveCfg = Release|x86
		{1703E5BD-8431-4D0E-85A6-F240AF2892EF}.Release|x64.ActiveCfg = Release|x64
		{1703E5BD-8431-4D0E-85A6-F240AF2892EF}.Release|x64.Build.0 = Release|x64
		{1703E5BD-8431-4D0E-85A6-F240AF2892EF}.Release|x64.Deploy.0 = Release|x64
		{1703E5BD-8431-4D0E-85A6-F240AF2892EF}.Release|x86.ActiveCfg = Release|x86
		{1703E5BD-8431-4D0E-85A6-F240AF2892EF}.Release|x86.Build.0 = Release|x86
		{1703E5BD-8431-4D0E-85A6-F240AF2892EF}.Release|x86.Deploy.0 = Release|x86
		{B0EC9369-5293-4BF4-947A-DBA7206873BF}.Ad-Hoc|Any CPU.ActiveCfg = Debug|Any CPU
		{B0EC9369-5293-4BF4-947A-DBA7206873BF}.Ad-Hoc|Any CPU.Build.0 = Debug|Any CPU
		{B0EC9369-5293-4BF4-947A-DBA7206873BF}.Ad-Hoc|ARM.ActiveCfg = Debug|Any CPU
		{B0EC9369-5293-4BF4-947A-DBA7206873BF}.Ad-Hoc|ARM.Build.0 = Debug|Any CPU
		{B0EC9369-5293-4BF4-947A-DBA7206873BF}.Ad-Hoc|iPhone.ActiveCfg = Debug|Any CPU
		{B0EC9369-5293-4BF4-947A-DBA7206873BF}.Ad-Hoc|iPhone.Build.0 = Debug|Any CPU
		{B0EC9369-5293-4BF4-947A-DBA7206873BF}.Ad-Hoc|iPhoneSimulator.ActiveCfg = Debug|Any CPU
		{B0EC9369-5293-4BF4-947A-DBA7206873BF}.Ad-Hoc|iPhoneSimulator.Build.0 = Debug|Any CPU
		{B0EC9369-5293-4BF4-947A-DBA7206873BF}.Ad-Hoc|x64.ActiveCfg = Debug|Any CPU
		{B0EC9369-5293-4BF4-947A-DBA7206873BF}.Ad-Hoc|x64.Build.0 = Debug|Any CPU
		{B0EC9369-5293-4BF4-947A-DBA7206873BF}.Ad-Hoc|x86.ActiveCfg = Debug|Any CPU
		{B0EC9369-5293-4BF4-947A-DBA7206873BF}.Ad-Hoc|x86.Build.0 = Debug|Any CPU
		{B0EC9369-5293-4BF4-947A-DBA7206873BF}.AppStore|Any CPU.ActiveCfg = Debug|Any CPU
		{B0EC9369-5293-4BF4-947A-DBA7206873BF}.AppStore|Any CPU.Build.0 = Debug|Any CPU
		{B0EC9369-5293-4BF4-947A-DBA7206873BF}.AppStore|ARM.ActiveCfg = Debug|Any CPU
		{B0EC9369-5293-4BF4-947A-DBA7206873BF}.AppStore|ARM.Build.0 = Debug|Any CPU
		{B0EC9369-5293-4BF4-947A-DBA7206873BF}.AppStore|iPhone.ActiveCfg = Debug|Any CPU
		{B0EC9369-5293-4BF4-947A-DBA7206873BF}.AppStore|iPhone.Build.0 = Debug|Any CPU
		{B0EC9369-5293-4BF4-947A-DBA7206873BF}.AppStore|iPhoneSimulator.ActiveCfg = Debug|Any CPU
		{B0EC9369-5293-4BF4-947A-DBA7206873BF}.AppStore|iPhoneSimulator.Build.0 = Debug|Any CPU
		{B0EC9369-5293-4BF4-947A-DBA7206873BF}.AppStore|x64.ActiveCfg = Debug|Any CPU
		{B0EC9369-5293-4BF4-947A-DBA7206873BF}.AppStore|x64.Build.0 = Debug|Any CPU
		{B0EC9369-5293-4BF4-947A-DBA7206873BF}.AppStore|x86.ActiveCfg = Debug|Any CPU
		{B0EC9369-5293-4BF4-947A-DBA7206873BF}.AppStore|x86.Build.0 = Debug|Any CPU
		{B0EC9369-5293-4BF4-947A-DBA7206873BF}.Debug|Any CPU.ActiveCfg = Debug|Any CPU
		{B0EC9369-5293-4BF4-947A-DBA7206873BF}.Debug|Any CPU.Build.0 = Debug|Any CPU
		{B0EC9369-5293-4BF4-947A-DBA7206873BF}.Debug|ARM.ActiveCfg = Debug|Any CPU
		{B0EC9369-5293-4BF4-947A-DBA7206873BF}.Debug|ARM.Build.0 = Debug|Any CPU
		{B0EC9369-5293-4BF4-947A-DBA7206873BF}.Debug|iPhone.ActiveCfg = Debug|Any CPU
		{B0EC9369-5293-4BF4-947A-DBA7206873BF}.Debug|iPhone.Build.0 = Debug|Any CPU
		{B0EC9369-5293-4BF4-947A-DBA7206873BF}.Debug|iPhoneSimulator.ActiveCfg = Debug|Any CPU
		{B0EC9369-5293-4BF4-947A-DBA7206873BF}.Debug|iPhoneSimulator.Build.0 = Debug|Any CPU
		{B0EC9369-5293-4BF4-947A-DBA7206873BF}.Debug|x64.ActiveCfg = Debug|Any CPU
		{B0EC9369-5293-4BF4-947A-DBA7206873BF}.Debug|x64.Build.0 = Debug|Any CPU
		{B0EC9369-5293-4BF4-947A-DBA7206873BF}.Debug|x86.ActiveCfg = Debug|Any CPU
		{B0EC9369-5293-4BF4-947A-DBA7206873BF}.Debug|x86.Build.0 = Debug|Any CPU
		{B0EC9369-5293-4BF4-947A-DBA7206873BF}.Release|Any CPU.ActiveCfg = Release|Any CPU
		{B0EC9369-5293-4BF4-947A-DBA7206873BF}.Release|Any CPU.Build.0 = Release|Any CPU
		{B0EC9369-5293-4BF4-947A-DBA7206873BF}.Release|ARM.ActiveCfg = Release|Any CPU
		{B0EC9369-5293-4BF4-947A-DBA7206873BF}.Release|ARM.Build.0 = Release|Any CPU
		{B0EC9369-5293-4BF4-947A-DBA7206873BF}.Release|iPhone.ActiveCfg = Release|Any CPU
		{B0EC9369-5293-4BF4-947A-DBA7206873BF}.Release|iPhone.Build.0 = Release|Any CPU
		{B0EC9369-5293-4BF4-947A-DBA7206873BF}.Release|iPhoneSimulator.ActiveCfg = Release|Any CPU
		{B0EC9369-5293-4BF4-947A-DBA7206873BF}.Release|iPhoneSimulator.Build.0 = Release|Any CPU
		{B0EC9369-5293-4BF4-947A-DBA7206873BF}.Release|x64.ActiveCfg = Release|Any CPU
		{B0EC9369-5293-4BF4-947A-DBA7206873BF}.Release|x64.Build.0 = Release|Any CPU
		{B0EC9369-5293-4BF4-947A-DBA7206873BF}.Release|x86.ActiveCfg = Release|Any CPU
		{B0EC9369-5293-4BF4-947A-DBA7206873BF}.Release|x86.Build.0 = Release|Any CPU
	EndGlobalSection
	GlobalSection(SolutionProperties) = preSolution
		HideSolutionNode = FALSE
	EndGlobalSection
	GlobalSection(ExtensibilityGlobals) = postSolution
		SolutionGuid = {C46EB7D0-0A20-46DF-9477-DB7FF039E4A4}
	EndGlobalSection
EndGlobal
