
Microsoft Visual Studio Solution File, Format Version 12.00
# Visual Studio 15
VisualStudioVersion = 15.0.27703.2000
MinimumVisualStudioVersion = 10.0.40219.1
Project("{FAE04EC0-301F-11D3-BF4B-00C04F79EFBC}") = "App1_NossoChat.Android", "App1_NossoChat\App1_NossoChat.Android\App1_NossoChat.Android.csproj", "{CA362F47-6632-4CDF-8638-389D36F87066}"
EndProject
Project("{FAE04EC0-301F-11D3-BF4B-00C04F79EFBC}") = "App1_NossoChat.iOS", "App1_NossoChat\App1_NossoChat.iOS\App1_NossoChat.iOS.csproj", "{713E1E5C-93EE-4566-8C79-F40A8B7B1DDF}"
EndProject
Project("{FAE04EC0-301F-11D3-BF4B-00C04F79EFBC}") = "App1_NossoChat.UWP", "App1_NossoChat\App1_NossoChat.UWP\App1_NossoChat.UWP.csproj", "{A90425A9-F3B5-4204-A320-7D382F507F8D}"
EndProject
Project("{FAE04EC0-301F-11D3-BF4B-00C04F79EFBC}") = "App1_NossoChat", "App1_NossoChat\App1_NossoChat\App1_NossoChat.csproj", "{338D913C-BE19-4DB3-8714-8659AE915679}"
EndProject
Global
	GlobalSection(SolutionConfigurationPlatforms) = preSolution
		Ad-Hoc|Any CPU = Ad-Hoc|Any CPU
		Ad-Hoc|ARM = Ad-Hoc|ARM
		Ad-Hoc|iPhone = Ad-Hoc|iPhone
		Ad-Hoc|iPhoneSimulator = Ad-Hoc|iPhoneSimulator
		Ad-Hoc|x64 = Ad-Hoc|x64
		Ad-Hoc|x86 = Ad-Hoc|x86
		AppStore|Any CPU = AppStore|Any CPU
		AppStore|ARM = AppStore|ARM
		AppStore|iPhone = AppStore|iPhone
		AppStore|iPhoneSimulator = AppStore|iPhoneSimulator
		AppStore|x64 = AppStore|x64
		AppStore|x86 = AppStore|x86
		Debug|Any CPU = Debug|Any CPU
		Debug|ARM = Debug|ARM
		Debug|iPhone = Debug|iPhone
		Debug|iPhoneSimulator = Debug|iPhoneSimulator
		Debug|x64 = Debug|x64
		Debug|x86 = Debug|x86
		Release|Any CPU = Release|Any CPU
		Release|ARM = Release|ARM
		Release|iPhone = Release|iPhone
		Release|iPhoneSimulator = Release|iPhoneSimulator
		Release|x64 = Release|x64
		Release|x86 = Release|x86
	EndGlobalSection
	GlobalSection(ProjectConfigurationPlatforms) = postSolution
		{CA362F47-6632-4CDF-8638-389D36F87066}.Ad-Hoc|Any CPU.ActiveCfg = Release|Any CPU
		{CA362F47-6632-4CDF-8638-389D36F87066}.Ad-Hoc|Any CPU.Build.0 = Release|Any CPU
		{CA362F47-6632-4CDF-8638-389D36F87066}.Ad-Hoc|Any CPU.Deploy.0 = Release|Any CPU
		{CA362F47-6632-4CDF-8638-389D36F87066}.Ad-Hoc|ARM.ActiveCfg = Release|Any CPU
		{CA362F47-6632-4CDF-8638-389D36F87066}.Ad-Hoc|ARM.Build.0 = Release|Any CPU
		{CA362F47-6632-4CDF-8638-389D36F87066}.Ad-Hoc|ARM.Deploy.0 = Release|Any CPU
		{CA362F47-6632-4CDF-8638-389D36F87066}.Ad-Hoc|iPhone.ActiveCfg = Release|Any CPU
		{CA362F47-6632-4CDF-8638-389D36F87066}.Ad-Hoc|iPhone.Build.0 = Release|Any CPU
		{CA362F47-6632-4CDF-8638-389D36F87066}.Ad-Hoc|iPhone.Deploy.0 = Release|Any CPU
		{CA362F47-6632-4CDF-8638-389D36F87066}.Ad-Hoc|iPhoneSimulator.ActiveCfg = Release|Any CPU
		{CA362F47-6632-4CDF-8638-389D36F87066}.Ad-Hoc|iPhoneSimulator.Build.0 = Release|Any CPU
		{CA362F47-6632-4CDF-8638-389D36F87066}.Ad-Hoc|iPhoneSimulator.Deploy.0 = Release|Any CPU
		{CA362F47-6632-4CDF-8638-389D36F87066}.Ad-Hoc|x64.ActiveCfg = Release|Any CPU
		{CA362F47-6632-4CDF-8638-389D36F87066}.Ad-Hoc|x64.Build.0 = Release|Any CPU
		{CA362F47-6632-4CDF-8638-389D36F87066}.Ad-Hoc|x64.Deploy.0 = Release|Any CPU
		{CA362F47-6632-4CDF-8638-389D36F87066}.Ad-Hoc|x86.ActiveCfg = Release|Any CPU
		{CA362F47-6632-4CDF-8638-389D36F87066}.Ad-Hoc|x86.Build.0 = Release|Any CPU
		{CA362F47-6632-4CDF-8638-389D36F87066}.Ad-Hoc|x86.Deploy.0 = Release|Any CPU
		{CA362F47-6632-4CDF-8638-389D36F87066}.AppStore|Any CPU.ActiveCfg = Release|Any CPU
		{CA362F47-6632-4CDF-8638-389D36F87066}.AppStore|Any CPU.Build.0 = Release|Any CPU
		{CA362F47-6632-4CDF-8638-389D36F87066}.AppStore|Any CPU.Deploy.0 = Release|Any CPU
		{CA362F47-6632-4CDF-8638-389D36F87066}.AppStore|ARM.ActiveCfg = Release|Any CPU
		{CA362F47-6632-4CDF-8638-389D36F87066}.AppStore|ARM.Build.0 = Release|Any CPU
		{CA362F47-6632-4CDF-8638-389D36F87066}.AppStore|ARM.Deploy.0 = Release|Any CPU
		{CA362F47-6632-4CDF-8638-389D36F87066}.AppStore|iPhone.ActiveCfg = Release|Any CPU
		{CA362F47-6632-4CDF-8638-389D36F87066}.AppStore|iPhone.Build.0 = Release|Any CPU
		{CA362F47-6632-4CDF-8638-389D36F87066}.AppStore|iPhone.Deploy.0 = Release|Any CPU
		{CA362F47-6632-4CDF-8638-389D36F87066}.AppStore|iPhoneSimulator.ActiveCfg = Release|Any CPU
		{CA362F47-6632-4CDF-8638-389D36F87066}.AppStore|iPhoneSimulator.Build.0 = Release|Any CPU
		{CA362F47-6632-4CDF-8638-389D36F87066}.AppStore|iPhoneSimulator.Deploy.0 = Release|Any CPU
		{CA362F47-6632-4CDF-8638-389D36F87066}.AppStore|x64.ActiveCfg = Release|Any CPU
		{CA362F47-6632-4CDF-8638-389D36F87066}.AppStore|x64.Build.0 = Release|Any CPU
		{CA362F47-6632-4CDF-8638-389D36F87066}.AppStore|x64.Deploy.0 = Release|Any CPU
		{CA362F47-6632-4CDF-8638-389D36F87066}.AppStore|x86.ActiveCfg = Release|Any CPU
		{CA362F47-6632-4CDF-8638-389D36F87066}.AppStore|x86.Build.0 = Release|Any CPU
		{CA362F47-6632-4CDF-8638-389D36F87066}.AppStore|x86.Deploy.0 = Release|Any CPU
		{CA362F47-6632-4CDF-8638-389D36F87066}.Debug|Any CPU.ActiveCfg = Debug|Any CPU
		{CA362F47-6632-4CDF-8638-389D36F87066}.Debug|Any CPU.Build.0 = Debug|Any CPU
		{CA362F47-6632-4CDF-8638-389D36F87066}.Debug|Any CPU.Deploy.0 = Debug|Any CPU
		{CA362F47-6632-4CDF-8638-389D36F87066}.Debug|ARM.ActiveCfg = Debug|Any CPU
		{CA362F47-6632-4CDF-8638-389D36F87066}.Debug|ARM.Build.0 = Debug|Any CPU
		{CA362F47-6632-4CDF-8638-389D36F87066}.Debug|ARM.Deploy.0 = Debug|Any CPU
		{CA362F47-6632-4CDF-8638-389D36F87066}.Debug|iPhone.ActiveCfg = Debug|Any CPU
		{CA362F47-6632-4CDF-8638-389D36F87066}.Debug|iPhone.Build.0 = Debug|Any CPU
		{CA362F47-6632-4CDF-8638-389D36F87066}.Debug|iPhone.Deploy.0 = Debug|Any CPU
		{CA362F47-6632-4CDF-8638-389D36F87066}.Debug|iPhoneSimulator.ActiveCfg = Debug|Any CPU
		{CA362F47-6632-4CDF-8638-389D36F87066}.Debug|iPhoneSimulator.Build.0 = Debug|Any CPU
		{CA362F47-6632-4CDF-8638-389D36F87066}.Debug|iPhoneSimulator.Deploy.0 = Debug|Any CPU
		{CA362F47-6632-4CDF-8638-389D36F87066}.Debug|x64.ActiveCfg = Debug|Any CPU
		{CA362F47-6632-4CDF-8638-389D36F87066}.Debug|x64.Build.0 = Debug|Any CPU
		{CA362F47-6632-4CDF-8638-389D36F87066}.Debug|x64.Deploy.0 = Debug|Any CPU
		{CA362F47-6632-4CDF-8638-389D36F87066}.Debug|x86.ActiveCfg = Debug|Any CPU
		{CA362F47-6632-4CDF-8638-389D36F87066}.Debug|x86.Build.0 = Debug|Any CPU
		{CA362F47-6632-4CDF-8638-389D36F87066}.Debug|x86.Deploy.0 = Debug|Any CPU
		{CA362F47-6632-4CDF-8638-389D36F87066}.Release|Any CPU.ActiveCfg = Release|Any CPU
		{CA362F47-6632-4CDF-8638-389D36F87066}.Release|Any CPU.Build.0 = Release|Any CPU
		{CA362F47-6632-4CDF-8638-389D36F87066}.Release|Any CPU.Deploy.0 = Release|Any CPU
		{CA362F47-6632-4CDF-8638-389D36F87066}.Release|ARM.ActiveCfg = Release|Any CPU
		{CA362F47-6632-4CDF-8638-389D36F87066}.Release|ARM.Build.0 = Release|Any CPU
		{CA362F47-6632-4CDF-8638-389D36F87066}.Release|ARM.Deploy.0 = Release|Any CPU
		{CA362F47-6632-4CDF-8638-389D36F87066}.Release|iPhone.ActiveCfg = Release|Any CPU
		{CA362F47-6632-4CDF-8638-389D36F87066}.Release|iPhone.Build.0 = Release|Any CPU
		{CA362F47-6632-4CDF-8638-389D36F87066}.Release|iPhone.Deploy.0 = Release|Any CPU
		{CA362F47-6632-4CDF-8638-389D36F87066}.Release|iPhoneSimulator.ActiveCfg = Release|Any CPU
		{CA362F47-6632-4CDF-8638-389D36F87066}.Release|iPhoneSimulator.Build.0 = Release|Any CPU
		{CA362F47-6632-4CDF-8638-389D36F87066}.Release|iPhoneSimulator.Deploy.0 = Release|Any CPU
		{CA362F47-6632-4CDF-8638-389D36F87066}.Release|x64.ActiveCfg = Release|Any CPU
		{CA362F47-6632-4CDF-8638-389D36F87066}.Release|x64.Build.0 = Release|Any CPU
		{CA362F47-6632-4CDF-8638-389D36F87066}.Release|x64.Deploy.0 = Release|Any CPU
		{CA362F47-6632-4CDF-8638-389D36F87066}.Release|x86.ActiveCfg = Release|Any CPU
		{CA362F47-6632-4CDF-8638-389D36F87066}.Release|x86.Build.0 = Release|Any CPU
		{CA362F47-6632-4CDF-8638-389D36F87066}.Release|x86.Deploy.0 = Release|Any CPU
		{713E1E5C-93EE-4566-8C79-F40A8B7B1DDF}.Ad-Hoc|Any CPU.ActiveCfg = Ad-Hoc|iPhone
		{713E1E5C-93EE-4566-8C79-F40A8B7B1DDF}.Ad-Hoc|Any CPU.Build.0 = Ad-Hoc|iPhone
		{713E1E5C-93EE-4566-8C79-F40A8B7B1DDF}.Ad-Hoc|Any CPU.Deploy.0 = Ad-Hoc|iPhone
		{713E1E5C-93EE-4566-8C79-F40A8B7B1DDF}.Ad-Hoc|ARM.ActiveCfg = Ad-Hoc|iPhone
		{713E1E5C-93EE-4566-8C79-F40A8B7B1DDF}.Ad-Hoc|ARM.Build.0 = Ad-Hoc|iPhone
		{713E1E5C-93EE-4566-8C79-F40A8B7B1DDF}.Ad-Hoc|ARM.Deploy.0 = Ad-Hoc|iPhone
		{713E1E5C-93EE-4566-8C79-F40A8B7B1DDF}.Ad-Hoc|iPhone.ActiveCfg = Ad-Hoc|iPhone
		{713E1E5C-93EE-4566-8C79-F40A8B7B1DDF}.Ad-Hoc|iPhone.Build.0 = Ad-Hoc|iPhone
		{713E1E5C-93EE-4566-8C79-F40A8B7B1DDF}.Ad-Hoc|iPhone.Deploy.0 = Ad-Hoc|iPhone
		{713E1E5C-93EE-4566-8C79-F40A8B7B1DDF}.Ad-Hoc|iPhoneSimulator.ActiveCfg = Ad-Hoc|iPhoneSimulator
		{713E1E5C-93EE-4566-8C79-F40A8B7B1DDF}.Ad-Hoc|iPhoneSimulator.Build.0 = Ad-Hoc|iPhoneSimulator
		{713E1E5C-93EE-4566-8C79-F40A8B7B1DDF}.Ad-Hoc|iPhoneSimulator.Deploy.0 = Ad-Hoc|iPhoneSimulator
		{713E1E5C-93EE-4566-8C79-F40A8B7B1DDF}.Ad-Hoc|x64.ActiveCfg = Ad-Hoc|iPhone
		{713E1E5C-93EE-4566-8C79-F40A8B7B1DDF}.Ad-Hoc|x64.Build.0 = Ad-Hoc|iPhone
		{713E1E5C-93EE-4566-8C79-F40A8B7B1DDF}.Ad-Hoc|x64.Deploy.0 = Ad-Hoc|iPhone
		{713E1E5C-93EE-4566-8C79-F40A8B7B1DDF}.Ad-Hoc|x86.ActiveCfg = Ad-Hoc|iPhone
		{713E1E5C-93EE-4566-8C79-F40A8B7B1DDF}.Ad-Hoc|x86.Build.0 = Ad-Hoc|iPhone
		{713E1E5C-93EE-4566-8C79-F40A8B7B1DDF}.Ad-Hoc|x86.Deploy.0 = Ad-Hoc|iPhone
		{713E1E5C-93EE-4566-8C79-F40A8B7B1DDF}.AppStore|Any CPU.ActiveCfg = AppStore|iPhone
		{713E1E5C-93EE-4566-8C79-F40A8B7B1DDF}.AppStore|Any CPU.Build.0 = AppStore|iPhone
		{713E1E5C-93EE-4566-8C79-F40A8B7B1DDF}.AppStore|Any CPU.Deploy.0 = AppStore|iPhone
		{713E1E5C-93EE-4566-8C79-F40A8B7B1DDF}.AppStore|ARM.ActiveCfg = AppStore|iPhone
		{713E1E5C-93EE-4566-8C79-F40A8B7B1DDF}.AppStore|ARM.Build.0 = AppStore|iPhone
		{713E1E5C-93EE-4566-8C79-F40A8B7B1DDF}.AppStore|ARM.Deploy.0 = AppStore|iPhone
		{713E1E5C-93EE-4566-8C79-F40A8B7B1DDF}.AppStore|iPhone.ActiveCfg = AppStore|iPhone
		{713E1E5C-93EE-4566-8C79-F40A8B7B1DDF}.AppStore|iPhone.Build.0 = AppStore|iPhone
		{713E1E5C-93EE-4566-8C79-F40A8B7B1DDF}.AppStore|iPhone.Deploy.0 = AppStore|iPhone
		{713E1E5C-93EE-4566-8C79-F40A8B7B1DDF}.AppStore|iPhoneSimulator.ActiveCfg = AppStore|iPhoneSimulator
		{713E1E5C-93EE-4566-8C79-F40A8B7B1DDF}.AppStore|iPhoneSimulator.Build.0 = AppStore|iPhoneSimulator
		{713E1E5C-93EE-4566-8C79-F40A8B7B1DDF}.AppStore|iPhoneSimulator.Deploy.0 = AppStore|iPhoneSimulator
		{713E1E5C-93EE-4566-8C79-F40A8B7B1DDF}.AppStore|x64.ActiveCfg = AppStore|iPhone
		{713E1E5C-93EE-4566-8C79-F40A8B7B1DDF}.AppStore|x64.Build.0 = AppStore|iPhone
		{713E1E5C-93EE-4566-8C79-F40A8B7B1DDF}.AppStore|x64.Deploy.0 = AppStore|iPhone
		{713E1E5C-93EE-4566-8C79-F40A8B7B1DDF}.AppStore|x86.ActiveCfg = AppStore|iPhone
		{713E1E5C-93EE-4566-8C79-F40A8B7B1DDF}.AppStore|x86.Build.0 = AppStore|iPhone
		{713E1E5C-93EE-4566-8C79-F40A8B7B1DDF}.AppStore|x86.Deploy.0 = AppStore|iPhone
		{713E1E5C-93EE-4566-8C79-F40A8B7B1DDF}.Debug|Any CPU.ActiveCfg = Debug|iPhoneSimulator
		{713E1E5C-93EE-4566-8C79-F40A8B7B1DDF}.Debug|Any CPU.Build.0 = Debug|iPhoneSimulator
		{713E1E5C-93EE-4566-8C79-F40A8B7B1DDF}.Debug|Any CPU.Deploy.0 = Debug|iPhoneSimulator
		{713E1E5C-93EE-4566-8C79-F40A8B7B1DDF}.Debug|ARM.ActiveCfg = Debug|iPhone
		{713E1E5C-93EE-4566-8C79-F40A8B7B1DDF}.Debug|ARM.Build.0 = Debug|iPhone
		{713E1E5C-93EE-4566-8C79-F40A8B7B1DDF}.Debug|ARM.Deploy.0 = Debug|iPhone
		{713E1E5C-93EE-4566-8C79-F40A8B7B1DDF}.Debug|iPhone.ActiveCfg = Debug|iPhone
		{713E1E5C-93EE-4566-8C79-F40A8B7B1DDF}.Debug|iPhone.Build.0 = Debug|iPhone
		{713E1E5C-93EE-4566-8C79-F40A8B7B1DDF}.Debug|iPhone.Deploy.0 = Debug|iPhone
		{713E1E5C-93EE-4566-8C79-F40A8B7B1DDF}.Debug|iPhoneSimulator.ActiveCfg = Debug|iPhoneSimulator
		{713E1E5C-93EE-4566-8C79-F40A8B7B1DDF}.Debug|iPhoneSimulator.Build.0 = Debug|iPhoneSimulator
		{713E1E5C-93EE-4566-8C79-F40A8B7B1DDF}.Debug|iPhoneSimulator.Deploy.0 = Debug|iPhoneSimulator
		{713E1E5C-93EE-4566-8C79-F40A8B7B1DDF}.Debug|x64.ActiveCfg = Debug|iPhone
		{713E1E5C-93EE-4566-8C79-F40A8B7B1DDF}.Debug|x64.Build.0 = Debug|iPhone
		{713E1E5C-93EE-4566-8C79-F40A8B7B1DDF}.Debug|x64.Deploy.0 = Debug|iPhone
		{713E1E5C-93EE-4566-8C79-F40A8B7B1DDF}.Debug|x86.ActiveCfg = Debug|iPhone
		{713E1E5C-93EE-4566-8C79-F40A8B7B1DDF}.Debug|x86.Build.0 = Debug|iPhone
		{713E1E5C-93EE-4566-8C79-F40A8B7B1DDF}.Debug|x86.Deploy.0 = Debug|iPhone
		{713E1E5C-93EE-4566-8C79-F40A8B7B1DDF}.Release|Any CPU.ActiveCfg = Release|iPhone
		{713E1E5C-93EE-4566-8C79-F40A8B7B1DDF}.Release|Any CPU.Build.0 = Release|iPhone
		{713E1E5C-93EE-4566-8C79-F40A8B7B1DDF}.Release|Any CPU.Deploy.0 = Release|iPhone
		{713E1E5C-93EE-4566-8C79-F40A8B7B1DDF}.Release|ARM.ActiveCfg = Release|iPhone
		{713E1E5C-93EE-4566-8C79-F40A8B7B1DDF}.Release|ARM.Build.0 = Release|iPhone
		{713E1E5C-93EE-4566-8C79-F40A8B7B1DDF}.Release|ARM.Deploy.0 = Release|iPhone
		{713E1E5C-93EE-4566-8C79-F40A8B7B1DDF}.Release|iPhone.ActiveCfg = Release|iPhone
		{713E1E5C-93EE-4566-8C79-F40A8B7B1DDF}.Release|iPhone.Build.0 = Release|iPhone
		{713E1E5C-93EE-4566-8C79-F40A8B7B1DDF}.Release|iPhone.Deploy.0 = Release|iPhone
		{713E1E5C-93EE-4566-8C79-F40A8B7B1DDF}.Release|iPhoneSimulator.ActiveCfg = Release|iPhoneSimulator
		{713E1E5C-93EE-4566-8C79-F40A8B7B1DDF}.Release|iPhoneSimulator.Build.0 = Release|iPhoneSimulator
		{713E1E5C-93EE-4566-8C79-F40A8B7B1DDF}.Release|iPhoneSimulator.Deploy.0 = Release|iPhoneSimulator
		{713E1E5C-93EE-4566-8C79-F40A8B7B1DDF}.Release|x64.ActiveCfg = Release|iPhone
		{713E1E5C-93EE-4566-8C79-F40A8B7B1DDF}.Release|x64.Build.0 = Release|iPhone
		{713E1E5C-93EE-4566-8C79-F40A8B7B1DDF}.Release|x64.Deploy.0 = Release|iPhone
		{713E1E5C-93EE-4566-8C79-F40A8B7B1DDF}.Release|x86.ActiveCfg = Release|iPhone
		{713E1E5C-93EE-4566-8C79-F40A8B7B1DDF}.Release|x86.Build.0 = Release|iPhone
		{713E1E5C-93EE-4566-8C79-F40A8B7B1DDF}.Release|x86.Deploy.0 = Release|iPhone
		{A90425A9-F3B5-4204-A320-7D382F507F8D}.Ad-Hoc|Any CPU.ActiveCfg = Release|x86
		{A90425A9-F3B5-4204-A320-7D382F507F8D}.Ad-Hoc|Any CPU.Build.0 = Release|x86
		{A90425A9-F3B5-4204-A320-7D382F507F8D}.Ad-Hoc|Any CPU.Deploy.0 = Release|x86
		{A90425A9-F3B5-4204-A320-7D382F507F8D}.Ad-Hoc|ARM.ActiveCfg = Release|ARM
		{A90425A9-F3B5-4204-A320-7D382F507F8D}.Ad-Hoc|ARM.Build.0 = Release|ARM
		{A90425A9-F3B5-4204-A320-7D382F507F8D}.Ad-Hoc|ARM.Deploy.0 = Release|ARM
		{A90425A9-F3B5-4204-A320-7D382F507F8D}.Ad-Hoc|iPhone.ActiveCfg = Release|x86
		{A90425A9-F3B5-4204-A320-7D382F507F8D}.Ad-Hoc|iPhone.Build.0 = Release|x86
		{A90425A9-F3B5-4204-A320-7D382F507F8D}.Ad-Hoc|iPhone.Deploy.0 = Release|x86
		{A90425A9-F3B5-4204-A320-7D382F507F8D}.Ad-Hoc|iPhoneSimulator.ActiveCfg = Release|x86
		{A90425A9-F3B5-4204-A320-7D382F507F8D}.Ad-Hoc|iPhoneSimulator.Build.0 = Release|x86
		{A90425A9-F3B5-4204-A320-7D382F507F8D}.Ad-Hoc|iPhoneSimulator.Deploy.0 = Release|x86
		{A90425A9-F3B5-4204-A320-7D382F507F8D}.Ad-Hoc|x64.ActiveCfg = Release|x64
		{A90425A9-F3B5-4204-A320-7D382F507F8D}.Ad-Hoc|x64.Build.0 = Release|x64
		{A90425A9-F3B5-4204-A320-7D382F507F8D}.Ad-Hoc|x64.Deploy.0 = Release|x64
		{A90425A9-F3B5-4204-A320-7D382F507F8D}.Ad-Hoc|x86.ActiveCfg = Release|x86
		{A90425A9-F3B5-4204-A320-7D382F507F8D}.Ad-Hoc|x86.Build.0 = Release|x86
		{A90425A9-F3B5-4204-A320-7D382F507F8D}.Ad-Hoc|x86.Deploy.0 = Release|x86
		{A90425A9-F3B5-4204-A320-7D382F507F8D}.AppStore|Any CPU.ActiveCfg = Release|x86
		{A90425A9-F3B5-4204-A320-7D382F507F8D}.AppStore|Any CPU.Build.0 = Release|x86
		{A90425A9-F3B5-4204-A320-7D382F507F8D}.AppStore|Any CPU.Deploy.0 = Release|x86
		{A90425A9-F3B5-4204-A320-7D382F507F8D}.AppStore|ARM.ActiveCfg = Release|ARM
		{A90425A9-F3B5-4204-A320-7D382F507F8D}.AppStore|ARM.Build.0 = Release|ARM
		{A90425A9-F3B5-4204-A320-7D382F507F8D}.AppStore|ARM.Deploy.0 = Release|ARM
		{A90425A9-F3B5-4204-A320-7D382F507F8D}.AppStore|iPhone.ActiveCfg = Release|x86
		{A90425A9-F3B5-4204-A320-7D382F507F8D}.AppStore|iPhone.Build.0 = Release|x86
		{A90425A9-F3B5-4204-A320-7D382F507F8D}.AppStore|iPhone.Deploy.0 = Release|x86
		{A90425A9-F3B5-4204-A320-7D382F507F8D}.AppStore|iPhoneSimulator.ActiveCfg = Release|x86
		{A90425A9-F3B5-4204-A320-7D382F507F8D}.AppStore|iPhoneSimulator.Build.0 = Release|x86
		{A90425A9-F3B5-4204-A320-7D382F507F8D}.AppStore|iPhoneSimulator.Deploy.0 = Release|x86
		{A90425A9-F3B5-4204-A320-7D382F507F8D}.AppStore|x64.ActiveCfg = Release|x64
		{A90425A9-F3B5-4204-A320-7D382F507F8D}.AppStore|x64.Build.0 = Release|x64
		{A90425A9-F3B5-4204-A320-7D382F507F8D}.AppStore|x64.Deploy.0 = Release|x64
		{A90425A9-F3B5-4204-A320-7D382F507F8D}.AppStore|x86.ActiveCfg = Release|x86
		{A90425A9-F3B5-4204-A320-7D382F507F8D}.AppStore|x86.Build.0 = Release|x86
		{A90425A9-F3B5-4204-A320-7D382F507F8D}.AppStore|x86.Deploy.0 = Release|x86
		{A90425A9-F3B5-4204-A320-7D382F507F8D}.Debug|Any CPU.ActiveCfg = Debug|x86
		{A90425A9-F3B5-4204-A320-7D382F507F8D}.Debug|Any CPU.Build.0 = Debug|x86
		{A90425A9-F3B5-4204-A320-7D382F507F8D}.Debug|Any CPU.Deploy.0 = Debug|x86
		{A90425A9-F3B5-4204-A320-7D382F507F8D}.Debug|ARM.ActiveCfg = Debug|ARM
		{A90425A9-F3B5-4204-A320-7D382F507F8D}.Debug|ARM.Build.0 = Debug|ARM
		{A90425A9-F3B5-4204-A320-7D382F507F8D}.Debug|ARM.Deploy.0 = Debug|ARM
		{A90425A9-F3B5-4204-A320-7D382F507F8D}.Debug|iPhone.ActiveCfg = Debug|x86
		{A90425A9-F3B5-4204-A320-7D382F507F8D}.Debug|iPhone.Build.0 = Debug|x86
		{A90425A9-F3B5-4204-A320-7D382F507F8D}.Debug|iPhone.Deploy.0 = Debug|x86
		{A90425A9-F3B5-4204-A320-7D382F507F8D}.Debug|iPhoneSimulator.ActiveCfg = Debug|x86
		{A90425A9-F3B5-4204-A320-7D382F507F8D}.Debug|iPhoneSimulator.Build.0 = Debug|x86
		{A90425A9-F3B5-4204-A320-7D382F507F8D}.Debug|iPhoneSimulator.Deploy.0 = Debug|x86
		{A90425A9-F3B5-4204-A320-7D382F507F8D}.Debug|x64.ActiveCfg = Debug|x64
		{A90425A9-F3B5-4204-A320-7D382F507F8D}.Debug|x64.Build.0 = Debug|x64
		{A90425A9-F3B5-4204-A320-7D382F507F8D}.Debug|x64.Deploy.0 = Debug|x64
		{A90425A9-F3B5-4204-A320-7D382F507F8D}.Debug|x86.ActiveCfg = Debug|x86
		{A90425A9-F3B5-4204-A320-7D382F507F8D}.Debug|x86.Build.0 = Debug|x86
		{A90425A9-F3B5-4204-A320-7D382F507F8D}.Debug|x86.Deploy.0 = Debug|x86
		{A90425A9-F3B5-4204-A320-7D382F507F8D}.Release|Any CPU.ActiveCfg = Release|x86
		{A90425A9-F3B5-4204-A320-7D382F507F8D}.Release|Any CPU.Build.0 = Release|x86
		{A90425A9-F3B5-4204-A320-7D382F507F8D}.Release|Any CPU.Deploy.0 = Release|x86
		{A90425A9-F3B5-4204-A320-7D382F507F8D}.Release|ARM.ActiveCfg = Release|ARM
		{A90425A9-F3B5-4204-A320-7D382F507F8D}.Release|ARM.Build.0 = Release|ARM
		{A90425A9-F3B5-4204-A320-7D382F507F8D}.Release|ARM.Deploy.0 = Release|ARM
		{A90425A9-F3B5-4204-A320-7D382F507F8D}.Release|iPhone.ActiveCfg = Release|x86
		{A90425A9-F3B5-4204-A320-7D382F507F8D}.Release|iPhone.Build.0 = Release|x86
		{A90425A9-F3B5-4204-A320-7D382F507F8D}.Release|iPhone.Deploy.0 = Release|x86
		{A90425A9-F3B5-4204-A320-7D382F507F8D}.Release|iPhoneSimulator.ActiveCfg = Release|x86
		{A90425A9-F3B5-4204-A320-7D382F507F8D}.Release|iPhoneSimulator.Build.0 = Release|x86
		{A90425A9-F3B5-4204-A320-7D382F507F8D}.Release|iPhoneSimulator.Deploy.0 = Release|x86
		{A90425A9-F3B5-4204-A320-7D382F507F8D}.Release|x64.ActiveCfg = Release|x64
		{A90425A9-F3B5-4204-A320-7D382F507F8D}.Release|x64.Build.0 = Release|x64
		{A90425A9-F3B5-4204-A320-7D382F507F8D}.Release|x64.Deploy.0 = Release|x64
		{A90425A9-F3B5-4204-A320-7D382F507F8D}.Release|x86.ActiveCfg = Release|x86
		{A90425A9-F3B5-4204-A320-7D382F507F8D}.Release|x86.Build.0 = Release|x86
		{A90425A9-F3B5-4204-A320-7D382F507F8D}.Release|x86.Deploy.0 = Release|x86
		{338D913C-BE19-4DB3-8714-8659AE915679}.Ad-Hoc|Any CPU.ActiveCfg = Debug|Any CPU
		{338D913C-BE19-4DB3-8714-8659AE915679}.Ad-Hoc|Any CPU.Build.0 = Debug|Any CPU
		{338D913C-BE19-4DB3-8714-8659AE915679}.Ad-Hoc|Any CPU.Deploy.0 = Debug|Any CPU
		{338D913C-BE19-4DB3-8714-8659AE915679}.Ad-Hoc|ARM.ActiveCfg = Debug|Any CPU
		{338D913C-BE19-4DB3-8714-8659AE915679}.Ad-Hoc|ARM.Build.0 = Debug|Any CPU
		{338D913C-BE19-4DB3-8714-8659AE915679}.Ad-Hoc|ARM.Deploy.0 = Debug|Any CPU
		{338D913C-BE19-4DB3-8714-8659AE915679}.Ad-Hoc|iPhone.ActiveCfg = Debug|Any CPU
		{338D913C-BE19-4DB3-8714-8659AE915679}.Ad-Hoc|iPhone.Build.0 = Debug|Any CPU
		{338D913C-BE19-4DB3-8714-8659AE915679}.Ad-Hoc|iPhone.Deploy.0 = Debug|Any CPU
		{338D913C-BE19-4DB3-8714-8659AE915679}.Ad-Hoc|iPhoneSimulator.ActiveCfg = Debug|Any CPU
		{338D913C-BE19-4DB3-8714-8659AE915679}.Ad-Hoc|iPhoneSimulator.Build.0 = Debug|Any CPU
		{338D913C-BE19-4DB3-8714-8659AE915679}.Ad-Hoc|iPhoneSimulator.Deploy.0 = Debug|Any CPU
		{338D913C-BE19-4DB3-8714-8659AE915679}.Ad-Hoc|x64.ActiveCfg = Debug|Any CPU
		{338D913C-BE19-4DB3-8714-8659AE915679}.Ad-Hoc|x64.Build.0 = Debug|Any CPU
		{338D913C-BE19-4DB3-8714-8659AE915679}.Ad-Hoc|x64.Deploy.0 = Debug|Any CPU
		{338D913C-BE19-4DB3-8714-8659AE915679}.Ad-Hoc|x86.ActiveCfg = Debug|Any CPU
		{338D913C-BE19-4DB3-8714-8659AE915679}.Ad-Hoc|x86.Build.0 = Debug|Any CPU
		{338D913C-BE19-4DB3-8714-8659AE915679}.Ad-Hoc|x86.Deploy.0 = Debug|Any CPU
		{338D913C-BE19-4DB3-8714-8659AE915679}.AppStore|Any CPU.ActiveCfg = Debug|Any CPU
		{338D913C-BE19-4DB3-8714-8659AE915679}.AppStore|Any CPU.Build.0 = Debug|Any CPU
		{338D913C-BE19-4DB3-8714-8659AE915679}.AppStore|Any CPU.Deploy.0 = Debug|Any CPU
		{338D913C-BE19-4DB3-8714-8659AE915679}.AppStore|ARM.ActiveCfg = Debug|Any CPU
		{338D913C-BE19-4DB3-8714-8659AE915679}.AppStore|ARM.Build.0 = Debug|Any CPU
		{338D913C-BE19-4DB3-8714-8659AE915679}.AppStore|ARM.Deploy.0 = Debug|Any CPU
		{338D913C-BE19-4DB3-8714-8659AE915679}.AppStore|iPhone.ActiveCfg = Debug|Any CPU
		{338D913C-BE19-4DB3-8714-8659AE915679}.AppStore|iPhone.Build.0 = Debug|Any CPU
		{338D913C-BE19-4DB3-8714-8659AE915679}.AppStore|iPhone.Deploy.0 = Debug|Any CPU
		{338D913C-BE19-4DB3-8714-8659AE915679}.AppStore|iPhoneSimulator.ActiveCfg = Debug|Any CPU
		{338D913C-BE19-4DB3-8714-8659AE915679}.AppStore|iPhoneSimulator.Build.0 = Debug|Any CPU
		{338D913C-BE19-4DB3-8714-8659AE915679}.AppStore|iPhoneSimulator.Deploy.0 = Debug|Any CPU
		{338D913C-BE19-4DB3-8714-8659AE915679}.AppStore|x64.ActiveCfg = Debug|Any CPU
		{338D913C-BE19-4DB3-8714-8659AE915679}.AppStore|x64.Build.0 = Debug|Any CPU
		{338D913C-BE19-4DB3-8714-8659AE915679}.AppStore|x64.Deploy.0 = Debug|Any CPU
		{338D913C-BE19-4DB3-8714-8659AE915679}.AppStore|x86.ActiveCfg = Debug|Any CPU
		{338D913C-BE19-4DB3-8714-8659AE915679}.AppStore|x86.Build.0 = Debug|Any CPU
		{338D913C-BE19-4DB3-8714-8659AE915679}.AppStore|x86.Deploy.0 = Debug|Any CPU
		{338D913C-BE19-4DB3-8714-8659AE915679}.Debug|Any CPU.ActiveCfg = Debug|Any CPU
		{338D913C-BE19-4DB3-8714-8659AE915679}.Debug|Any CPU.Build.0 = Debug|Any CPU
		{338D913C-BE19-4DB3-8714-8659AE915679}.Debug|Any CPU.Deploy.0 = Debug|Any CPU
		{338D913C-BE19-4DB3-8714-8659AE915679}.Debug|ARM.ActiveCfg = Debug|Any CPU
		{338D913C-BE19-4DB3-8714-8659AE915679}.Debug|ARM.Build.0 = Debug|Any CPU
		{338D913C-BE19-4DB3-8714-8659AE915679}.Debug|ARM.Deploy.0 = Debug|Any CPU
		{338D913C-BE19-4DB3-8714-8659AE915679}.Debug|iPhone.ActiveCfg = Debug|Any CPU
		{338D913C-BE19-4DB3-8714-8659AE915679}.Debug|iPhone.Build.0 = Debug|Any CPU
		{338D913C-BE19-4DB3-8714-8659AE915679}.Debug|iPhone.Deploy.0 = Debug|Any CPU
		{338D913C-BE19-4DB3-8714-8659AE915679}.Debug|iPhoneSimulator.ActiveCfg = Debug|Any CPU
		{338D913C-BE19-4DB3-8714-8659AE915679}.Debug|iPhoneSimulator.Build.0 = Debug|Any CPU
		{338D913C-BE19-4DB3-8714-8659AE915679}.Debug|iPhoneSimulator.Deploy.0 = Debug|Any CPU
		{338D913C-BE19-4DB3-8714-8659AE915679}.Debug|x64.ActiveCfg = Debug|Any CPU
		{338D913C-BE19-4DB3-8714-8659AE915679}.Debug|x64.Build.0 = Debug|Any CPU
		{338D913C-BE19-4DB3-8714-8659AE915679}.Debug|x64.Deploy.0 = Debug|Any CPU
		{338D913C-BE19-4DB3-8714-8659AE915679}.Debug|x86.ActiveCfg = Debug|Any CPU
		{338D913C-BE19-4DB3-8714-8659AE915679}.Debug|x86.Build.0 = Debug|Any CPU
		{338D913C-BE19-4DB3-8714-8659AE915679}.Debug|x86.Deploy.0 = Debug|Any CPU
		{338D913C-BE19-4DB3-8714-8659AE915679}.Release|Any CPU.ActiveCfg = Release|Any CPU
		{338D913C-BE19-4DB3-8714-8659AE915679}.Release|Any CPU.Build.0 = Release|Any CPU
		{338D913C-BE19-4DB3-8714-8659AE915679}.Release|Any CPU.Deploy.0 = Release|Any CPU
		{338D913C-BE19-4DB3-8714-8659AE915679}.Release|ARM.ActiveCfg = Release|Any CPU
		{338D913C-BE19-4DB3-8714-8659AE915679}.Release|ARM.Build.0 = Release|Any CPU
		{338D913C-BE19-4DB3-8714-8659AE915679}.Release|ARM.Deploy.0 = Release|Any CPU
		{338D913C-BE19-4DB3-8714-8659AE915679}.Release|iPhone.ActiveCfg = Release|Any CPU
		{338D913C-BE19-4DB3-8714-8659AE915679}.Release|iPhone.Build.0 = Release|Any CPU
		{338D913C-BE19-4DB3-8714-8659AE915679}.Release|iPhone.Deploy.0 = Release|Any CPU
		{338D913C-BE19-4DB3-8714-8659AE915679}.Release|iPhoneSimulator.ActiveCfg = Release|Any CPU
		{338D913C-BE19-4DB3-8714-8659AE915679}.Release|iPhoneSimulator.Build.0 = Release|Any CPU
		{338D913C-BE19-4DB3-8714-8659AE915679}.Release|iPhoneSimulator.Deploy.0 = Release|Any CPU
		{338D913C-BE19-4DB3-8714-8659AE915679}.Release|x64.ActiveCfg = Release|Any CPU
		{338D913C-BE19-4DB3-8714-8659AE915679}.Release|x64.Build.0 = Release|Any CPU
		{338D913C-BE19-4DB3-8714-8659AE915679}.Release|x64.Deploy.0 = Release|Any CPU
		{338D913C-BE19-4DB3-8714-8659AE915679}.Release|x86.ActiveCfg = Release|Any CPU
		{338D913C-BE19-4DB3-8714-8659AE915679}.Release|x86.Build.0 = Release|Any CPU
		{338D913C-BE19-4DB3-8714-8659AE915679}.Release|x86.Deploy.0 = Release|Any CPU
	EndGlobalSection
	GlobalSection(SolutionProperties) = preSolution
		HideSolutionNode = FALSE
	EndGlobalSection
	GlobalSection(ExtensibilityGlobals) = postSolution
		SolutionGuid = {2EFE7D69-D375-47B6-A599-6C0AFE9D4731}
	EndGlobalSection
EndGlobal
