
Microsoft Visual Studio Solution File, Format Version 12.00
# Visual Studio 15
VisualStudioVersion = 15.0.27428.2027
MinimumVisualStudioVersion = 10.0.40219.1
Project("{FAE04EC0-301F-11D3-BF4B-00C04F79EFBC}") = "App2_lista.Android", "App2_lista\App2_lista.Android\App2_lista.Android.csproj", "{1B5D404F-BC35-4A66-86F8-3A0D45FAA184}"
EndProject
Project("{FAE04EC0-301F-11D3-BF4B-00C04F79EFBC}") = "App2_lista.iOS", "App2_lista\App2_lista.iOS\App2_lista.iOS.csproj", "{26879BC0-73E9-44D7-A3C8-DCCABDD117BB}"
EndProject
Project("{FAE04EC0-301F-11D3-BF4B-00C04F79EFBC}") = "App2_lista.UWP", "App2_lista\App2_lista.UWP\App2_lista.UWP.csproj", "{C724437B-291E-40C2-A6A0-F00328AFE75C}"
EndProject
Project("{FAE04EC0-301F-11D3-BF4B-00C04F79EFBC}") = "App2_lista", "App2_lista\App2_lista\App2_lista.csproj", "{6F42983A-8A8F-4B8B-A0C7-BFA0EA7F9D66}"
EndProject
Global
	GlobalSection(SolutionConfigurationPlatforms) = preSolution
		Ad-Hoc|Any CPU = Ad-Hoc|Any CPU
		Ad-Hoc|ARM = Ad-Hoc|ARM
		Ad-Hoc|iPhone = Ad-Hoc|iPhone
		Ad-Hoc|iPhoneSimulator = Ad-Hoc|iPhoneSimulator
		Ad-Hoc|x64 = Ad-Hoc|x64
		Ad-Hoc|x86 = Ad-Hoc|x86
		AppStore|Any CPU = AppStore|Any CPU
		AppStore|ARM = AppStore|ARM
		AppStore|iPhone = AppStore|iPhone
		AppStore|iPhoneSimulator = AppStore|iPhoneSimulator
		AppStore|x64 = AppStore|x64
		AppStore|x86 = AppStore|x86
		Debug|Any CPU = Debug|Any CPU
		Debug|ARM = Debug|ARM
		Debug|iPhone = Debug|iPhone
		Debug|iPhoneSimulator = Debug|iPhoneSimulator
		Debug|x64 = Debug|x64
		Debug|x86 = Debug|x86
		Release|Any CPU = Release|Any CPU
		Release|ARM = Release|ARM
		Release|iPhone = Release|iPhone
		Release|iPhoneSimulator = Release|iPhoneSimulator
		Release|x64 = Release|x64
		Release|x86 = Release|x86
	EndGlobalSection
	GlobalSection(ProjectConfigurationPlatforms) = postSolution
		{1B5D404F-BC35-4A66-86F8-3A0D45FAA184}.Ad-Hoc|Any CPU.ActiveCfg = Release|Any CPU
		{1B5D404F-BC35-4A66-86F8-3A0D45FAA184}.Ad-Hoc|Any CPU.Build.0 = Release|Any CPU
		{1B5D404F-BC35-4A66-86F8-3A0D45FAA184}.Ad-Hoc|Any CPU.Deploy.0 = Release|Any CPU
		{1B5D404F-BC35-4A66-86F8-3A0D45FAA184}.Ad-Hoc|ARM.ActiveCfg = Release|Any CPU
		{1B5D404F-BC35-4A66-86F8-3A0D45FAA184}.Ad-Hoc|ARM.Build.0 = Release|Any CPU
		{1B5D404F-BC35-4A66-86F8-3A0D45FAA184}.Ad-Hoc|ARM.Deploy.0 = Release|Any CPU
		{1B5D404F-BC35-4A66-86F8-3A0D45FAA184}.Ad-Hoc|iPhone.ActiveCfg = Release|Any CPU
		{1B5D404F-BC35-4A66-86F8-3A0D45FAA184}.Ad-Hoc|iPhone.Build.0 = Release|Any CPU
		{1B5D404F-BC35-4A66-86F8-3A0D45FAA184}.Ad-Hoc|iPhone.Deploy.0 = Release|Any CPU
		{1B5D404F-BC35-4A66-86F8-3A0D45FAA184}.Ad-Hoc|iPhoneSimulator.ActiveCfg = Release|Any CPU
		{1B5D404F-BC35-4A66-86F8-3A0D45FAA184}.Ad-Hoc|iPhoneSimulator.Build.0 = Release|Any CPU
		{1B5D404F-BC35-4A66-86F8-3A0D45FAA184}.Ad-Hoc|iPhoneSimulator.Deploy.0 = Release|Any CPU
		{1B5D404F-BC35-4A66-86F8-3A0D45FAA184}.Ad-Hoc|x64.ActiveCfg = Release|Any CPU
		{1B5D404F-BC35-4A66-86F8-3A0D45FAA184}.Ad-Hoc|x64.Build.0 = Release|Any CPU
		{1B5D404F-BC35-4A66-86F8-3A0D45FAA184}.Ad-Hoc|x64.Deploy.0 = Release|Any CPU
		{1B5D404F-BC35-4A66-86F8-3A0D45FAA184}.Ad-Hoc|x86.ActiveCfg = Release|Any CPU
		{1B5D404F-BC35-4A66-86F8-3A0D45FAA184}.Ad-Hoc|x86.Build.0 = Release|Any CPU
		{1B5D404F-BC35-4A66-86F8-3A0D45FAA184}.Ad-Hoc|x86.Deploy.0 = Release|Any CPU
		{1B5D404F-BC35-4A66-86F8-3A0D45FAA184}.AppStore|Any CPU.ActiveCfg = Release|Any CPU
		{1B5D404F-BC35-4A66-86F8-3A0D45FAA184}.AppStore|Any CPU.Build.0 = Release|Any CPU
		{1B5D404F-BC35-4A66-86F8-3A0D45FAA184}.AppStore|Any CPU.Deploy.0 = Release|Any CPU
		{1B5D404F-BC35-4A66-86F8-3A0D45FAA184}.AppStore|ARM.ActiveCfg = Release|Any CPU
		{1B5D404F-BC35-4A66-86F8-3A0D45FAA184}.AppStore|ARM.Build.0 = Release|Any CPU
		{1B5D404F-BC35-4A66-86F8-3A0D45FAA184}.AppStore|ARM.Deploy.0 = Release|Any CPU
		{1B5D404F-BC35-4A66-86F8-3A0D45FAA184}.AppStore|iPhone.ActiveCfg = Release|Any CPU
		{1B5D404F-BC35-4A66-86F8-3A0D45FAA184}.AppStore|iPhone.Build.0 = Release|Any CPU
		{1B5D404F-BC35-4A66-86F8-3A0D45FAA184}.AppStore|iPhone.Deploy.0 = Release|Any CPU
		{1B5D404F-BC35-4A66-86F8-3A0D45FAA184}.AppStore|iPhoneSimulator.ActiveCfg = Release|Any CPU
		{1B5D404F-BC35-4A66-86F8-3A0D45FAA184}.AppStore|iPhoneSimulator.Build.0 = Release|Any CPU
		{1B5D404F-BC35-4A66-86F8-3A0D45FAA184}.AppStore|iPhoneSimulator.Deploy.0 = Release|Any CPU
		{1B5D404F-BC35-4A66-86F8-3A0D45FAA184}.AppStore|x64.ActiveCfg = Release|Any CPU
		{1B5D404F-BC35-4A66-86F8-3A0D45FAA184}.AppStore|x64.Build.0 = Release|Any CPU
		{1B5D404F-BC35-4A66-86F8-3A0D45FAA184}.AppStore|x64.Deploy.0 = Release|Any CPU
		{1B5D404F-BC35-4A66-86F8-3A0D45FAA184}.AppStore|x86.ActiveCfg = Release|Any CPU
		{1B5D404F-BC35-4A66-86F8-3A0D45FAA184}.AppStore|x86.Build.0 = Release|Any CPU
		{1B5D404F-BC35-4A66-86F8-3A0D45FAA184}.AppStore|x86.Deploy.0 = Release|Any CPU
		{1B5D404F-BC35-4A66-86F8-3A0D45FAA184}.Debug|Any CPU.ActiveCfg = Debug|Any CPU
		{1B5D404F-BC35-4A66-86F8-3A0D45FAA184}.Debug|Any CPU.Build.0 = Debug|Any CPU
		{1B5D404F-BC35-4A66-86F8-3A0D45FAA184}.Debug|Any CPU.Deploy.0 = Debug|Any CPU
		{1B5D404F-BC35-4A66-86F8-3A0D45FAA184}.Debug|ARM.ActiveCfg = Debug|Any CPU
		{1B5D404F-BC35-4A66-86F8-3A0D45FAA184}.Debug|ARM.Build.0 = Debug|Any CPU
		{1B5D404F-BC35-4A66-86F8-3A0D45FAA184}.Debug|ARM.Deploy.0 = Debug|Any CPU
		{1B5D404F-BC35-4A66-86F8-3A0D45FAA184}.Debug|iPhone.ActiveCfg = Debug|Any CPU
		{1B5D404F-BC35-4A66-86F8-3A0D45FAA184}.Debug|iPhone.Build.0 = Debug|Any CPU
		{1B5D404F-BC35-4A66-86F8-3A0D45FAA184}.Debug|iPhone.Deploy.0 = Debug|Any CPU
		{1B5D404F-BC35-4A66-86F8-3A0D45FAA184}.Debug|iPhoneSimulator.ActiveCfg = Debug|Any CPU
		{1B5D404F-BC35-4A66-86F8-3A0D45FAA184}.Debug|iPhoneSimulator.Build.0 = Debug|Any CPU
		{1B5D404F-BC35-4A66-86F8-3A0D45FAA184}.Debug|iPhoneSimulator.Deploy.0 = Debug|Any CPU
		{1B5D404F-BC35-4A66-86F8-3A0D45FAA184}.Debug|x64.ActiveCfg = Debug|Any CPU
		{1B5D404F-BC35-4A66-86F8-3A0D45FAA184}.Debug|x64.Build.0 = Debug|Any CPU
		{1B5D404F-BC35-4A66-86F8-3A0D45FAA184}.Debug|x64.Deploy.0 = Debug|Any CPU
		{1B5D404F-BC35-4A66-86F8-3A0D45FAA184}.Debug|x86.ActiveCfg = Debug|Any CPU
		{1B5D404F-BC35-4A66-86F8-3A0D45FAA184}.Debug|x86.Build.0 = Debug|Any CPU
		{1B5D404F-BC35-4A66-86F8-3A0D45FAA184}.Debug|x86.Deploy.0 = Debug|Any CPU
		{1B5D404F-BC35-4A66-86F8-3A0D45FAA184}.Release|Any CPU.ActiveCfg = Release|Any CPU
		{1B5D404F-BC35-4A66-86F8-3A0D45FAA184}.Release|Any CPU.Build.0 = Release|Any CPU
		{1B5D404F-BC35-4A66-86F8-3A0D45FAA184}.Release|Any CPU.Deploy.0 = Release|Any CPU
		{1B5D404F-BC35-4A66-86F8-3A0D45FAA184}.Release|ARM.ActiveCfg = Release|Any CPU
		{1B5D404F-BC35-4A66-86F8-3A0D45FAA184}.Release|ARM.Build.0 = Release|Any CPU
		{1B5D404F-BC35-4A66-86F8-3A0D45FAA184}.Release|ARM.Deploy.0 = Release|Any CPU
		{1B5D404F-BC35-4A66-86F8-3A0D45FAA184}.Release|iPhone.ActiveCfg = Release|Any CPU
		{1B5D404F-BC35-4A66-86F8-3A0D45FAA184}.Release|iPhone.Build.0 = Release|Any CPU
		{1B5D404F-BC35-4A66-86F8-3A0D45FAA184}.Release|iPhone.Deploy.0 = Release|Any CPU
		{1B5D404F-BC35-4A66-86F8-3A0D45FAA184}.Release|iPhoneSimulator.ActiveCfg = Release|Any CPU
		{1B5D404F-BC35-4A66-86F8-3A0D45FAA184}.Release|iPhoneSimulator.Build.0 = Release|Any CPU
		{1B5D404F-BC35-4A66-86F8-3A0D45FAA184}.Release|iPhoneSimulator.Deploy.0 = Release|Any CPU
		{1B5D404F-BC35-4A66-86F8-3A0D45FAA184}.Release|x64.ActiveCfg = Release|Any CPU
		{1B5D404F-BC35-4A66-86F8-3A0D45FAA184}.Release|x64.Build.0 = Release|Any CPU
		{1B5D404F-BC35-4A66-86F8-3A0D45FAA184}.Release|x64.Deploy.0 = Release|Any CPU
		{1B5D404F-BC35-4A66-86F8-3A0D45FAA184}.Release|x86.ActiveCfg = Release|Any CPU
		{1B5D404F-BC35-4A66-86F8-3A0D45FAA184}.Release|x86.Build.0 = Release|Any CPU
		{1B5D404F-BC35-4A66-86F8-3A0D45FAA184}.Release|x86.Deploy.0 = Release|Any CPU
		{26879BC0-73E9-44D7-A3C8-DCCABDD117BB}.Ad-Hoc|Any CPU.ActiveCfg = Ad-Hoc|iPhone
		{26879BC0-73E9-44D7-A3C8-DCCABDD117BB}.Ad-Hoc|ARM.ActiveCfg = Ad-Hoc|iPhone
		{26879BC0-73E9-44D7-A3C8-DCCABDD117BB}.Ad-Hoc|iPhone.ActiveCfg = Ad-Hoc|iPhone
		{26879BC0-73E9-44D7-A3C8-DCCABDD117BB}.Ad-Hoc|iPhone.Build.0 = Ad-Hoc|iPhone
		{26879BC0-73E9-44D7-A3C8-DCCABDD117BB}.Ad-Hoc|iPhoneSimulator.ActiveCfg = Ad-Hoc|iPhoneSimulator
		{26879BC0-73E9-44D7-A3C8-DCCABDD117BB}.Ad-Hoc|iPhoneSimulator.Build.0 = Ad-Hoc|iPhoneSimulator
		{26879BC0-73E9-44D7-A3C8-DCCABDD117BB}.Ad-Hoc|x64.ActiveCfg = Ad-Hoc|iPhone
		{26879BC0-73E9-44D7-A3C8-DCCABDD117BB}.Ad-Hoc|x86.ActiveCfg = Ad-Hoc|iPhone
		{26879BC0-73E9-44D7-A3C8-DCCABDD117BB}.AppStore|Any CPU.ActiveCfg = AppStore|iPhone
		{26879BC0-73E9-44D7-A3C8-DCCABDD117BB}.AppStore|ARM.ActiveCfg = AppStore|iPhone
		{26879BC0-73E9-44D7-A3C8-DCCABDD117BB}.AppStore|iPhone.ActiveCfg = AppStore|iPhone
		{26879BC0-73E9-44D7-A3C8-DCCABDD117BB}.AppStore|iPhone.Build.0 = AppStore|iPhone
		{26879BC0-73E9-44D7-A3C8-DCCABDD117BB}.AppStore|iPhoneSimulator.ActiveCfg = AppStore|iPhoneSimulator
		{26879BC0-73E9-44D7-A3C8-DCCABDD117BB}.AppStore|iPhoneSimulator.Build.0 = AppStore|iPhoneSimulator
		{26879BC0-73E9-44D7-A3C8-DCCABDD117BB}.AppStore|x64.ActiveCfg = AppStore|iPhone
		{26879BC0-73E9-44D7-A3C8-DCCABDD117BB}.AppStore|x86.ActiveCfg = AppStore|iPhone
		{26879BC0-73E9-44D7-A3C8-DCCABDD117BB}.Debug|Any CPU.ActiveCfg = Debug|iPhone
		{26879BC0-73E9-44D7-A3C8-DCCABDD117BB}.Debug|ARM.ActiveCfg = Debug|iPhone
		{26879BC0-73E9-44D7-A3C8-DCCABDD117BB}.Debug|iPhone.ActiveCfg = Debug|iPhone
		{26879BC0-73E9-44D7-A3C8-DCCABDD117BB}.Debug|iPhone.Build.0 = Debug|iPhone
		{26879BC0-73E9-44D7-A3C8-DCCABDD117BB}.Debug|iPhoneSimulator.ActiveCfg = Debug|iPhoneSimulator
		{26879BC0-73E9-44D7-A3C8-DCCABDD117BB}.Debug|iPhoneSimulator.Build.0 = Debug|iPhoneSimulator
		{26879BC0-73E9-44D7-A3C8-DCCABDD117BB}.Debug|x64.ActiveCfg = Debug|iPhone
		{26879BC0-73E9-44D7-A3C8-DCCABDD117BB}.Debug|x86.ActiveCfg = Debug|iPhone
		{26879BC0-73E9-44D7-A3C8-DCCABDD117BB}.Release|Any CPU.ActiveCfg = Release|iPhone
		{26879BC0-73E9-44D7-A3C8-DCCABDD117BB}.Release|ARM.ActiveCfg = Release|iPhone
		{26879BC0-73E9-44D7-A3C8-DCCABDD117BB}.Release|iPhone.ActiveCfg = Release|iPhone
		{26879BC0-73E9-44D7-A3C8-DCCABDD117BB}.Release|iPhone.Build.0 = Release|iPhone
		{26879BC0-73E9-44D7-A3C8-DCCABDD117BB}.Release|iPhoneSimulator.ActiveCfg = Release|iPhoneSimulator
		{26879BC0-73E9-44D7-A3C8-DCCABDD117BB}.Release|iPhoneSimulator.Build.0 = Release|iPhoneSimulator
		{26879BC0-73E9-44D7-A3C8-DCCABDD117BB}.Release|x64.ActiveCfg = Release|iPhone
		{26879BC0-73E9-44D7-A3C8-DCCABDD117BB}.Release|x86.ActiveCfg = Release|iPhone
		{C724437B-291E-40C2-A6A0-F00328AFE75C}.Ad-Hoc|Any CPU.ActiveCfg = Release|x86
		{C724437B-291E-40C2-A6A0-F00328AFE75C}.Ad-Hoc|Any CPU.Build.0 = Release|x86
		{C724437B-291E-40C2-A6A0-F00328AFE75C}.Ad-Hoc|Any CPU.Deploy.0 = Release|x86
		{C724437B-291E-40C2-A6A0-F00328AFE75C}.Ad-Hoc|ARM.ActiveCfg = Release|ARM
		{C724437B-291E-40C2-A6A0-F00328AFE75C}.Ad-Hoc|ARM.Build.0 = Release|ARM
		{C724437B-291E-40C2-A6A0-F00328AFE75C}.Ad-Hoc|ARM.Deploy.0 = Release|ARM
		{C724437B-291E-40C2-A6A0-F00328AFE75C}.Ad-Hoc|iPhone.ActiveCfg = Release|x86
		{C724437B-291E-40C2-A6A0-F00328AFE75C}.Ad-Hoc|iPhone.Build.0 = Release|x86
		{C724437B-291E-40C2-A6A0-F00328AFE75C}.Ad-Hoc|iPhone.Deploy.0 = Release|x86
		{C724437B-291E-40C2-A6A0-F00328AFE75C}.Ad-Hoc|iPhoneSimulator.ActiveCfg = Release|x86
		{C724437B-291E-40C2-A6A0-F00328AFE75C}.Ad-Hoc|iPhoneSimulator.Build.0 = Release|x86
		{C724437B-291E-40C2-A6A0-F00328AFE75C}.Ad-Hoc|iPhoneSimulator.Deploy.0 = Release|x86
		{C724437B-291E-40C2-A6A0-F00328AFE75C}.Ad-Hoc|x64.ActiveCfg = Release|x64
		{C724437B-291E-40C2-A6A0-F00328AFE75C}.Ad-Hoc|x64.Build.0 = Release|x64
		{C724437B-291E-40C2-A6A0-F00328AFE75C}.Ad-Hoc|x64.Deploy.0 = Release|x64
		{C724437B-291E-40C2-A6A0-F00328AFE75C}.Ad-Hoc|x86.ActiveCfg = Release|x86
		{C724437B-291E-40C2-A6A0-F00328AFE75C}.Ad-Hoc|x86.Build.0 = Release|x86
		{C724437B-291E-40C2-A6A0-F00328AFE75C}.Ad-Hoc|x86.Deploy.0 = Release|x86
		{C724437B-291E-40C2-A6A0-F00328AFE75C}.AppStore|Any CPU.ActiveCfg = Release|x86
		{C724437B-291E-40C2-A6A0-F00328AFE75C}.AppStore|Any CPU.Build.0 = Release|x86
		{C724437B-291E-40C2-A6A0-F00328AFE75C}.AppStore|Any CPU.Deploy.0 = Release|x86
		{C724437B-291E-40C2-A6A0-F00328AFE75C}.AppStore|ARM.ActiveCfg = Release|ARM
		{C724437B-291E-40C2-A6A0-F00328AFE75C}.AppStore|ARM.Build.0 = Release|ARM
		{C724437B-291E-40C2-A6A0-F00328AFE75C}.AppStore|ARM.Deploy.0 = Release|ARM
		{C724437B-291E-40C2-A6A0-F00328AFE75C}.AppStore|iPhone.ActiveCfg = Release|x86
		{C724437B-291E-40C2-A6A0-F00328AFE75C}.AppStore|iPhone.Build.0 = Release|x86
		{C724437B-291E-40C2-A6A0-F00328AFE75C}.AppStore|iPhone.Deploy.0 = Release|x86
		{C724437B-291E-40C2-A6A0-F00328AFE75C}.AppStore|iPhoneSimulator.ActiveCfg = Release|x86
		{C724437B-291E-40C2-A6A0-F00328AFE75C}.AppStore|iPhoneSimulator.Build.0 = Release|x86
		{C724437B-291E-40C2-A6A0-F00328AFE75C}.AppStore|iPhoneSimulator.Deploy.0 = Release|x86
		{C724437B-291E-40C2-A6A0-F00328AFE75C}.AppStore|x64.ActiveCfg = Release|x64
		{C724437B-291E-40C2-A6A0-F00328AFE75C}.AppStore|x64.Build.0 = Release|x64
		{C724437B-291E-40C2-A6A0-F00328AFE75C}.AppStore|x64.Deploy.0 = Release|x64
		{C724437B-291E-40C2-A6A0-F00328AFE75C}.AppStore|x86.ActiveCfg = Release|x86
		{C724437B-291E-40C2-A6A0-F00328AFE75C}.AppStore|x86.Build.0 = Release|x86
		{C724437B-291E-40C2-A6A0-F00328AFE75C}.AppStore|x86.Deploy.0 = Release|x86
		{C724437B-291E-40C2-A6A0-F00328AFE75C}.Debug|Any CPU.ActiveCfg = Debug|x86
		{C724437B-291E-40C2-A6A0-F00328AFE75C}.Debug|ARM.ActiveCfg = Debug|ARM
		{C724437B-291E-40C2-A6A0-F00328AFE75C}.Debug|ARM.Build.0 = Debug|ARM
		{C724437B-291E-40C2-A6A0-F00328AFE75C}.Debug|ARM.Deploy.0 = Debug|ARM
		{C724437B-291E-40C2-A6A0-F00328AFE75C}.Debug|iPhone.ActiveCfg = Debug|x86
		{C724437B-291E-40C2-A6A0-F00328AFE75C}.Debug|iPhoneSimulator.ActiveCfg = Debug|x86
		{C724437B-291E-40C2-A6A0-F00328AFE75C}.Debug|x64.ActiveCfg = Debug|x64
		{C724437B-291E-40C2-A6A0-F00328AFE75C}.Debug|x64.Build.0 = Debug|x64
		{C724437B-291E-40C2-A6A0-F00328AFE75C}.Debug|x64.Deploy.0 = Debug|x64
		{C724437B-291E-40C2-A6A0-F00328AFE75C}.Debug|x86.ActiveCfg = Debug|x86
		{C724437B-291E-40C2-A6A0-F00328AFE75C}.Debug|x86.Build.0 = Debug|x86
		{C724437B-291E-40C2-A6A0-F00328AFE75C}.Debug|x86.Deploy.0 = Debug|x86
		{C724437B-291E-40C2-A6A0-F00328AFE75C}.Release|Any CPU.ActiveCfg = Release|x86
		{C724437B-291E-40C2-A6A0-F00328AFE75C}.Release|ARM.ActiveCfg = Release|ARM
		{C724437B-291E-40C2-A6A0-F00328AFE75C}.Release|ARM.Build.0 = Release|ARM
		{C724437B-291E-40C2-A6A0-F00328AFE75C}.Release|ARM.Deploy.0 = Release|ARM
		{C724437B-291E-40C2-A6A0-F00328AFE75C}.Release|iPhone.ActiveCfg = Release|x86
		{C724437B-291E-40C2-A6A0-F00328AFE75C}.Release|iPhoneSimulator.ActiveCfg = Release|x86
		{C724437B-291E-40C2-A6A0-F00328AFE75C}.Release|x64.ActiveCfg = Release|x64
		{C724437B-291E-40C2-A6A0-F00328AFE75C}.Release|x64.Build.0 = Release|x64
		{C724437B-291E-40C2-A6A0-F00328AFE75C}.Release|x64.Deploy.0 = Release|x64
		{C724437B-291E-40C2-A6A0-F00328AFE75C}.Release|x86.ActiveCfg = Release|x86
		{C724437B-291E-40C2-A6A0-F00328AFE75C}.Release|x86.Build.0 = Release|x86
		{C724437B-291E-40C2-A6A0-F00328AFE75C}.Release|x86.Deploy.0 = Release|x86
		{6F42983A-8A8F-4B8B-A0C7-BFA0EA7F9D66}.Ad-Hoc|Any CPU.ActiveCfg = Debug|Any CPU
		{6F42983A-8A8F-4B8B-A0C7-BFA0EA7F9D66}.Ad-Hoc|Any CPU.Build.0 = Debug|Any CPU
		{6F42983A-8A8F-4B8B-A0C7-BFA0EA7F9D66}.Ad-Hoc|ARM.ActiveCfg = Debug|Any CPU
		{6F42983A-8A8F-4B8B-A0C7-BFA0EA7F9D66}.Ad-Hoc|ARM.Build.0 = Debug|Any CPU
		{6F42983A-8A8F-4B8B-A0C7-BFA0EA7F9D66}.Ad-Hoc|iPhone.ActiveCfg = Debug|Any CPU
		{6F42983A-8A8F-4B8B-A0C7-BFA0EA7F9D66}.Ad-Hoc|iPhone.Build.0 = Debug|Any CPU
		{6F42983A-8A8F-4B8B-A0C7-BFA0EA7F9D66}.Ad-Hoc|iPhoneSimulator.ActiveCfg = Debug|Any CPU
		{6F42983A-8A8F-4B8B-A0C7-BFA0EA7F9D66}.Ad-Hoc|iPhoneSimulator.Build.0 = Debug|Any CPU
		{6F42983A-8A8F-4B8B-A0C7-BFA0EA7F9D66}.Ad-Hoc|x64.ActiveCfg = Debug|Any CPU
		{6F42983A-8A8F-4B8B-A0C7-BFA0EA7F9D66}.Ad-Hoc|x64.Build.0 = Debug|Any CPU
		{6F42983A-8A8F-4B8B-A0C7-BFA0EA7F9D66}.Ad-Hoc|x86.ActiveCfg = Debug|Any CPU
		{6F42983A-8A8F-4B8B-A0C7-BFA0EA7F9D66}.Ad-Hoc|x86.Build.0 = Debug|Any CPU
		{6F42983A-8A8F-4B8B-A0C7-BFA0EA7F9D66}.AppStore|Any CPU.ActiveCfg = Debug|Any CPU
		{6F42983A-8A8F-4B8B-A0C7-BFA0EA7F9D66}.AppStore|Any CPU.Build.0 = Debug|Any CPU
		{6F42983A-8A8F-4B8B-A0C7-BFA0EA7F9D66}.AppStore|ARM.ActiveCfg = Debug|Any CPU
		{6F42983A-8A8F-4B8B-A0C7-BFA0EA7F9D66}.AppStore|ARM.Build.0 = Debug|Any CPU
		{6F42983A-8A8F-4B8B-A0C7-BFA0EA7F9D66}.AppStore|iPhone.ActiveCfg = Debug|Any CPU
		{6F42983A-8A8F-4B8B-A0C7-BFA0EA7F9D66}.AppStore|iPhone.Build.0 = Debug|Any CPU
		{6F42983A-8A8F-4B8B-A0C7-BFA0EA7F9D66}.AppStore|iPhoneSimulator.ActiveCfg = Debug|Any CPU
		{6F42983A-8A8F-4B8B-A0C7-BFA0EA7F9D66}.AppStore|iPhoneSimulator.Build.0 = Debug|Any CPU
		{6F42983A-8A8F-4B8B-A0C7-BFA0EA7F9D66}.AppStore|x64.ActiveCfg = Debug|Any CPU
		{6F42983A-8A8F-4B8B-A0C7-BFA0EA7F9D66}.AppStore|x64.Build.0 = Debug|Any CPU
		{6F42983A-8A8F-4B8B-A0C7-BFA0EA7F9D66}.AppStore|x86.ActiveCfg = Debug|Any CPU
		{6F42983A-8A8F-4B8B-A0C7-BFA0EA7F9D66}.AppStore|x86.Build.0 = Debug|Any CPU
		{6F42983A-8A8F-4B8B-A0C7-BFA0EA7F9D66}.Debug|Any CPU.ActiveCfg = Debug|Any CPU
		{6F42983A-8A8F-4B8B-A0C7-BFA0EA7F9D66}.Debug|Any CPU.Build.0 = Debug|Any CPU
		{6F42983A-8A8F-4B8B-A0C7-BFA0EA7F9D66}.Debug|ARM.ActiveCfg = Debug|Any CPU
		{6F42983A-8A8F-4B8B-A0C7-BFA0EA7F9D66}.Debug|ARM.Build.0 = Debug|Any CPU
		{6F42983A-8A8F-4B8B-A0C7-BFA0EA7F9D66}.Debug|iPhone.ActiveCfg = Debug|Any CPU
		{6F42983A-8A8F-4B8B-A0C7-BFA0EA7F9D66}.Debug|iPhone.Build.0 = Debug|Any CPU
		{6F42983A-8A8F-4B8B-A0C7-BFA0EA7F9D66}.Debug|iPhoneSimulator.ActiveCfg = Debug|Any CPU
		{6F42983A-8A8F-4B8B-A0C7-BFA0EA7F9D66}.Debug|iPhoneSimulator.Build.0 = Debug|Any CPU
		{6F42983A-8A8F-4B8B-A0C7-BFA0EA7F9D66}.Debug|x64.ActiveCfg = Debug|Any CPU
		{6F42983A-8A8F-4B8B-A0C7-BFA0EA7F9D66}.Debug|x64.Build.0 = Debug|Any CPU
		{6F42983A-8A8F-4B8B-A0C7-BFA0EA7F9D66}.Debug|x86.ActiveCfg = Debug|Any CPU
		{6F42983A-8A8F-4B8B-A0C7-BFA0EA7F9D66}.Debug|x86.Build.0 = Debug|Any CPU
		{6F42983A-8A8F-4B8B-A0C7-BFA0EA7F9D66}.Release|Any CPU.ActiveCfg = Release|Any CPU
		{6F42983A-8A8F-4B8B-A0C7-BFA0EA7F9D66}.Release|Any CPU.Build.0 = Release|Any CPU
		{6F42983A-8A8F-4B8B-A0C7-BFA0EA7F9D66}.Release|ARM.ActiveCfg = Release|Any CPU
		{6F42983A-8A8F-4B8B-A0C7-BFA0EA7F9D66}.Release|ARM.Build.0 = Release|Any CPU
		{6F42983A-8A8F-4B8B-A0C7-BFA0EA7F9D66}.Release|iPhone.ActiveCfg = Release|Any CPU
		{6F42983A-8A8F-4B8B-A0C7-BFA0EA7F9D66}.Release|iPhone.Build.0 = Release|Any CPU
		{6F42983A-8A8F-4B8B-A0C7-BFA0EA7F9D66}.Release|iPhoneSimulator.ActiveCfg = Release|Any CPU
		{6F42983A-8A8F-4B8B-A0C7-BFA0EA7F9D66}.Release|iPhoneSimulator.Build.0 = Release|Any CPU
		{6F42983A-8A8F-4B8B-A0C7-BFA0EA7F9D66}.Release|x64.ActiveCfg = Release|Any CPU
		{6F42983A-8A8F-4B8B-A0C7-BFA0EA7F9D66}.Release|x64.Build.0 = Release|Any CPU
		{6F42983A-8A8F-4B8B-A0C7-BFA0EA7F9D66}.Release|x86.ActiveCfg = Release|Any CPU
		{6F42983A-8A8F-4B8B-A0C7-BFA0EA7F9D66}.Release|x86.Build.0 = Release|Any CPU
	EndGlobalSection
	GlobalSection(SolutionProperties) = preSolution
		HideSolutionNode = FALSE
	EndGlobalSection
	GlobalSection(ExtensibilityGlobals) = postSolution
		SolutionGuid = {0BF96A90-786D-4403-B61E-36C3C6065C67}
	EndGlobalSection
EndGlobal
