
Microsoft Visual Studio Solution File, Format Version 12.00
# Visual Studio 15
VisualStudioVersion = 15.0.27428.2027
MinimumVisualStudioVersion = 10.0.40219.1
Project("{FAE04EC0-301F-11D3-BF4B-00C04F79EFBC}") = "App01_ConsultarCEP.Android", "App01_ConsultarCEP\App01_ConsultarCEP.Android\App01_ConsultarCEP.Android.csproj", "{A628802A-9EB2-4D6D-B097-A9114ACA0CA9}"
EndProject
Project("{FAE04EC0-301F-11D3-BF4B-00C04F79EFBC}") = "App01_ConsultarCEP.iOS", "App01_ConsultarCEP\App01_ConsultarCEP.iOS\App01_ConsultarCEP.iOS.csproj", "{84DC1293-EFFD-4E7C-B2B3-247185563785}"
EndProject
Project("{FAE04EC0-301F-11D3-BF4B-00C04F79EFBC}") = "App01_ConsultarCEP", "App01_ConsultarCEP\App01_ConsultarCEP\App01_ConsultarCEP.csproj", "{6E388B89-4543-407F-9BE8-9687C2F409E6}"
EndProject
Global
	GlobalSection(SolutionConfigurationPlatforms) = preSolution
		Ad-Hoc|Any CPU = Ad-Hoc|Any CPU
		Ad-Hoc|iPhone = Ad-Hoc|iPhone
		Ad-Hoc|iPhoneSimulator = Ad-Hoc|iPhoneSimulator
		AppStore|Any CPU = AppStore|Any CPU
		AppStore|iPhone = AppStore|iPhone
		AppStore|iPhoneSimulator = AppStore|iPhoneSimulator
		Debug|Any CPU = Debug|Any CPU
		Debug|iPhone = Debug|iPhone
		Debug|iPhoneSimulator = Debug|iPhoneSimulator
		Release|Any CPU = Release|Any CPU
		Release|iPhone = Release|iPhone
		Release|iPhoneSimulator = Release|iPhoneSimulator
	EndGlobalSection
	GlobalSection(ProjectConfigurationPlatforms) = postSolution
		{A628802A-9EB2-4D6D-B097-A9114ACA0CA9}.Ad-Hoc|Any CPU.ActiveCfg = Release|Any CPU
		{A628802A-9EB2-4D6D-B097-A9114ACA0CA9}.Ad-Hoc|Any CPU.Build.0 = Release|Any CPU
		{A628802A-9EB2-4D6D-B097-A9114ACA0CA9}.Ad-Hoc|Any CPU.Deploy.0 = Release|Any CPU
		{A628802A-9EB2-4D6D-B097-A9114ACA0CA9}.Ad-Hoc|iPhone.ActiveCfg = Release|Any CPU
		{A628802A-9EB2-4D6D-B097-A9114ACA0CA9}.Ad-Hoc|iPhone.Build.0 = Release|Any CPU
		{A628802A-9EB2-4D6D-B097-A9114ACA0CA9}.Ad-Hoc|iPhone.Deploy.0 = Release|Any CPU
		{A628802A-9EB2-4D6D-B097-A9114ACA0CA9}.Ad-Hoc|iPhoneSimulator.ActiveCfg = Release|Any CPU
		{A628802A-9EB2-4D6D-B097-A9114ACA0CA9}.Ad-Hoc|iPhoneSimulator.Build.0 = Release|Any CPU
		{A628802A-9EB2-4D6D-B097-A9114ACA0CA9}.Ad-Hoc|iPhoneSimulator.Deploy.0 = Release|Any CPU
		{A628802A-9EB2-4D6D-B097-A9114ACA0CA9}.AppStore|Any CPU.ActiveCfg = Release|Any CPU
		{A628802A-9EB2-4D6D-B097-A9114ACA0CA9}.AppStore|Any CPU.Build.0 = Release|Any CPU
		{A628802A-9EB2-4D6D-B097-A9114ACA0CA9}.AppStore|Any CPU.Deploy.0 = Release|Any CPU
		{A628802A-9EB2-4D6D-B097-A9114ACA0CA9}.AppStore|iPhone.ActiveCfg = Release|Any CPU
		{A628802A-9EB2-4D6D-B097-A9114ACA0CA9}.AppStore|iPhone.Build.0 = Release|Any CPU
		{A628802A-9EB2-4D6D-B097-A9114ACA0CA9}.AppStore|iPhone.Deploy.0 = Release|Any CPU
		{A628802A-9EB2-4D6D-B097-A9114ACA0CA9}.AppStore|iPhoneSimulator.ActiveCfg = Release|Any CPU
		{A628802A-9EB2-4D6D-B097-A9114ACA0CA9}.AppStore|iPhoneSimulator.Build.0 = Release|Any CPU
		{A628802A-9EB2-4D6D-B097-A9114ACA0CA9}.AppStore|iPhoneSimulator.Deploy.0 = Release|Any CPU
		{A628802A-9EB2-4D6D-B097-A9114ACA0CA9}.Debug|Any CPU.ActiveCfg = Debug|Any CPU
		{A628802A-9EB2-4D6D-B097-A9114ACA0CA9}.Debug|Any CPU.Build.0 = Debug|Any CPU
		{A628802A-9EB2-4D6D-B097-A9114ACA0CA9}.Debug|Any CPU.Deploy.0 = Debug|Any CPU
		{A628802A-9EB2-4D6D-B097-A9114ACA0CA9}.Debug|iPhone.ActiveCfg = Debug|Any CPU
		{A628802A-9EB2-4D6D-B097-A9114ACA0CA9}.Debug|iPhone.Build.0 = Debug|Any CPU
		{A628802A-9EB2-4D6D-B097-A9114ACA0CA9}.Debug|iPhone.Deploy.0 = Debug|Any CPU
		{A628802A-9EB2-4D6D-B097-A9114ACA0CA9}.Debug|iPhoneSimulator.ActiveCfg = Debug|Any CPU
		{A628802A-9EB2-4D6D-B097-A9114ACA0CA9}.Debug|iPhoneSimulator.Build.0 = Debug|Any CPU
		{A628802A-9EB2-4D6D-B097-A9114ACA0CA9}.Debug|iPhoneSimulator.Deploy.0 = Debug|Any CPU
		{A628802A-9EB2-4D6D-B097-A9114ACA0CA9}.Release|Any CPU.ActiveCfg = Release|Any CPU
		{A628802A-9EB2-4D6D-B097-A9114ACA0CA9}.Release|Any CPU.Build.0 = Release|Any CPU
		{A628802A-9EB2-4D6D-B097-A9114ACA0CA9}.Release|Any CPU.Deploy.0 = Release|Any CPU
		{A628802A-9EB2-4D6D-B097-A9114ACA0CA9}.Release|iPhone.ActiveCfg = Release|Any CPU
		{A628802A-9EB2-4D6D-B097-A9114ACA0CA9}.Release|iPhone.Build.0 = Release|Any CPU
		{A628802A-9EB2-4D6D-B097-A9114ACA0CA9}.Release|iPhone.Deploy.0 = Release|Any CPU
		{A628802A-9EB2-4D6D-B097-A9114ACA0CA9}.Release|iPhoneSimulator.ActiveCfg = Release|Any CPU
		{A628802A-9EB2-4D6D-B097-A9114ACA0CA9}.Release|iPhoneSimulator.Build.0 = Release|Any CPU
		{A628802A-9EB2-4D6D-B097-A9114ACA0CA9}.Release|iPhoneSimulator.Deploy.0 = Release|Any CPU
		{84DC1293-EFFD-4E7C-B2B3-247185563785}.Ad-Hoc|Any CPU.ActiveCfg = Ad-Hoc|iPhone
		{84DC1293-EFFD-4E7C-B2B3-247185563785}.Ad-Hoc|iPhone.ActiveCfg = Ad-Hoc|iPhone
		{84DC1293-EFFD-4E7C-B2B3-247185563785}.Ad-Hoc|iPhone.Build.0 = Ad-Hoc|iPhone
		{84DC1293-EFFD-4E7C-B2B3-247185563785}.Ad-Hoc|iPhoneSimulator.ActiveCfg = Ad-Hoc|iPhoneSimulator
		{84DC1293-EFFD-4E7C-B2B3-247185563785}.Ad-Hoc|iPhoneSimulator.Build.0 = Ad-Hoc|iPhoneSimulator
		{84DC1293-EFFD-4E7C-B2B3-247185563785}.AppStore|Any CPU.ActiveCfg = AppStore|iPhone
		{84DC1293-EFFD-4E7C-B2B3-247185563785}.AppStore|iPhone.ActiveCfg = AppStore|iPhone
		{84DC1293-EFFD-4E7C-B2B3-247185563785}.AppStore|iPhone.Build.0 = AppStore|iPhone
		{84DC1293-EFFD-4E7C-B2B3-247185563785}.AppStore|iPhoneSimulator.ActiveCfg = AppStore|iPhoneSimulator
		{84DC1293-EFFD-4E7C-B2B3-247185563785}.AppStore|iPhoneSimulator.Build.0 = AppStore|iPhoneSimulator
		{84DC1293-EFFD-4E7C-B2B3-247185563785}.Debug|Any CPU.ActiveCfg = Debug|iPhone
		{84DC1293-EFFD-4E7C-B2B3-247185563785}.Debug|iPhone.ActiveCfg = Debug|iPhone
		{84DC1293-EFFD-4E7C-B2B3-247185563785}.Debug|iPhone.Build.0 = Debug|iPhone
		{84DC1293-EFFD-4E7C-B2B3-247185563785}.Debug|iPhoneSimulator.ActiveCfg = Debug|iPhoneSimulator
		{84DC1293-EFFD-4E7C-B2B3-247185563785}.Debug|iPhoneSimulator.Build.0 = Debug|iPhoneSimulator
		{84DC1293-EFFD-4E7C-B2B3-247185563785}.Release|Any CPU.ActiveCfg = Release|iPhone
		{84DC1293-EFFD-4E7C-B2B3-247185563785}.Release|iPhone.ActiveCfg = Release|iPhone
		{84DC1293-EFFD-4E7C-B2B3-247185563785}.Release|iPhone.Build.0 = Release|iPhone
		{84DC1293-EFFD-4E7C-B2B3-247185563785}.Release|iPhoneSimulator.ActiveCfg = Release|iPhoneSimulator
		{84DC1293-EFFD-4E7C-B2B3-247185563785}.Release|iPhoneSimulator.Build.0 = Release|iPhoneSimulator
		{6E388B89-4543-407F-9BE8-9687C2F409E6}.Ad-Hoc|Any CPU.ActiveCfg = Debug|Any CPU
		{6E388B89-4543-407F-9BE8-9687C2F409E6}.Ad-Hoc|Any CPU.Build.0 = Debug|Any CPU
		{6E388B89-4543-407F-9BE8-9687C2F409E6}.Ad-Hoc|iPhone.ActiveCfg = Debug|Any CPU
		{6E388B89-4543-407F-9BE8-9687C2F409E6}.Ad-Hoc|iPhone.Build.0 = Debug|Any CPU
		{6E388B89-4543-407F-9BE8-9687C2F409E6}.Ad-Hoc|iPhoneSimulator.ActiveCfg = Debug|Any CPU
		{6E388B89-4543-407F-9BE8-9687C2F409E6}.Ad-Hoc|iPhoneSimulator.Build.0 = Debug|Any CPU
		{6E388B89-4543-407F-9BE8-9687C2F409E6}.AppStore|Any CPU.ActiveCfg = Debug|Any CPU
		{6E388B89-4543-407F-9BE8-9687C2F409E6}.AppStore|Any CPU.Build.0 = Debug|Any CPU
		{6E388B89-4543-407F-9BE8-9687C2F409E6}.AppStore|iPhone.ActiveCfg = Debug|Any CPU
		{6E388B89-4543-407F-9BE8-9687C2F409E6}.AppStore|iPhone.Build.0 = Debug|Any CPU
		{6E388B89-4543-407F-9BE8-9687C2F409E6}.AppStore|iPhoneSimulator.ActiveCfg = Debug|Any CPU
		{6E388B89-4543-407F-9BE8-9687C2F409E6}.AppStore|iPhoneSimulator.Build.0 = Debug|Any CPU
		{6E388B89-4543-407F-9BE8-9687C2F409E6}.Debug|Any CPU.ActiveCfg = Debug|Any CPU
		{6E388B89-4543-407F-9BE8-9687C2F409E6}.Debug|Any CPU.Build.0 = Debug|Any CPU
		{6E388B89-4543-407F-9BE8-9687C2F409E6}.Debug|iPhone.ActiveCfg = Debug|Any CPU
		{6E388B89-4543-407F-9BE8-9687C2F409E6}.Debug|iPhone.Build.0 = Debug|Any CPU
		{6E388B89-4543-407F-9BE8-9687C2F409E6}.Debug|iPhoneSimulator.ActiveCfg = Debug|Any CPU
		{6E388B89-4543-407F-9BE8-9687C2F409E6}.Debug|iPhoneSimulator.Build.0 = Debug|Any CPU
		{6E388B89-4543-407F-9BE8-9687C2F409E6}.Release|Any CPU.ActiveCfg = Release|Any CPU
		{6E388B89-4543-407F-9BE8-9687C2F409E6}.Release|Any CPU.Build.0 = Release|Any CPU
		{6E388B89-4543-407F-9BE8-9687C2F409E6}.Release|iPhone.ActiveCfg = Release|Any CPU
		{6E388B89-4543-407F-9BE8-9687C2F409E6}.Release|iPhone.Build.0 = Release|Any CPU
		{6E388B89-4543-407F-9BE8-9687C2F409E6}.Release|iPhoneSimulator.ActiveCfg = Release|Any CPU
		{6E388B89-4543-407F-9BE8-9687C2F409E6}.Release|iPhoneSimulator.Build.0 = Release|Any CPU
	EndGlobalSection
	GlobalSection(SolutionProperties) = preSolution
		HideSolutionNode = FALSE
	EndGlobalSection
	GlobalSection(ExtensibilityGlobals) = postSolution
		SolutionGuid = {BB1F506E-FF7F-4787-8F2A-5DE1E84468C6}
	EndGlobalSection
EndGlobal
