
Microsoft Visual Studio Solution File, Format Version 12.00
# Visual Studio 15
VisualStudioVersion = 15.0.27428.2027
MinimumVisualStudioVersion = 10.0.40219.1
Project("{FAE04EC0-301F-11D3-BF4B-00C04F79EFBC}") = "App1_Cell.Android", "App1_Cell\App1_Cell.Android\App1_Cell.Android.csproj", "{41EAFC0F-1ECC-4C88-AE9B-4D8E84EE7CDA}"
EndProject
Project("{FAE04EC0-301F-11D3-BF4B-00C04F79EFBC}") = "App1_Cell.iOS", "App1_Cell\App1_Cell.iOS\App1_Cell.iOS.csproj", "{017E5EB2-3C83-4C46-8502-9338309FE2DC}"
EndProject
Project("{FAE04EC0-301F-11D3-BF4B-00C04F79EFBC}") = "App1_Cell.UWP", "App1_Cell\App1_Cell.UWP\App1_Cell.UWP.csproj", "{BB0A64EB-7BA8-4831-93D9-AA68DA64E5F1}"
EndProject
Project("{9A19103F-16F7-4668-BE54-9A1E7A4F7556}") = "App1_Cell", "App1_Cell\App1_Cell\App1_Cell.csproj", "{A7E2EBA0-AF3F-4893-8951-B090C5A68F72}"
EndProject
Global
	GlobalSection(SolutionConfigurationPlatforms) = preSolution
		Ad-Hoc|Any CPU = Ad-Hoc|Any CPU
		Ad-Hoc|ARM = Ad-Hoc|ARM
		Ad-Hoc|iPhone = Ad-Hoc|iPhone
		Ad-Hoc|iPhoneSimulator = Ad-Hoc|iPhoneSimulator
		Ad-Hoc|x64 = Ad-Hoc|x64
		Ad-Hoc|x86 = Ad-Hoc|x86
		AppStore|Any CPU = AppStore|Any CPU
		AppStore|ARM = AppStore|ARM
		AppStore|iPhone = AppStore|iPhone
		AppStore|iPhoneSimulator = AppStore|iPhoneSimulator
		AppStore|x64 = AppStore|x64
		AppStore|x86 = AppStore|x86
		Debug|Any CPU = Debug|Any CPU
		Debug|ARM = Debug|ARM
		Debug|iPhone = Debug|iPhone
		Debug|iPhoneSimulator = Debug|iPhoneSimulator
		Debug|x64 = Debug|x64
		Debug|x86 = Debug|x86
		Release|Any CPU = Release|Any CPU
		Release|ARM = Release|ARM
		Release|iPhone = Release|iPhone
		Release|iPhoneSimulator = Release|iPhoneSimulator
		Release|x64 = Release|x64
		Release|x86 = Release|x86
	EndGlobalSection
	GlobalSection(ProjectConfigurationPlatforms) = postSolution
		{41EAFC0F-1ECC-4C88-AE9B-4D8E84EE7CDA}.Ad-Hoc|Any CPU.ActiveCfg = Release|Any CPU
		{41EAFC0F-1ECC-4C88-AE9B-4D8E84EE7CDA}.Ad-Hoc|Any CPU.Build.0 = Release|Any CPU
		{41EAFC0F-1ECC-4C88-AE9B-4D8E84EE7CDA}.Ad-Hoc|Any CPU.Deploy.0 = Release|Any CPU
		{41EAFC0F-1ECC-4C88-AE9B-4D8E84EE7CDA}.Ad-Hoc|ARM.ActiveCfg = Release|Any CPU
		{41EAFC0F-1ECC-4C88-AE9B-4D8E84EE7CDA}.Ad-Hoc|ARM.Build.0 = Release|Any CPU
		{41EAFC0F-1ECC-4C88-AE9B-4D8E84EE7CDA}.Ad-Hoc|ARM.Deploy.0 = Release|Any CPU
		{41EAFC0F-1ECC-4C88-AE9B-4D8E84EE7CDA}.Ad-Hoc|iPhone.ActiveCfg = Release|Any CPU
		{41EAFC0F-1ECC-4C88-AE9B-4D8E84EE7CDA}.Ad-Hoc|iPhone.Build.0 = Release|Any CPU
		{41EAFC0F-1ECC-4C88-AE9B-4D8E84EE7CDA}.Ad-Hoc|iPhone.Deploy.0 = Release|Any CPU
		{41EAFC0F-1ECC-4C88-AE9B-4D8E84EE7CDA}.Ad-Hoc|iPhoneSimulator.ActiveCfg = Release|Any CPU
		{41EAFC0F-1ECC-4C88-AE9B-4D8E84EE7CDA}.Ad-Hoc|iPhoneSimulator.Build.0 = Release|Any CPU
		{41EAFC0F-1ECC-4C88-AE9B-4D8E84EE7CDA}.Ad-Hoc|iPhoneSimulator.Deploy.0 = Release|Any CPU
		{41EAFC0F-1ECC-4C88-AE9B-4D8E84EE7CDA}.Ad-Hoc|x64.ActiveCfg = Release|Any CPU
		{41EAFC0F-1ECC-4C88-AE9B-4D8E84EE7CDA}.Ad-Hoc|x64.Build.0 = Release|Any CPU
		{41EAFC0F-1ECC-4C88-AE9B-4D8E84EE7CDA}.Ad-Hoc|x64.Deploy.0 = Release|Any CPU
		{41EAFC0F-1ECC-4C88-AE9B-4D8E84EE7CDA}.Ad-Hoc|x86.ActiveCfg = Release|Any CPU
		{41EAFC0F-1ECC-4C88-AE9B-4D8E84EE7CDA}.Ad-Hoc|x86.Build.0 = Release|Any CPU
		{41EAFC0F-1ECC-4C88-AE9B-4D8E84EE7CDA}.Ad-Hoc|x86.Deploy.0 = Release|Any CPU
		{41EAFC0F-1ECC-4C88-AE9B-4D8E84EE7CDA}.AppStore|Any CPU.ActiveCfg = Release|Any CPU
		{41EAFC0F-1ECC-4C88-AE9B-4D8E84EE7CDA}.AppStore|Any CPU.Build.0 = Release|Any CPU
		{41EAFC0F-1ECC-4C88-AE9B-4D8E84EE7CDA}.AppStore|Any CPU.Deploy.0 = Release|Any CPU
		{41EAFC0F-1ECC-4C88-AE9B-4D8E84EE7CDA}.AppStore|ARM.ActiveCfg = Release|Any CPU
		{41EAFC0F-1ECC-4C88-AE9B-4D8E84EE7CDA}.AppStore|ARM.Build.0 = Release|Any CPU
		{41EAFC0F-1ECC-4C88-AE9B-4D8E84EE7CDA}.AppStore|ARM.Deploy.0 = Release|Any CPU
		{41EAFC0F-1ECC-4C88-AE9B-4D8E84EE7CDA}.AppStore|iPhone.ActiveCfg = Release|Any CPU
		{41EAFC0F-1ECC-4C88-AE9B-4D8E84EE7CDA}.AppStore|iPhone.Build.0 = Release|Any CPU
		{41EAFC0F-1ECC-4C88-AE9B-4D8E84EE7CDA}.AppStore|iPhone.Deploy.0 = Release|Any CPU
		{41EAFC0F-1ECC-4C88-AE9B-4D8E84EE7CDA}.AppStore|iPhoneSimulator.ActiveCfg = Release|Any CPU
		{41EAFC0F-1ECC-4C88-AE9B-4D8E84EE7CDA}.AppStore|iPhoneSimulator.Build.0 = Release|Any CPU
		{41EAFC0F-1ECC-4C88-AE9B-4D8E84EE7CDA}.AppStore|iPhoneSimulator.Deploy.0 = Release|Any CPU
		{41EAFC0F-1ECC-4C88-AE9B-4D8E84EE7CDA}.AppStore|x64.ActiveCfg = Release|Any CPU
		{41EAFC0F-1ECC-4C88-AE9B-4D8E84EE7CDA}.AppStore|x64.Build.0 = Release|Any CPU
		{41EAFC0F-1ECC-4C88-AE9B-4D8E84EE7CDA}.AppStore|x64.Deploy.0 = Release|Any CPU
		{41EAFC0F-1ECC-4C88-AE9B-4D8E84EE7CDA}.AppStore|x86.ActiveCfg = Release|Any CPU
		{41EAFC0F-1ECC-4C88-AE9B-4D8E84EE7CDA}.AppStore|x86.Build.0 = Release|Any CPU
		{41EAFC0F-1ECC-4C88-AE9B-4D8E84EE7CDA}.AppStore|x86.Deploy.0 = Release|Any CPU
		{41EAFC0F-1ECC-4C88-AE9B-4D8E84EE7CDA}.Debug|Any CPU.ActiveCfg = Debug|Any CPU
		{41EAFC0F-1ECC-4C88-AE9B-4D8E84EE7CDA}.Debug|Any CPU.Build.0 = Debug|Any CPU
		{41EAFC0F-1ECC-4C88-AE9B-4D8E84EE7CDA}.Debug|Any CPU.Deploy.0 = Debug|Any CPU
		{41EAFC0F-1ECC-4C88-AE9B-4D8E84EE7CDA}.Debug|ARM.ActiveCfg = Debug|Any CPU
		{41EAFC0F-1ECC-4C88-AE9B-4D8E84EE7CDA}.Debug|ARM.Build.0 = Debug|Any CPU
		{41EAFC0F-1ECC-4C88-AE9B-4D8E84EE7CDA}.Debug|ARM.Deploy.0 = Debug|Any CPU
		{41EAFC0F-1ECC-4C88-AE9B-4D8E84EE7CDA}.Debug|iPhone.ActiveCfg = Debug|Any CPU
		{41EAFC0F-1ECC-4C88-AE9B-4D8E84EE7CDA}.Debug|iPhone.Build.0 = Debug|Any CPU
		{41EAFC0F-1ECC-4C88-AE9B-4D8E84EE7CDA}.Debug|iPhone.Deploy.0 = Debug|Any CPU
		{41EAFC0F-1ECC-4C88-AE9B-4D8E84EE7CDA}.Debug|iPhoneSimulator.ActiveCfg = Debug|Any CPU
		{41EAFC0F-1ECC-4C88-AE9B-4D8E84EE7CDA}.Debug|iPhoneSimulator.Build.0 = Debug|Any CPU
		{41EAFC0F-1ECC-4C88-AE9B-4D8E84EE7CDA}.Debug|iPhoneSimulator.Deploy.0 = Debug|Any CPU
		{41EAFC0F-1ECC-4C88-AE9B-4D8E84EE7CDA}.Debug|x64.ActiveCfg = Debug|Any CPU
		{41EAFC0F-1ECC-4C88-AE9B-4D8E84EE7CDA}.Debug|x64.Build.0 = Debug|Any CPU
		{41EAFC0F-1ECC-4C88-AE9B-4D8E84EE7CDA}.Debug|x64.Deploy.0 = Debug|Any CPU
		{41EAFC0F-1ECC-4C88-AE9B-4D8E84EE7CDA}.Debug|x86.ActiveCfg = Debug|Any CPU
		{41EAFC0F-1ECC-4C88-AE9B-4D8E84EE7CDA}.Debug|x86.Build.0 = Debug|Any CPU
		{41EAFC0F-1ECC-4C88-AE9B-4D8E84EE7CDA}.Debug|x86.Deploy.0 = Debug|Any CPU
		{41EAFC0F-1ECC-4C88-AE9B-4D8E84EE7CDA}.Release|Any CPU.ActiveCfg = Release|Any CPU
		{41EAFC0F-1ECC-4C88-AE9B-4D8E84EE7CDA}.Release|Any CPU.Build.0 = Release|Any CPU
		{41EAFC0F-1ECC-4C88-AE9B-4D8E84EE7CDA}.Release|Any CPU.Deploy.0 = Release|Any CPU
		{41EAFC0F-1ECC-4C88-AE9B-4D8E84EE7CDA}.Release|ARM.ActiveCfg = Release|Any CPU
		{41EAFC0F-1ECC-4C88-AE9B-4D8E84EE7CDA}.Release|ARM.Build.0 = Release|Any CPU
		{41EAFC0F-1ECC-4C88-AE9B-4D8E84EE7CDA}.Release|ARM.Deploy.0 = Release|Any CPU
		{41EAFC0F-1ECC-4C88-AE9B-4D8E84EE7CDA}.Release|iPhone.ActiveCfg = Release|Any CPU
		{41EAFC0F-1ECC-4C88-AE9B-4D8E84EE7CDA}.Release|iPhone.Build.0 = Release|Any CPU
		{41EAFC0F-1ECC-4C88-AE9B-4D8E84EE7CDA}.Release|iPhone.Deploy.0 = Release|Any CPU
		{41EAFC0F-1ECC-4C88-AE9B-4D8E84EE7CDA}.Release|iPhoneSimulator.ActiveCfg = Release|Any CPU
		{41EAFC0F-1ECC-4C88-AE9B-4D8E84EE7CDA}.Release|iPhoneSimulator.Build.0 = Release|Any CPU
		{41EAFC0F-1ECC-4C88-AE9B-4D8E84EE7CDA}.Release|iPhoneSimulator.Deploy.0 = Release|Any CPU
		{41EAFC0F-1ECC-4C88-AE9B-4D8E84EE7CDA}.Release|x64.ActiveCfg = Release|Any CPU
		{41EAFC0F-1ECC-4C88-AE9B-4D8E84EE7CDA}.Release|x64.Build.0 = Release|Any CPU
		{41EAFC0F-1ECC-4C88-AE9B-4D8E84EE7CDA}.Release|x64.Deploy.0 = Release|Any CPU
		{41EAFC0F-1ECC-4C88-AE9B-4D8E84EE7CDA}.Release|x86.ActiveCfg = Release|Any CPU
		{41EAFC0F-1ECC-4C88-AE9B-4D8E84EE7CDA}.Release|x86.Build.0 = Release|Any CPU
		{41EAFC0F-1ECC-4C88-AE9B-4D8E84EE7CDA}.Release|x86.Deploy.0 = Release|Any CPU
		{017E5EB2-3C83-4C46-8502-9338309FE2DC}.Ad-Hoc|Any CPU.ActiveCfg = Ad-Hoc|iPhone
		{017E5EB2-3C83-4C46-8502-9338309FE2DC}.Ad-Hoc|ARM.ActiveCfg = Ad-Hoc|iPhone
		{017E5EB2-3C83-4C46-8502-9338309FE2DC}.Ad-Hoc|iPhone.ActiveCfg = Ad-Hoc|iPhone
		{017E5EB2-3C83-4C46-8502-9338309FE2DC}.Ad-Hoc|iPhone.Build.0 = Ad-Hoc|iPhone
		{017E5EB2-3C83-4C46-8502-9338309FE2DC}.Ad-Hoc|iPhoneSimulator.ActiveCfg = Ad-Hoc|iPhoneSimulator
		{017E5EB2-3C83-4C46-8502-9338309FE2DC}.Ad-Hoc|iPhoneSimulator.Build.0 = Ad-Hoc|iPhoneSimulator
		{017E5EB2-3C83-4C46-8502-9338309FE2DC}.Ad-Hoc|x64.ActiveCfg = Ad-Hoc|iPhone
		{017E5EB2-3C83-4C46-8502-9338309FE2DC}.Ad-Hoc|x86.ActiveCfg = Ad-Hoc|iPhone
		{017E5EB2-3C83-4C46-8502-9338309FE2DC}.AppStore|Any CPU.ActiveCfg = AppStore|iPhone
		{017E5EB2-3C83-4C46-8502-9338309FE2DC}.AppStore|ARM.ActiveCfg = AppStore|iPhone
		{017E5EB2-3C83-4C46-8502-9338309FE2DC}.AppStore|iPhone.ActiveCfg = AppStore|iPhone
		{017E5EB2-3C83-4C46-8502-9338309FE2DC}.AppStore|iPhone.Build.0 = AppStore|iPhone
		{017E5EB2-3C83-4C46-8502-9338309FE2DC}.AppStore|iPhoneSimulator.ActiveCfg = AppStore|iPhoneSimulator
		{017E5EB2-3C83-4C46-8502-9338309FE2DC}.AppStore|iPhoneSimulator.Build.0 = AppStore|iPhoneSimulator
		{017E5EB2-3C83-4C46-8502-9338309FE2DC}.AppStore|x64.ActiveCfg = AppStore|iPhone
		{017E5EB2-3C83-4C46-8502-9338309FE2DC}.AppStore|x86.ActiveCfg = AppStore|iPhone
		{017E5EB2-3C83-4C46-8502-9338309FE2DC}.Debug|Any CPU.ActiveCfg = Debug|iPhone
		{017E5EB2-3C83-4C46-8502-9338309FE2DC}.Debug|ARM.ActiveCfg = Debug|iPhone
		{017E5EB2-3C83-4C46-8502-9338309FE2DC}.Debug|iPhone.ActiveCfg = Debug|iPhone
		{017E5EB2-3C83-4C46-8502-9338309FE2DC}.Debug|iPhone.Build.0 = Debug|iPhone
		{017E5EB2-3C83-4C46-8502-9338309FE2DC}.Debug|iPhoneSimulator.ActiveCfg = Debug|iPhoneSimulator
		{017E5EB2-3C83-4C46-8502-9338309FE2DC}.Debug|iPhoneSimulator.Build.0 = Debug|iPhoneSimulator
		{017E5EB2-3C83-4C46-8502-9338309FE2DC}.Debug|x64.ActiveCfg = Debug|iPhone
		{017E5EB2-3C83-4C46-8502-9338309FE2DC}.Debug|x86.ActiveCfg = Debug|iPhone
		{017E5EB2-3C83-4C46-8502-9338309FE2DC}.Release|Any CPU.ActiveCfg = Release|iPhone
		{017E5EB2-3C83-4C46-8502-9338309FE2DC}.Release|ARM.ActiveCfg = Release|iPhone
		{017E5EB2-3C83-4C46-8502-9338309FE2DC}.Release|iPhone.ActiveCfg = Release|iPhone
		{017E5EB2-3C83-4C46-8502-9338309FE2DC}.Release|iPhone.Build.0 = Release|iPhone
		{017E5EB2-3C83-4C46-8502-9338309FE2DC}.Release|iPhoneSimulator.ActiveCfg = Release|iPhoneSimulator
		{017E5EB2-3C83-4C46-8502-9338309FE2DC}.Release|iPhoneSimulator.Build.0 = Release|iPhoneSimulator
		{017E5EB2-3C83-4C46-8502-9338309FE2DC}.Release|x64.ActiveCfg = Release|iPhone
		{017E5EB2-3C83-4C46-8502-9338309FE2DC}.Release|x86.ActiveCfg = Release|iPhone
		{BB0A64EB-7BA8-4831-93D9-AA68DA64E5F1}.Ad-Hoc|Any CPU.ActiveCfg = Release|x86
		{BB0A64EB-7BA8-4831-93D9-AA68DA64E5F1}.Ad-Hoc|Any CPU.Build.0 = Release|x86
		{BB0A64EB-7BA8-4831-93D9-AA68DA64E5F1}.Ad-Hoc|Any CPU.Deploy.0 = Release|x86
		{BB0A64EB-7BA8-4831-93D9-AA68DA64E5F1}.Ad-Hoc|ARM.ActiveCfg = Release|ARM
		{BB0A64EB-7BA8-4831-93D9-AA68DA64E5F1}.Ad-Hoc|ARM.Build.0 = Release|ARM
		{BB0A64EB-7BA8-4831-93D9-AA68DA64E5F1}.Ad-Hoc|ARM.Deploy.0 = Release|ARM
		{BB0A64EB-7BA8-4831-93D9-AA68DA64E5F1}.Ad-Hoc|iPhone.ActiveCfg = Release|x86
		{BB0A64EB-7BA8-4831-93D9-AA68DA64E5F1}.Ad-Hoc|iPhone.Build.0 = Release|x86
		{BB0A64EB-7BA8-4831-93D9-AA68DA64E5F1}.Ad-Hoc|iPhone.Deploy.0 = Release|x86
		{BB0A64EB-7BA8-4831-93D9-AA68DA64E5F1}.Ad-Hoc|iPhoneSimulator.ActiveCfg = Release|x86
		{BB0A64EB-7BA8-4831-93D9-AA68DA64E5F1}.Ad-Hoc|iPhoneSimulator.Build.0 = Release|x86
		{BB0A64EB-7BA8-4831-93D9-AA68DA64E5F1}.Ad-Hoc|iPhoneSimulator.Deploy.0 = Release|x86
		{BB0A64EB-7BA8-4831-93D9-AA68DA64E5F1}.Ad-Hoc|x64.ActiveCfg = Release|x64
		{BB0A64EB-7BA8-4831-93D9-AA68DA64E5F1}.Ad-Hoc|x64.Build.0 = Release|x64
		{BB0A64EB-7BA8-4831-93D9-AA68DA64E5F1}.Ad-Hoc|x64.Deploy.0 = Release|x64
		{BB0A64EB-7BA8-4831-93D9-AA68DA64E5F1}.Ad-Hoc|x86.ActiveCfg = Release|x86
		{BB0A64EB-7BA8-4831-93D9-AA68DA64E5F1}.Ad-Hoc|x86.Build.0 = Release|x86
		{BB0A64EB-7BA8-4831-93D9-AA68DA64E5F1}.Ad-Hoc|x86.Deploy.0 = Release|x86
		{BB0A64EB-7BA8-4831-93D9-AA68DA64E5F1}.AppStore|Any CPU.ActiveCfg = Release|x86
		{BB0A64EB-7BA8-4831-93D9-AA68DA64E5F1}.AppStore|Any CPU.Build.0 = Release|x86
		{BB0A64EB-7BA8-4831-93D9-AA68DA64E5F1}.AppStore|Any CPU.Deploy.0 = Release|x86
		{BB0A64EB-7BA8-4831-93D9-AA68DA64E5F1}.AppStore|ARM.ActiveCfg = Release|ARM
		{BB0A64EB-7BA8-4831-93D9-AA68DA64E5F1}.AppStore|ARM.Build.0 = Release|ARM
		{BB0A64EB-7BA8-4831-93D9-AA68DA64E5F1}.AppStore|ARM.Deploy.0 = Release|ARM
		{BB0A64EB-7BA8-4831-93D9-AA68DA64E5F1}.AppStore|iPhone.ActiveCfg = Release|x86
		{BB0A64EB-7BA8-4831-93D9-AA68DA64E5F1}.AppStore|iPhone.Build.0 = Release|x86
		{BB0A64EB-7BA8-4831-93D9-AA68DA64E5F1}.AppStore|iPhone.Deploy.0 = Release|x86
		{BB0A64EB-7BA8-4831-93D9-AA68DA64E5F1}.AppStore|iPhoneSimulator.ActiveCfg = Release|x86
		{BB0A64EB-7BA8-4831-93D9-AA68DA64E5F1}.AppStore|iPhoneSimulator.Build.0 = Release|x86
		{BB0A64EB-7BA8-4831-93D9-AA68DA64E5F1}.AppStore|iPhoneSimulator.Deploy.0 = Release|x86
		{BB0A64EB-7BA8-4831-93D9-AA68DA64E5F1}.AppStore|x64.ActiveCfg = Release|x64
		{BB0A64EB-7BA8-4831-93D9-AA68DA64E5F1}.AppStore|x64.Build.0 = Release|x64
		{BB0A64EB-7BA8-4831-93D9-AA68DA64E5F1}.AppStore|x64.Deploy.0 = Release|x64
		{BB0A64EB-7BA8-4831-93D9-AA68DA64E5F1}.AppStore|x86.ActiveCfg = Release|x86
		{BB0A64EB-7BA8-4831-93D9-AA68DA64E5F1}.AppStore|x86.Build.0 = Release|x86
		{BB0A64EB-7BA8-4831-93D9-AA68DA64E5F1}.AppStore|x86.Deploy.0 = Release|x86
		{BB0A64EB-7BA8-4831-93D9-AA68DA64E5F1}.Debug|Any CPU.ActiveCfg = Debug|x86
		{BB0A64EB-7BA8-4831-93D9-AA68DA64E5F1}.Debug|ARM.ActiveCfg = Debug|ARM
		{BB0A64EB-7BA8-4831-93D9-AA68DA64E5F1}.Debug|ARM.Build.0 = Debug|ARM
		{BB0A64EB-7BA8-4831-93D9-AA68DA64E5F1}.Debug|ARM.Deploy.0 = Debug|ARM
		{BB0A64EB-7BA8-4831-93D9-AA68DA64E5F1}.Debug|iPhone.ActiveCfg = Debug|x86
		{BB0A64EB-7BA8-4831-93D9-AA68DA64E5F1}.Debug|iPhoneSimulator.ActiveCfg = Debug|x86
		{BB0A64EB-7BA8-4831-93D9-AA68DA64E5F1}.Debug|x64.ActiveCfg = Debug|x64
		{BB0A64EB-7BA8-4831-93D9-AA68DA64E5F1}.Debug|x64.Build.0 = Debug|x64
		{BB0A64EB-7BA8-4831-93D9-AA68DA64E5F1}.Debug|x64.Deploy.0 = Debug|x64
		{BB0A64EB-7BA8-4831-93D9-AA68DA64E5F1}.Debug|x86.ActiveCfg = Debug|x86
		{BB0A64EB-7BA8-4831-93D9-AA68DA64E5F1}.Debug|x86.Build.0 = Debug|x86
		{BB0A64EB-7BA8-4831-93D9-AA68DA64E5F1}.Debug|x86.Deploy.0 = Debug|x86
		{BB0A64EB-7BA8-4831-93D9-AA68DA64E5F1}.Release|Any CPU.ActiveCfg = Release|x86
		{BB0A64EB-7BA8-4831-93D9-AA68DA64E5F1}.Release|ARM.ActiveCfg = Release|ARM
		{BB0A64EB-7BA8-4831-93D9-AA68DA64E5F1}.Release|ARM.Build.0 = Release|ARM
		{BB0A64EB-7BA8-4831-93D9-AA68DA64E5F1}.Release|ARM.Deploy.0 = Release|ARM
		{BB0A64EB-7BA8-4831-93D9-AA68DA64E5F1}.Release|iPhone.ActiveCfg = Release|x86
		{BB0A64EB-7BA8-4831-93D9-AA68DA64E5F1}.Release|iPhoneSimulator.ActiveCfg = Release|x86
		{BB0A64EB-7BA8-4831-93D9-AA68DA64E5F1}.Release|x64.ActiveCfg = Release|x64
		{BB0A64EB-7BA8-4831-93D9-AA68DA64E5F1}.Release|x64.Build.0 = Release|x64
		{BB0A64EB-7BA8-4831-93D9-AA68DA64E5F1}.Release|x64.Deploy.0 = Release|x64
		{BB0A64EB-7BA8-4831-93D9-AA68DA64E5F1}.Release|x86.ActiveCfg = Release|x86
		{BB0A64EB-7BA8-4831-93D9-AA68DA64E5F1}.Release|x86.Build.0 = Release|x86
		{BB0A64EB-7BA8-4831-93D9-AA68DA64E5F1}.Release|x86.Deploy.0 = Release|x86
		{A7E2EBA0-AF3F-4893-8951-B090C5A68F72}.Ad-Hoc|Any CPU.ActiveCfg = Debug|Any CPU
		{A7E2EBA0-AF3F-4893-8951-B090C5A68F72}.Ad-Hoc|Any CPU.Build.0 = Debug|Any CPU
		{A7E2EBA0-AF3F-4893-8951-B090C5A68F72}.Ad-Hoc|ARM.ActiveCfg = Debug|Any CPU
		{A7E2EBA0-AF3F-4893-8951-B090C5A68F72}.Ad-Hoc|ARM.Build.0 = Debug|Any CPU
		{A7E2EBA0-AF3F-4893-8951-B090C5A68F72}.Ad-Hoc|iPhone.ActiveCfg = Debug|Any CPU
		{A7E2EBA0-AF3F-4893-8951-B090C5A68F72}.Ad-Hoc|iPhone.Build.0 = Debug|Any CPU
		{A7E2EBA0-AF3F-4893-8951-B090C5A68F72}.Ad-Hoc|iPhoneSimulator.ActiveCfg = Debug|Any CPU
		{A7E2EBA0-AF3F-4893-8951-B090C5A68F72}.Ad-Hoc|iPhoneSimulator.Build.0 = Debug|Any CPU
		{A7E2EBA0-AF3F-4893-8951-B090C5A68F72}.Ad-Hoc|x64.ActiveCfg = Debug|Any CPU
		{A7E2EBA0-AF3F-4893-8951-B090C5A68F72}.Ad-Hoc|x64.Build.0 = Debug|Any CPU
		{A7E2EBA0-AF3F-4893-8951-B090C5A68F72}.Ad-Hoc|x86.ActiveCfg = Debug|Any CPU
		{A7E2EBA0-AF3F-4893-8951-B090C5A68F72}.Ad-Hoc|x86.Build.0 = Debug|Any CPU
		{A7E2EBA0-AF3F-4893-8951-B090C5A68F72}.AppStore|Any CPU.ActiveCfg = Debug|Any CPU
		{A7E2EBA0-AF3F-4893-8951-B090C5A68F72}.AppStore|Any CPU.Build.0 = Debug|Any CPU
		{A7E2EBA0-AF3F-4893-8951-B090C5A68F72}.AppStore|ARM.ActiveCfg = Debug|Any CPU
		{A7E2EBA0-AF3F-4893-8951-B090C5A68F72}.AppStore|ARM.Build.0 = Debug|Any CPU
		{A7E2EBA0-AF3F-4893-8951-B090C5A68F72}.AppStore|iPhone.ActiveCfg = Debug|Any CPU
		{A7E2EBA0-AF3F-4893-8951-B090C5A68F72}.AppStore|iPhone.Build.0 = Debug|Any CPU
		{A7E2EBA0-AF3F-4893-8951-B090C5A68F72}.AppStore|iPhoneSimulator.ActiveCfg = Debug|Any CPU
		{A7E2EBA0-AF3F-4893-8951-B090C5A68F72}.AppStore|iPhoneSimulator.Build.0 = Debug|Any CPU
		{A7E2EBA0-AF3F-4893-8951-B090C5A68F72}.AppStore|x64.ActiveCfg = Debug|Any CPU
		{A7E2EBA0-AF3F-4893-8951-B090C5A68F72}.AppStore|x64.Build.0 = Debug|Any CPU
		{A7E2EBA0-AF3F-4893-8951-B090C5A68F72}.AppStore|x86.ActiveCfg = Debug|Any CPU
		{A7E2EBA0-AF3F-4893-8951-B090C5A68F72}.AppStore|x86.Build.0 = Debug|Any CPU
		{A7E2EBA0-AF3F-4893-8951-B090C5A68F72}.Debug|Any CPU.ActiveCfg = Debug|Any CPU
		{A7E2EBA0-AF3F-4893-8951-B090C5A68F72}.Debug|Any CPU.Build.0 = Debug|Any CPU
		{A7E2EBA0-AF3F-4893-8951-B090C5A68F72}.Debug|ARM.ActiveCfg = Debug|Any CPU
		{A7E2EBA0-AF3F-4893-8951-B090C5A68F72}.Debug|ARM.Build.0 = Debug|Any CPU
		{A7E2EBA0-AF3F-4893-8951-B090C5A68F72}.Debug|iPhone.ActiveCfg = Debug|Any CPU
		{A7E2EBA0-AF3F-4893-8951-B090C5A68F72}.Debug|iPhone.Build.0 = Debug|Any CPU
		{A7E2EBA0-AF3F-4893-8951-B090C5A68F72}.Debug|iPhoneSimulator.ActiveCfg = Debug|Any CPU
		{A7E2EBA0-AF3F-4893-8951-B090C5A68F72}.Debug|iPhoneSimulator.Build.0 = Debug|Any CPU
		{A7E2EBA0-AF3F-4893-8951-B090C5A68F72}.Debug|x64.ActiveCfg = Debug|Any CPU
		{A7E2EBA0-AF3F-4893-8951-B090C5A68F72}.Debug|x64.Build.0 = Debug|Any CPU
		{A7E2EBA0-AF3F-4893-8951-B090C5A68F72}.Debug|x86.ActiveCfg = Debug|Any CPU
		{A7E2EBA0-AF3F-4893-8951-B090C5A68F72}.Debug|x86.Build.0 = Debug|Any CPU
		{A7E2EBA0-AF3F-4893-8951-B090C5A68F72}.Release|Any CPU.ActiveCfg = Release|Any CPU
		{A7E2EBA0-AF3F-4893-8951-B090C5A68F72}.Release|Any CPU.Build.0 = Release|Any CPU
		{A7E2EBA0-AF3F-4893-8951-B090C5A68F72}.Release|ARM.ActiveCfg = Release|Any CPU
		{A7E2EBA0-AF3F-4893-8951-B090C5A68F72}.Release|ARM.Build.0 = Release|Any CPU
		{A7E2EBA0-AF3F-4893-8951-B090C5A68F72}.Release|iPhone.ActiveCfg = Release|Any CPU
		{A7E2EBA0-AF3F-4893-8951-B090C5A68F72}.Release|iPhone.Build.0 = Release|Any CPU
		{A7E2EBA0-AF3F-4893-8951-B090C5A68F72}.Release|iPhoneSimulator.ActiveCfg = Release|Any CPU
		{A7E2EBA0-AF3F-4893-8951-B090C5A68F72}.Release|iPhoneSimulator.Build.0 = Release|Any CPU
		{A7E2EBA0-AF3F-4893-8951-B090C5A68F72}.Release|x64.ActiveCfg = Release|Any CPU
		{A7E2EBA0-AF3F-4893-8951-B090C5A68F72}.Release|x64.Build.0 = Release|Any CPU
		{A7E2EBA0-AF3F-4893-8951-B090C5A68F72}.Release|x86.ActiveCfg = Release|Any CPU
		{A7E2EBA0-AF3F-4893-8951-B090C5A68F72}.Release|x86.Build.0 = Release|Any CPU
	EndGlobalSection
	GlobalSection(SolutionProperties) = preSolution
		HideSolutionNode = FALSE
	EndGlobalSection
	GlobalSection(ExtensibilityGlobals) = postSolution
		SolutionGuid = {4216E390-3633-4B2D-9841-2A1639DBC191}
	EndGlobalSection
EndGlobal
