
Microsoft Visual Studio Solution File, Format Version 12.00
# Visual Studio 15
VisualStudioVersion = 15.0.27428.2027
MinimumVisualStudioVersion = 10.0.40219.1
Project("{FAE04EC0-301F-11D3-BF4B-00C04F79EFBC}") = "App01_LayoutXF.Android", "App01_LayoutXF\App01_LayoutXF.Android\App01_LayoutXF.Android.csproj", "{554E0798-27BA-495E-8371-31CBBC537373}"
EndProject
Project("{FAE04EC0-301F-11D3-BF4B-00C04F79EFBC}") = "App01_LayoutXF.iOS", "App01_LayoutXF\App01_LayoutXF.iOS\App01_LayoutXF.iOS.csproj", "{B57DC69B-5E4A-4C16-B19B-76211468776B}"
EndProject
Project("{FAE04EC0-301F-11D3-BF4B-00C04F79EFBC}") = "App01_LayoutXF.UWP", "App01_LayoutXF\App01_LayoutXF.UWP\App01_LayoutXF.UWP.csproj", "{485AD873-63CD-4B27-9411-CFE83FCBD490}"
EndProject
Project("{FAE04EC0-301F-11D3-BF4B-00C04F79EFBC}") = "App01_LayoutXF", "App01_LayoutXF\App01_LayoutXF\App01_LayoutXF.csproj", "{062EE77B-3826-4976-907D-6491552D10EF}"
EndProject
Global
	GlobalSection(SolutionConfigurationPlatforms) = preSolution
		Ad-Hoc|Any CPU = Ad-Hoc|Any CPU
		Ad-Hoc|ARM = Ad-Hoc|ARM
		Ad-Hoc|iPhone = Ad-Hoc|iPhone
		Ad-Hoc|iPhoneSimulator = Ad-Hoc|iPhoneSimulator
		Ad-Hoc|x64 = Ad-Hoc|x64
		Ad-Hoc|x86 = Ad-Hoc|x86
		AppStore|Any CPU = AppStore|Any CPU
		AppStore|ARM = AppStore|ARM
		AppStore|iPhone = AppStore|iPhone
		AppStore|iPhoneSimulator = AppStore|iPhoneSimulator
		AppStore|x64 = AppStore|x64
		AppStore|x86 = AppStore|x86
		Debug|Any CPU = Debug|Any CPU
		Debug|ARM = Debug|ARM
		Debug|iPhone = Debug|iPhone
		Debug|iPhoneSimulator = Debug|iPhoneSimulator
		Debug|x64 = Debug|x64
		Debug|x86 = Debug|x86
		Release|Any CPU = Release|Any CPU
		Release|ARM = Release|ARM
		Release|iPhone = Release|iPhone
		Release|iPhoneSimulator = Release|iPhoneSimulator
		Release|x64 = Release|x64
		Release|x86 = Release|x86
	EndGlobalSection
	GlobalSection(ProjectConfigurationPlatforms) = postSolution
		{554E0798-27BA-495E-8371-31CBBC537373}.Ad-Hoc|Any CPU.ActiveCfg = Release|Any CPU
		{554E0798-27BA-495E-8371-31CBBC537373}.Ad-Hoc|Any CPU.Build.0 = Release|Any CPU
		{554E0798-27BA-495E-8371-31CBBC537373}.Ad-Hoc|Any CPU.Deploy.0 = Release|Any CPU
		{554E0798-27BA-495E-8371-31CBBC537373}.Ad-Hoc|ARM.ActiveCfg = Release|Any CPU
		{554E0798-27BA-495E-8371-31CBBC537373}.Ad-Hoc|ARM.Build.0 = Release|Any CPU
		{554E0798-27BA-495E-8371-31CBBC537373}.Ad-Hoc|ARM.Deploy.0 = Release|Any CPU
		{554E0798-27BA-495E-8371-31CBBC537373}.Ad-Hoc|iPhone.ActiveCfg = Release|Any CPU
		{554E0798-27BA-495E-8371-31CBBC537373}.Ad-Hoc|iPhone.Build.0 = Release|Any CPU
		{554E0798-27BA-495E-8371-31CBBC537373}.Ad-Hoc|iPhone.Deploy.0 = Release|Any CPU
		{554E0798-27BA-495E-8371-31CBBC537373}.Ad-Hoc|iPhoneSimulator.ActiveCfg = Release|Any CPU
		{554E0798-27BA-495E-8371-31CBBC537373}.Ad-Hoc|iPhoneSimulator.Build.0 = Release|Any CPU
		{554E0798-27BA-495E-8371-31CBBC537373}.Ad-Hoc|iPhoneSimulator.Deploy.0 = Release|Any CPU
		{554E0798-27BA-495E-8371-31CBBC537373}.Ad-Hoc|x64.ActiveCfg = Release|Any CPU
		{554E0798-27BA-495E-8371-31CBBC537373}.Ad-Hoc|x64.Build.0 = Release|Any CPU
		{554E0798-27BA-495E-8371-31CBBC537373}.Ad-Hoc|x64.Deploy.0 = Release|Any CPU
		{554E0798-27BA-495E-8371-31CBBC537373}.Ad-Hoc|x86.ActiveCfg = Release|Any CPU
		{554E0798-27BA-495E-8371-31CBBC537373}.Ad-Hoc|x86.Build.0 = Release|Any CPU
		{554E0798-27BA-495E-8371-31CBBC537373}.Ad-Hoc|x86.Deploy.0 = Release|Any CPU
		{554E0798-27BA-495E-8371-31CBBC537373}.AppStore|Any CPU.ActiveCfg = Release|Any CPU
		{554E0798-27BA-495E-8371-31CBBC537373}.AppStore|Any CPU.Build.0 = Release|Any CPU
		{554E0798-27BA-495E-8371-31CBBC537373}.AppStore|Any CPU.Deploy.0 = Release|Any CPU
		{554E0798-27BA-495E-8371-31CBBC537373}.AppStore|ARM.ActiveCfg = Release|Any CPU
		{554E0798-27BA-495E-8371-31CBBC537373}.AppStore|ARM.Build.0 = Release|Any CPU
		{554E0798-27BA-495E-8371-31CBBC537373}.AppStore|ARM.Deploy.0 = Release|Any CPU
		{554E0798-27BA-495E-8371-31CBBC537373}.AppStore|iPhone.ActiveCfg = Release|Any CPU
		{554E0798-27BA-495E-8371-31CBBC537373}.AppStore|iPhone.Build.0 = Release|Any CPU
		{554E0798-27BA-495E-8371-31CBBC537373}.AppStore|iPhone.Deploy.0 = Release|Any CPU
		{554E0798-27BA-495E-8371-31CBBC537373}.AppStore|iPhoneSimulator.ActiveCfg = Release|Any CPU
		{554E0798-27BA-495E-8371-31CBBC537373}.AppStore|iPhoneSimulator.Build.0 = Release|Any CPU
		{554E0798-27BA-495E-8371-31CBBC537373}.AppStore|iPhoneSimulator.Deploy.0 = Release|Any CPU
		{554E0798-27BA-495E-8371-31CBBC537373}.AppStore|x64.ActiveCfg = Release|Any CPU
		{554E0798-27BA-495E-8371-31CBBC537373}.AppStore|x64.Build.0 = Release|Any CPU
		{554E0798-27BA-495E-8371-31CBBC537373}.AppStore|x64.Deploy.0 = Release|Any CPU
		{554E0798-27BA-495E-8371-31CBBC537373}.AppStore|x86.ActiveCfg = Release|Any CPU
		{554E0798-27BA-495E-8371-31CBBC537373}.AppStore|x86.Build.0 = Release|Any CPU
		{554E0798-27BA-495E-8371-31CBBC537373}.AppStore|x86.Deploy.0 = Release|Any CPU
		{554E0798-27BA-495E-8371-31CBBC537373}.Debug|Any CPU.ActiveCfg = Debug|Any CPU
		{554E0798-27BA-495E-8371-31CBBC537373}.Debug|Any CPU.Build.0 = Debug|Any CPU
		{554E0798-27BA-495E-8371-31CBBC537373}.Debug|Any CPU.Deploy.0 = Debug|Any CPU
		{554E0798-27BA-495E-8371-31CBBC537373}.Debug|ARM.ActiveCfg = Debug|Any CPU
		{554E0798-27BA-495E-8371-31CBBC537373}.Debug|ARM.Build.0 = Debug|Any CPU
		{554E0798-27BA-495E-8371-31CBBC537373}.Debug|ARM.Deploy.0 = Debug|Any CPU
		{554E0798-27BA-495E-8371-31CBBC537373}.Debug|iPhone.ActiveCfg = Debug|Any CPU
		{554E0798-27BA-495E-8371-31CBBC537373}.Debug|iPhone.Build.0 = Debug|Any CPU
		{554E0798-27BA-495E-8371-31CBBC537373}.Debug|iPhone.Deploy.0 = Debug|Any CPU
		{554E0798-27BA-495E-8371-31CBBC537373}.Debug|iPhoneSimulator.ActiveCfg = Debug|Any CPU
		{554E0798-27BA-495E-8371-31CBBC537373}.Debug|iPhoneSimulator.Build.0 = Debug|Any CPU
		{554E0798-27BA-495E-8371-31CBBC537373}.Debug|iPhoneSimulator.Deploy.0 = Debug|Any CPU
		{554E0798-27BA-495E-8371-31CBBC537373}.Debug|x64.ActiveCfg = Debug|Any CPU
		{554E0798-27BA-495E-8371-31CBBC537373}.Debug|x64.Build.0 = Debug|Any CPU
		{554E0798-27BA-495E-8371-31CBBC537373}.Debug|x64.Deploy.0 = Debug|Any CPU
		{554E0798-27BA-495E-8371-31CBBC537373}.Debug|x86.ActiveCfg = Debug|Any CPU
		{554E0798-27BA-495E-8371-31CBBC537373}.Debug|x86.Build.0 = Debug|Any CPU
		{554E0798-27BA-495E-8371-31CBBC537373}.Debug|x86.Deploy.0 = Debug|Any CPU
		{554E0798-27BA-495E-8371-31CBBC537373}.Release|Any CPU.ActiveCfg = Release|Any CPU
		{554E0798-27BA-495E-8371-31CBBC537373}.Release|Any CPU.Build.0 = Release|Any CPU
		{554E0798-27BA-495E-8371-31CBBC537373}.Release|Any CPU.Deploy.0 = Release|Any CPU
		{554E0798-27BA-495E-8371-31CBBC537373}.Release|ARM.ActiveCfg = Release|Any CPU
		{554E0798-27BA-495E-8371-31CBBC537373}.Release|ARM.Build.0 = Release|Any CPU
		{554E0798-27BA-495E-8371-31CBBC537373}.Release|ARM.Deploy.0 = Release|Any CPU
		{554E0798-27BA-495E-8371-31CBBC537373}.Release|iPhone.ActiveCfg = Release|Any CPU
		{554E0798-27BA-495E-8371-31CBBC537373}.Release|iPhone.Build.0 = Release|Any CPU
		{554E0798-27BA-495E-8371-31CBBC537373}.Release|iPhone.Deploy.0 = Release|Any CPU
		{554E0798-27BA-495E-8371-31CBBC537373}.Release|iPhoneSimulator.ActiveCfg = Release|Any CPU
		{554E0798-27BA-495E-8371-31CBBC537373}.Release|iPhoneSimulator.Build.0 = Release|Any CPU
		{554E0798-27BA-495E-8371-31CBBC537373}.Release|iPhoneSimulator.Deploy.0 = Release|Any CPU
		{554E0798-27BA-495E-8371-31CBBC537373}.Release|x64.ActiveCfg = Release|Any CPU
		{554E0798-27BA-495E-8371-31CBBC537373}.Release|x64.Build.0 = Release|Any CPU
		{554E0798-27BA-495E-8371-31CBBC537373}.Release|x64.Deploy.0 = Release|Any CPU
		{554E0798-27BA-495E-8371-31CBBC537373}.Release|x86.ActiveCfg = Release|Any CPU
		{554E0798-27BA-495E-8371-31CBBC537373}.Release|x86.Build.0 = Release|Any CPU
		{554E0798-27BA-495E-8371-31CBBC537373}.Release|x86.Deploy.0 = Release|Any CPU
		{B57DC69B-5E4A-4C16-B19B-76211468776B}.Ad-Hoc|Any CPU.ActiveCfg = Ad-Hoc|iPhone
		{B57DC69B-5E4A-4C16-B19B-76211468776B}.Ad-Hoc|ARM.ActiveCfg = Ad-Hoc|iPhone
		{B57DC69B-5E4A-4C16-B19B-76211468776B}.Ad-Hoc|iPhone.ActiveCfg = Ad-Hoc|iPhone
		{B57DC69B-5E4A-4C16-B19B-76211468776B}.Ad-Hoc|iPhone.Build.0 = Ad-Hoc|iPhone
		{B57DC69B-5E4A-4C16-B19B-76211468776B}.Ad-Hoc|iPhoneSimulator.ActiveCfg = Ad-Hoc|iPhoneSimulator
		{B57DC69B-5E4A-4C16-B19B-76211468776B}.Ad-Hoc|iPhoneSimulator.Build.0 = Ad-Hoc|iPhoneSimulator
		{B57DC69B-5E4A-4C16-B19B-76211468776B}.Ad-Hoc|x64.ActiveCfg = Ad-Hoc|iPhone
		{B57DC69B-5E4A-4C16-B19B-76211468776B}.Ad-Hoc|x86.ActiveCfg = Ad-Hoc|iPhone
		{B57DC69B-5E4A-4C16-B19B-76211468776B}.AppStore|Any CPU.ActiveCfg = AppStore|iPhone
		{B57DC69B-5E4A-4C16-B19B-76211468776B}.AppStore|ARM.ActiveCfg = AppStore|iPhone
		{B57DC69B-5E4A-4C16-B19B-76211468776B}.AppStore|iPhone.ActiveCfg = AppStore|iPhone
		{B57DC69B-5E4A-4C16-B19B-76211468776B}.AppStore|iPhone.Build.0 = AppStore|iPhone
		{B57DC69B-5E4A-4C16-B19B-76211468776B}.AppStore|iPhoneSimulator.ActiveCfg = AppStore|iPhoneSimulator
		{B57DC69B-5E4A-4C16-B19B-76211468776B}.AppStore|iPhoneSimulator.Build.0 = AppStore|iPhoneSimulator
		{B57DC69B-5E4A-4C16-B19B-76211468776B}.AppStore|x64.ActiveCfg = AppStore|iPhone
		{B57DC69B-5E4A-4C16-B19B-76211468776B}.AppStore|x86.ActiveCfg = AppStore|iPhone
		{B57DC69B-5E4A-4C16-B19B-76211468776B}.Debug|Any CPU.ActiveCfg = Debug|iPhone
		{B57DC69B-5E4A-4C16-B19B-76211468776B}.Debug|ARM.ActiveCfg = Debug|iPhone
		{B57DC69B-5E4A-4C16-B19B-76211468776B}.Debug|iPhone.ActiveCfg = Debug|iPhone
		{B57DC69B-5E4A-4C16-B19B-76211468776B}.Debug|iPhone.Build.0 = Debug|iPhone
		{B57DC69B-5E4A-4C16-B19B-76211468776B}.Debug|iPhoneSimulator.ActiveCfg = Debug|iPhoneSimulator
		{B57DC69B-5E4A-4C16-B19B-76211468776B}.Debug|iPhoneSimulator.Build.0 = Debug|iPhoneSimulator
		{B57DC69B-5E4A-4C16-B19B-76211468776B}.Debug|x64.ActiveCfg = Debug|iPhone
		{B57DC69B-5E4A-4C16-B19B-76211468776B}.Debug|x86.ActiveCfg = Debug|iPhone
		{B57DC69B-5E4A-4C16-B19B-76211468776B}.Release|Any CPU.ActiveCfg = Release|iPhone
		{B57DC69B-5E4A-4C16-B19B-76211468776B}.Release|ARM.ActiveCfg = Release|iPhone
		{B57DC69B-5E4A-4C16-B19B-76211468776B}.Release|iPhone.ActiveCfg = Release|iPhone
		{B57DC69B-5E4A-4C16-B19B-76211468776B}.Release|iPhone.Build.0 = Release|iPhone
		{B57DC69B-5E4A-4C16-B19B-76211468776B}.Release|iPhoneSimulator.ActiveCfg = Release|iPhoneSimulator
		{B57DC69B-5E4A-4C16-B19B-76211468776B}.Release|iPhoneSimulator.Build.0 = Release|iPhoneSimulator
		{B57DC69B-5E4A-4C16-B19B-76211468776B}.Release|x64.ActiveCfg = Release|iPhone
		{B57DC69B-5E4A-4C16-B19B-76211468776B}.Release|x86.ActiveCfg = Release|iPhone
		{485AD873-63CD-4B27-9411-CFE83FCBD490}.Ad-Hoc|Any CPU.ActiveCfg = Release|x86
		{485AD873-63CD-4B27-9411-CFE83FCBD490}.Ad-Hoc|Any CPU.Build.0 = Release|x86
		{485AD873-63CD-4B27-9411-CFE83FCBD490}.Ad-Hoc|Any CPU.Deploy.0 = Release|x86
		{485AD873-63CD-4B27-9411-CFE83FCBD490}.Ad-Hoc|ARM.ActiveCfg = Release|ARM
		{485AD873-63CD-4B27-9411-CFE83FCBD490}.Ad-Hoc|ARM.Build.0 = Release|ARM
		{485AD873-63CD-4B27-9411-CFE83FCBD490}.Ad-Hoc|ARM.Deploy.0 = Release|ARM
		{485AD873-63CD-4B27-9411-CFE83FCBD490}.Ad-Hoc|iPhone.ActiveCfg = Release|x86
		{485AD873-63CD-4B27-9411-CFE83FCBD490}.Ad-Hoc|iPhone.Build.0 = Release|x86
		{485AD873-63CD-4B27-9411-CFE83FCBD490}.Ad-Hoc|iPhone.Deploy.0 = Release|x86
		{485AD873-63CD-4B27-9411-CFE83FCBD490}.Ad-Hoc|iPhoneSimulator.ActiveCfg = Release|x86
		{485AD873-63CD-4B27-9411-CFE83FCBD490}.Ad-Hoc|iPhoneSimulator.Build.0 = Release|x86
		{485AD873-63CD-4B27-9411-CFE83FCBD490}.Ad-Hoc|iPhoneSimulator.Deploy.0 = Release|x86
		{485AD873-63CD-4B27-9411-CFE83FCBD490}.Ad-Hoc|x64.ActiveCfg = Release|x64
		{485AD873-63CD-4B27-9411-CFE83FCBD490}.Ad-Hoc|x64.Build.0 = Release|x64
		{485AD873-63CD-4B27-9411-CFE83FCBD490}.Ad-Hoc|x64.Deploy.0 = Release|x64
		{485AD873-63CD-4B27-9411-CFE83FCBD490}.Ad-Hoc|x86.ActiveCfg = Release|x86
		{485AD873-63CD-4B27-9411-CFE83FCBD490}.Ad-Hoc|x86.Build.0 = Release|x86
		{485AD873-63CD-4B27-9411-CFE83FCBD490}.Ad-Hoc|x86.Deploy.0 = Release|x86
		{485AD873-63CD-4B27-9411-CFE83FCBD490}.AppStore|Any CPU.ActiveCfg = Release|x86
		{485AD873-63CD-4B27-9411-CFE83FCBD490}.AppStore|Any CPU.Build.0 = Release|x86
		{485AD873-63CD-4B27-9411-CFE83FCBD490}.AppStore|Any CPU.Deploy.0 = Release|x86
		{485AD873-63CD-4B27-9411-CFE83FCBD490}.AppStore|ARM.ActiveCfg = Release|ARM
		{485AD873-63CD-4B27-9411-CFE83FCBD490}.AppStore|ARM.Build.0 = Release|ARM
		{485AD873-63CD-4B27-9411-CFE83FCBD490}.AppStore|ARM.Deploy.0 = Release|ARM
		{485AD873-63CD-4B27-9411-CFE83FCBD490}.AppStore|iPhone.ActiveCfg = Release|x86
		{485AD873-63CD-4B27-9411-CFE83FCBD490}.AppStore|iPhone.Build.0 = Release|x86
		{485AD873-63CD-4B27-9411-CFE83FCBD490}.AppStore|iPhone.Deploy.0 = Release|x86
		{485AD873-63CD-4B27-9411-CFE83FCBD490}.AppStore|iPhoneSimulator.ActiveCfg = Release|x86
		{485AD873-63CD-4B27-9411-CFE83FCBD490}.AppStore|iPhoneSimulator.Build.0 = Release|x86
		{485AD873-63CD-4B27-9411-CFE83FCBD490}.AppStore|iPhoneSimulator.Deploy.0 = Release|x86
		{485AD873-63CD-4B27-9411-CFE83FCBD490}.AppStore|x64.ActiveCfg = Release|x64
		{485AD873-63CD-4B27-9411-CFE83FCBD490}.AppStore|x64.Build.0 = Release|x64
		{485AD873-63CD-4B27-9411-CFE83FCBD490}.AppStore|x64.Deploy.0 = Release|x64
		{485AD873-63CD-4B27-9411-CFE83FCBD490}.AppStore|x86.ActiveCfg = Release|x86
		{485AD873-63CD-4B27-9411-CFE83FCBD490}.AppStore|x86.Build.0 = Release|x86
		{485AD873-63CD-4B27-9411-CFE83FCBD490}.AppStore|x86.Deploy.0 = Release|x86
		{485AD873-63CD-4B27-9411-CFE83FCBD490}.Debug|Any CPU.ActiveCfg = Debug|x86
		{485AD873-63CD-4B27-9411-CFE83FCBD490}.Debug|ARM.ActiveCfg = Debug|ARM
		{485AD873-63CD-4B27-9411-CFE83FCBD490}.Debug|ARM.Build.0 = Debug|ARM
		{485AD873-63CD-4B27-9411-CFE83FCBD490}.Debug|ARM.Deploy.0 = Debug|ARM
		{485AD873-63CD-4B27-9411-CFE83FCBD490}.Debug|iPhone.ActiveCfg = Debug|x86
		{485AD873-63CD-4B27-9411-CFE83FCBD490}.Debug|iPhoneSimulator.ActiveCfg = Debug|x86
		{485AD873-63CD-4B27-9411-CFE83FCBD490}.Debug|x64.ActiveCfg = Debug|x64
		{485AD873-63CD-4B27-9411-CFE83FCBD490}.Debug|x64.Build.0 = Debug|x64
		{485AD873-63CD-4B27-9411-CFE83FCBD490}.Debug|x64.Deploy.0 = Debug|x64
		{485AD873-63CD-4B27-9411-CFE83FCBD490}.Debug|x86.ActiveCfg = Debug|x86
		{485AD873-63CD-4B27-9411-CFE83FCBD490}.Debug|x86.Build.0 = Debug|x86
		{485AD873-63CD-4B27-9411-CFE83FCBD490}.Debug|x86.Deploy.0 = Debug|x86
		{485AD873-63CD-4B27-9411-CFE83FCBD490}.Release|Any CPU.ActiveCfg = Release|x86
		{485AD873-63CD-4B27-9411-CFE83FCBD490}.Release|ARM.ActiveCfg = Release|ARM
		{485AD873-63CD-4B27-9411-CFE83FCBD490}.Release|ARM.Build.0 = Release|ARM
		{485AD873-63CD-4B27-9411-CFE83FCBD490}.Release|ARM.Deploy.0 = Release|ARM
		{485AD873-63CD-4B27-9411-CFE83FCBD490}.Release|iPhone.ActiveCfg = Release|x86
		{485AD873-63CD-4B27-9411-CFE83FCBD490}.Release|iPhoneSimulator.ActiveCfg = Release|x86
		{485AD873-63CD-4B27-9411-CFE83FCBD490}.Release|x64.ActiveCfg = Release|x64
		{485AD873-63CD-4B27-9411-CFE83FCBD490}.Release|x64.Build.0 = Release|x64
		{485AD873-63CD-4B27-9411-CFE83FCBD490}.Release|x64.Deploy.0 = Release|x64
		{485AD873-63CD-4B27-9411-CFE83FCBD490}.Release|x86.ActiveCfg = Release|x86
		{485AD873-63CD-4B27-9411-CFE83FCBD490}.Release|x86.Build.0 = Release|x86
		{485AD873-63CD-4B27-9411-CFE83FCBD490}.Release|x86.Deploy.0 = Release|x86
		{062EE77B-3826-4976-907D-6491552D10EF}.Ad-Hoc|Any CPU.ActiveCfg = Debug|Any CPU
		{062EE77B-3826-4976-907D-6491552D10EF}.Ad-Hoc|Any CPU.Build.0 = Debug|Any CPU
		{062EE77B-3826-4976-907D-6491552D10EF}.Ad-Hoc|ARM.ActiveCfg = Debug|Any CPU
		{062EE77B-3826-4976-907D-6491552D10EF}.Ad-Hoc|ARM.Build.0 = Debug|Any CPU
		{062EE77B-3826-4976-907D-6491552D10EF}.Ad-Hoc|iPhone.ActiveCfg = Debug|Any CPU
		{062EE77B-3826-4976-907D-6491552D10EF}.Ad-Hoc|iPhone.Build.0 = Debug|Any CPU
		{062EE77B-3826-4976-907D-6491552D10EF}.Ad-Hoc|iPhoneSimulator.ActiveCfg = Debug|Any CPU
		{062EE77B-3826-4976-907D-6491552D10EF}.Ad-Hoc|iPhoneSimulator.Build.0 = Debug|Any CPU
		{062EE77B-3826-4976-907D-6491552D10EF}.Ad-Hoc|x64.ActiveCfg = Debug|Any CPU
		{062EE77B-3826-4976-907D-6491552D10EF}.Ad-Hoc|x64.Build.0 = Debug|Any CPU
		{062EE77B-3826-4976-907D-6491552D10EF}.Ad-Hoc|x86.ActiveCfg = Debug|Any CPU
		{062EE77B-3826-4976-907D-6491552D10EF}.Ad-Hoc|x86.Build.0 = Debug|Any CPU
		{062EE77B-3826-4976-907D-6491552D10EF}.AppStore|Any CPU.ActiveCfg = Debug|Any CPU
		{062EE77B-3826-4976-907D-6491552D10EF}.AppStore|Any CPU.Build.0 = Debug|Any CPU
		{062EE77B-3826-4976-907D-6491552D10EF}.AppStore|ARM.ActiveCfg = Debug|Any CPU
		{062EE77B-3826-4976-907D-6491552D10EF}.AppStore|ARM.Build.0 = Debug|Any CPU
		{062EE77B-3826-4976-907D-6491552D10EF}.AppStore|iPhone.ActiveCfg = Debug|Any CPU
		{062EE77B-3826-4976-907D-6491552D10EF}.AppStore|iPhone.Build.0 = Debug|Any CPU
		{062EE77B-3826-4976-907D-6491552D10EF}.AppStore|iPhoneSimulator.ActiveCfg = Debug|Any CPU
		{062EE77B-3826-4976-907D-6491552D10EF}.AppStore|iPhoneSimulator.Build.0 = Debug|Any CPU
		{062EE77B-3826-4976-907D-6491552D10EF}.AppStore|x64.ActiveCfg = Debug|Any CPU
		{062EE77B-3826-4976-907D-6491552D10EF}.AppStore|x64.Build.0 = Debug|Any CPU
		{062EE77B-3826-4976-907D-6491552D10EF}.AppStore|x86.ActiveCfg = Debug|Any CPU
		{062EE77B-3826-4976-907D-6491552D10EF}.AppStore|x86.Build.0 = Debug|Any CPU
		{062EE77B-3826-4976-907D-6491552D10EF}.Debug|Any CPU.ActiveCfg = Debug|Any CPU
		{062EE77B-3826-4976-907D-6491552D10EF}.Debug|Any CPU.Build.0 = Debug|Any CPU
		{062EE77B-3826-4976-907D-6491552D10EF}.Debug|ARM.ActiveCfg = Debug|Any CPU
		{062EE77B-3826-4976-907D-6491552D10EF}.Debug|ARM.Build.0 = Debug|Any CPU
		{062EE77B-3826-4976-907D-6491552D10EF}.Debug|iPhone.ActiveCfg = Debug|Any CPU
		{062EE77B-3826-4976-907D-6491552D10EF}.Debug|iPhone.Build.0 = Debug|Any CPU
		{062EE77B-3826-4976-907D-6491552D10EF}.Debug|iPhoneSimulator.ActiveCfg = Debug|Any CPU
		{062EE77B-3826-4976-907D-6491552D10EF}.Debug|iPhoneSimulator.Build.0 = Debug|Any CPU
		{062EE77B-3826-4976-907D-6491552D10EF}.Debug|x64.ActiveCfg = Debug|Any CPU
		{062EE77B-3826-4976-907D-6491552D10EF}.Debug|x64.Build.0 = Debug|Any CPU
		{062EE77B-3826-4976-907D-6491552D10EF}.Debug|x86.ActiveCfg = Debug|Any CPU
		{062EE77B-3826-4976-907D-6491552D10EF}.Debug|x86.Build.0 = Debug|Any CPU
		{062EE77B-3826-4976-907D-6491552D10EF}.Release|Any CPU.ActiveCfg = Release|Any CPU
		{062EE77B-3826-4976-907D-6491552D10EF}.Release|Any CPU.Build.0 = Release|Any CPU
		{062EE77B-3826-4976-907D-6491552D10EF}.Release|ARM.ActiveCfg = Release|Any CPU
		{062EE77B-3826-4976-907D-6491552D10EF}.Release|ARM.Build.0 = Release|Any CPU
		{062EE77B-3826-4976-907D-6491552D10EF}.Release|iPhone.ActiveCfg = Release|Any CPU
		{062EE77B-3826-4976-907D-6491552D10EF}.Release|iPhone.Build.0 = Release|Any CPU
		{062EE77B-3826-4976-907D-6491552D10EF}.Release|iPhoneSimulator.ActiveCfg = Release|Any CPU
		{062EE77B-3826-4976-907D-6491552D10EF}.Release|iPhoneSimulator.Build.0 = Release|Any CPU
		{062EE77B-3826-4976-907D-6491552D10EF}.Release|x64.ActiveCfg = Release|Any CPU
		{062EE77B-3826-4976-907D-6491552D10EF}.Release|x64.Build.0 = Release|Any CPU
		{062EE77B-3826-4976-907D-6491552D10EF}.Release|x86.ActiveCfg = Release|Any CPU
		{062EE77B-3826-4976-907D-6491552D10EF}.Release|x86.Build.0 = Release|Any CPU
	EndGlobalSection
	GlobalSection(SolutionProperties) = preSolution
		HideSolutionNode = FALSE
	EndGlobalSection
	GlobalSection(ExtensibilityGlobals) = postSolution
		SolutionGuid = {267605D9-14AA-4452-AA5A-A5ACE27A14AD}
	EndGlobalSection
EndGlobal
