
Microsoft Visual Studio Solution File, Format Version 12.00
# Visual Studio 15
VisualStudioVersion = 15.0.27703.2000
MinimumVisualStudioVersion = 10.0.40219.1
Project("{FAE04EC0-301F-11D3-BF4B-00C04F79EFBC}") = "App1_Vagas.Android", "App1_Vagas\App1_Vagas.Android\App1_Vagas.Android.csproj", "{41510271-D65E-4E01-AFCF-955FC5858E2F}"
EndProject
Project("{FAE04EC0-301F-11D3-BF4B-00C04F79EFBC}") = "App1_Vagas.iOS", "App1_Vagas\App1_Vagas.iOS\App1_Vagas.iOS.csproj", "{B96F6564-4712-4AD4-8F0F-6B22571F4C98}"
EndProject
Project("{FAE04EC0-301F-11D3-BF4B-00C04F79EFBC}") = "App1_Vagas.UWP", "App1_Vagas\App1_Vagas.UWP\App1_Vagas.UWP.csproj", "{CCD42B2E-BA37-4E5F-B666-EE5EBF59158D}"
EndProject
Project("{FAE04EC0-301F-11D3-BF4B-00C04F79EFBC}") = "App1_Vagas", "App1_Vagas\App1_Vagas\App1_Vagas.csproj", "{70A92435-EEC6-496D-903F-3FFF0A0F27C7}"
EndProject
Global
	GlobalSection(SolutionConfigurationPlatforms) = preSolution
		Ad-Hoc|Any CPU = Ad-Hoc|Any CPU
		Ad-Hoc|ARM = Ad-Hoc|ARM
		Ad-Hoc|iPhone = Ad-Hoc|iPhone
		Ad-Hoc|iPhoneSimulator = Ad-Hoc|iPhoneSimulator
		Ad-Hoc|x64 = Ad-Hoc|x64
		Ad-Hoc|x86 = Ad-Hoc|x86
		AppStore|Any CPU = AppStore|Any CPU
		AppStore|ARM = AppStore|ARM
		AppStore|iPhone = AppStore|iPhone
		AppStore|iPhoneSimulator = AppStore|iPhoneSimulator
		AppStore|x64 = AppStore|x64
		AppStore|x86 = AppStore|x86
		Debug|Any CPU = Debug|Any CPU
		Debug|ARM = Debug|ARM
		Debug|iPhone = Debug|iPhone
		Debug|iPhoneSimulator = Debug|iPhoneSimulator
		Debug|x64 = Debug|x64
		Debug|x86 = Debug|x86
		Release|Any CPU = Release|Any CPU
		Release|ARM = Release|ARM
		Release|iPhone = Release|iPhone
		Release|iPhoneSimulator = Release|iPhoneSimulator
		Release|x64 = Release|x64
		Release|x86 = Release|x86
	EndGlobalSection
	GlobalSection(ProjectConfigurationPlatforms) = postSolution
		{41510271-D65E-4E01-AFCF-955FC5858E2F}.Ad-Hoc|Any CPU.ActiveCfg = Release|Any CPU
		{41510271-D65E-4E01-AFCF-955FC5858E2F}.Ad-Hoc|Any CPU.Build.0 = Release|Any CPU
		{41510271-D65E-4E01-AFCF-955FC5858E2F}.Ad-Hoc|Any CPU.Deploy.0 = Release|Any CPU
		{41510271-D65E-4E01-AFCF-955FC5858E2F}.Ad-Hoc|ARM.ActiveCfg = Release|Any CPU
		{41510271-D65E-4E01-AFCF-955FC5858E2F}.Ad-Hoc|ARM.Build.0 = Release|Any CPU
		{41510271-D65E-4E01-AFCF-955FC5858E2F}.Ad-Hoc|ARM.Deploy.0 = Release|Any CPU
		{41510271-D65E-4E01-AFCF-955FC5858E2F}.Ad-Hoc|iPhone.ActiveCfg = Release|Any CPU
		{41510271-D65E-4E01-AFCF-955FC5858E2F}.Ad-Hoc|iPhone.Build.0 = Release|Any CPU
		{41510271-D65E-4E01-AFCF-955FC5858E2F}.Ad-Hoc|iPhone.Deploy.0 = Release|Any CPU
		{41510271-D65E-4E01-AFCF-955FC5858E2F}.Ad-Hoc|iPhoneSimulator.ActiveCfg = Release|Any CPU
		{41510271-D65E-4E01-AFCF-955FC5858E2F}.Ad-Hoc|iPhoneSimulator.Build.0 = Release|Any CPU
		{41510271-D65E-4E01-AFCF-955FC5858E2F}.Ad-Hoc|iPhoneSimulator.Deploy.0 = Release|Any CPU
		{41510271-D65E-4E01-AFCF-955FC5858E2F}.Ad-Hoc|x64.ActiveCfg = Release|Any CPU
		{41510271-D65E-4E01-AFCF-955FC5858E2F}.Ad-Hoc|x64.Build.0 = Release|Any CPU
		{41510271-D65E-4E01-AFCF-955FC5858E2F}.Ad-Hoc|x64.Deploy.0 = Release|Any CPU
		{41510271-D65E-4E01-AFCF-955FC5858E2F}.Ad-Hoc|x86.ActiveCfg = Release|Any CPU
		{41510271-D65E-4E01-AFCF-955FC5858E2F}.Ad-Hoc|x86.Build.0 = Release|Any CPU
		{41510271-D65E-4E01-AFCF-955FC5858E2F}.Ad-Hoc|x86.Deploy.0 = Release|Any CPU
		{41510271-D65E-4E01-AFCF-955FC5858E2F}.AppStore|Any CPU.ActiveCfg = Release|Any CPU
		{41510271-D65E-4E01-AFCF-955FC5858E2F}.AppStore|Any CPU.Build.0 = Release|Any CPU
		{41510271-D65E-4E01-AFCF-955FC5858E2F}.AppStore|Any CPU.Deploy.0 = Release|Any CPU
		{41510271-D65E-4E01-AFCF-955FC5858E2F}.AppStore|ARM.ActiveCfg = Release|Any CPU
		{41510271-D65E-4E01-AFCF-955FC5858E2F}.AppStore|ARM.Build.0 = Release|Any CPU
		{41510271-D65E-4E01-AFCF-955FC5858E2F}.AppStore|ARM.Deploy.0 = Release|Any CPU
		{41510271-D65E-4E01-AFCF-955FC5858E2F}.AppStore|iPhone.ActiveCfg = Release|Any CPU
		{41510271-D65E-4E01-AFCF-955FC5858E2F}.AppStore|iPhone.Build.0 = Release|Any CPU
		{41510271-D65E-4E01-AFCF-955FC5858E2F}.AppStore|iPhone.Deploy.0 = Release|Any CPU
		{41510271-D65E-4E01-AFCF-955FC5858E2F}.AppStore|iPhoneSimulator.ActiveCfg = Release|Any CPU
		{41510271-D65E-4E01-AFCF-955FC5858E2F}.AppStore|iPhoneSimulator.Build.0 = Release|Any CPU
		{41510271-D65E-4E01-AFCF-955FC5858E2F}.AppStore|iPhoneSimulator.Deploy.0 = Release|Any CPU
		{41510271-D65E-4E01-AFCF-955FC5858E2F}.AppStore|x64.ActiveCfg = Release|Any CPU
		{41510271-D65E-4E01-AFCF-955FC5858E2F}.AppStore|x64.Build.0 = Release|Any CPU
		{41510271-D65E-4E01-AFCF-955FC5858E2F}.AppStore|x64.Deploy.0 = Release|Any CPU
		{41510271-D65E-4E01-AFCF-955FC5858E2F}.AppStore|x86.ActiveCfg = Release|Any CPU
		{41510271-D65E-4E01-AFCF-955FC5858E2F}.AppStore|x86.Build.0 = Release|Any CPU
		{41510271-D65E-4E01-AFCF-955FC5858E2F}.AppStore|x86.Deploy.0 = Release|Any CPU
		{41510271-D65E-4E01-AFCF-955FC5858E2F}.Debug|Any CPU.ActiveCfg = Debug|Any CPU
		{41510271-D65E-4E01-AFCF-955FC5858E2F}.Debug|Any CPU.Build.0 = Debug|Any CPU
		{41510271-D65E-4E01-AFCF-955FC5858E2F}.Debug|Any CPU.Deploy.0 = Debug|Any CPU
		{41510271-D65E-4E01-AFCF-955FC5858E2F}.Debug|ARM.ActiveCfg = Debug|Any CPU
		{41510271-D65E-4E01-AFCF-955FC5858E2F}.Debug|ARM.Build.0 = Debug|Any CPU
		{41510271-D65E-4E01-AFCF-955FC5858E2F}.Debug|ARM.Deploy.0 = Debug|Any CPU
		{41510271-D65E-4E01-AFCF-955FC5858E2F}.Debug|iPhone.ActiveCfg = Debug|Any CPU
		{41510271-D65E-4E01-AFCF-955FC5858E2F}.Debug|iPhone.Build.0 = Debug|Any CPU
		{41510271-D65E-4E01-AFCF-955FC5858E2F}.Debug|iPhone.Deploy.0 = Debug|Any CPU
		{41510271-D65E-4E01-AFCF-955FC5858E2F}.Debug|iPhoneSimulator.ActiveCfg = Debug|Any CPU
		{41510271-D65E-4E01-AFCF-955FC5858E2F}.Debug|iPhoneSimulator.Build.0 = Debug|Any CPU
		{41510271-D65E-4E01-AFCF-955FC5858E2F}.Debug|iPhoneSimulator.Deploy.0 = Debug|Any CPU
		{41510271-D65E-4E01-AFCF-955FC5858E2F}.Debug|x64.ActiveCfg = Debug|Any CPU
		{41510271-D65E-4E01-AFCF-955FC5858E2F}.Debug|x64.Build.0 = Debug|Any CPU
		{41510271-D65E-4E01-AFCF-955FC5858E2F}.Debug|x64.Deploy.0 = Debug|Any CPU
		{41510271-D65E-4E01-AFCF-955FC5858E2F}.Debug|x86.ActiveCfg = Debug|Any CPU
		{41510271-D65E-4E01-AFCF-955FC5858E2F}.Debug|x86.Build.0 = Debug|Any CPU
		{41510271-D65E-4E01-AFCF-955FC5858E2F}.Debug|x86.Deploy.0 = Debug|Any CPU
		{41510271-D65E-4E01-AFCF-955FC5858E2F}.Release|Any CPU.ActiveCfg = Release|Any CPU
		{41510271-D65E-4E01-AFCF-955FC5858E2F}.Release|Any CPU.Build.0 = Release|Any CPU
		{41510271-D65E-4E01-AFCF-955FC5858E2F}.Release|Any CPU.Deploy.0 = Release|Any CPU
		{41510271-D65E-4E01-AFCF-955FC5858E2F}.Release|ARM.ActiveCfg = Release|Any CPU
		{41510271-D65E-4E01-AFCF-955FC5858E2F}.Release|ARM.Build.0 = Release|Any CPU
		{41510271-D65E-4E01-AFCF-955FC5858E2F}.Release|ARM.Deploy.0 = Release|Any CPU
		{41510271-D65E-4E01-AFCF-955FC5858E2F}.Release|iPhone.ActiveCfg = Release|Any CPU
		{41510271-D65E-4E01-AFCF-955FC5858E2F}.Release|iPhone.Build.0 = Release|Any CPU
		{41510271-D65E-4E01-AFCF-955FC5858E2F}.Release|iPhone.Deploy.0 = Release|Any CPU
		{41510271-D65E-4E01-AFCF-955FC5858E2F}.Release|iPhoneSimulator.ActiveCfg = Release|Any CPU
		{41510271-D65E-4E01-AFCF-955FC5858E2F}.Release|iPhoneSimulator.Build.0 = Release|Any CPU
		{41510271-D65E-4E01-AFCF-955FC5858E2F}.Release|iPhoneSimulator.Deploy.0 = Release|Any CPU
		{41510271-D65E-4E01-AFCF-955FC5858E2F}.Release|x64.ActiveCfg = Release|Any CPU
		{41510271-D65E-4E01-AFCF-955FC5858E2F}.Release|x64.Build.0 = Release|Any CPU
		{41510271-D65E-4E01-AFCF-955FC5858E2F}.Release|x64.Deploy.0 = Release|Any CPU
		{41510271-D65E-4E01-AFCF-955FC5858E2F}.Release|x86.ActiveCfg = Release|Any CPU
		{41510271-D65E-4E01-AFCF-955FC5858E2F}.Release|x86.Build.0 = Release|Any CPU
		{41510271-D65E-4E01-AFCF-955FC5858E2F}.Release|x86.Deploy.0 = Release|Any CPU
		{B96F6564-4712-4AD4-8F0F-6B22571F4C98}.Ad-Hoc|Any CPU.ActiveCfg = Ad-Hoc|iPhone
		{B96F6564-4712-4AD4-8F0F-6B22571F4C98}.Ad-Hoc|Any CPU.Build.0 = Ad-Hoc|iPhone
		{B96F6564-4712-4AD4-8F0F-6B22571F4C98}.Ad-Hoc|Any CPU.Deploy.0 = Ad-Hoc|iPhone
		{B96F6564-4712-4AD4-8F0F-6B22571F4C98}.Ad-Hoc|ARM.ActiveCfg = Ad-Hoc|iPhone
		{B96F6564-4712-4AD4-8F0F-6B22571F4C98}.Ad-Hoc|ARM.Build.0 = Ad-Hoc|iPhone
		{B96F6564-4712-4AD4-8F0F-6B22571F4C98}.Ad-Hoc|ARM.Deploy.0 = Ad-Hoc|iPhone
		{B96F6564-4712-4AD4-8F0F-6B22571F4C98}.Ad-Hoc|iPhone.ActiveCfg = Ad-Hoc|iPhone
		{B96F6564-4712-4AD4-8F0F-6B22571F4C98}.Ad-Hoc|iPhone.Build.0 = Ad-Hoc|iPhone
		{B96F6564-4712-4AD4-8F0F-6B22571F4C98}.Ad-Hoc|iPhone.Deploy.0 = Ad-Hoc|iPhone
		{B96F6564-4712-4AD4-8F0F-6B22571F4C98}.Ad-Hoc|iPhoneSimulator.ActiveCfg = Ad-Hoc|iPhoneSimulator
		{B96F6564-4712-4AD4-8F0F-6B22571F4C98}.Ad-Hoc|iPhoneSimulator.Build.0 = Ad-Hoc|iPhoneSimulator
		{B96F6564-4712-4AD4-8F0F-6B22571F4C98}.Ad-Hoc|iPhoneSimulator.Deploy.0 = Ad-Hoc|iPhoneSimulator
		{B96F6564-4712-4AD4-8F0F-6B22571F4C98}.Ad-Hoc|x64.ActiveCfg = Ad-Hoc|iPhone
		{B96F6564-4712-4AD4-8F0F-6B22571F4C98}.Ad-Hoc|x64.Build.0 = Ad-Hoc|iPhone
		{B96F6564-4712-4AD4-8F0F-6B22571F4C98}.Ad-Hoc|x64.Deploy.0 = Ad-Hoc|iPhone
		{B96F6564-4712-4AD4-8F0F-6B22571F4C98}.Ad-Hoc|x86.ActiveCfg = Ad-Hoc|iPhone
		{B96F6564-4712-4AD4-8F0F-6B22571F4C98}.Ad-Hoc|x86.Build.0 = Ad-Hoc|iPhone
		{B96F6564-4712-4AD4-8F0F-6B22571F4C98}.Ad-Hoc|x86.Deploy.0 = Ad-Hoc|iPhone
		{B96F6564-4712-4AD4-8F0F-6B22571F4C98}.AppStore|Any CPU.ActiveCfg = AppStore|iPhone
		{B96F6564-4712-4AD4-8F0F-6B22571F4C98}.AppStore|Any CPU.Build.0 = AppStore|iPhone
		{B96F6564-4712-4AD4-8F0F-6B22571F4C98}.AppStore|Any CPU.Deploy.0 = AppStore|iPhone
		{B96F6564-4712-4AD4-8F0F-6B22571F4C98}.AppStore|ARM.ActiveCfg = AppStore|iPhone
		{B96F6564-4712-4AD4-8F0F-6B22571F4C98}.AppStore|ARM.Build.0 = AppStore|iPhone
		{B96F6564-4712-4AD4-8F0F-6B22571F4C98}.AppStore|ARM.Deploy.0 = AppStore|iPhone
		{B96F6564-4712-4AD4-8F0F-6B22571F4C98}.AppStore|iPhone.ActiveCfg = AppStore|iPhone
		{B96F6564-4712-4AD4-8F0F-6B22571F4C98}.AppStore|iPhone.Build.0 = AppStore|iPhone
		{B96F6564-4712-4AD4-8F0F-6B22571F4C98}.AppStore|iPhone.Deploy.0 = AppStore|iPhone
		{B96F6564-4712-4AD4-8F0F-6B22571F4C98}.AppStore|iPhoneSimulator.ActiveCfg = AppStore|iPhoneSimulator
		{B96F6564-4712-4AD4-8F0F-6B22571F4C98}.AppStore|iPhoneSimulator.Build.0 = AppStore|iPhoneSimulator
		{B96F6564-4712-4AD4-8F0F-6B22571F4C98}.AppStore|iPhoneSimulator.Deploy.0 = AppStore|iPhoneSimulator
		{B96F6564-4712-4AD4-8F0F-6B22571F4C98}.AppStore|x64.ActiveCfg = AppStore|iPhone
		{B96F6564-4712-4AD4-8F0F-6B22571F4C98}.AppStore|x64.Build.0 = AppStore|iPhone
		{B96F6564-4712-4AD4-8F0F-6B22571F4C98}.AppStore|x64.Deploy.0 = AppStore|iPhone
		{B96F6564-4712-4AD4-8F0F-6B22571F4C98}.AppStore|x86.ActiveCfg = AppStore|iPhone
		{B96F6564-4712-4AD4-8F0F-6B22571F4C98}.AppStore|x86.Build.0 = AppStore|iPhone
		{B96F6564-4712-4AD4-8F0F-6B22571F4C98}.AppStore|x86.Deploy.0 = AppStore|iPhone
		{B96F6564-4712-4AD4-8F0F-6B22571F4C98}.Debug|Any CPU.ActiveCfg = Debug|iPhoneSimulator
		{B96F6564-4712-4AD4-8F0F-6B22571F4C98}.Debug|Any CPU.Build.0 = Debug|iPhoneSimulator
		{B96F6564-4712-4AD4-8F0F-6B22571F4C98}.Debug|Any CPU.Deploy.0 = Debug|iPhoneSimulator
		{B96F6564-4712-4AD4-8F0F-6B22571F4C98}.Debug|ARM.ActiveCfg = Debug|iPhone
		{B96F6564-4712-4AD4-8F0F-6B22571F4C98}.Debug|ARM.Build.0 = Debug|iPhone
		{B96F6564-4712-4AD4-8F0F-6B22571F4C98}.Debug|ARM.Deploy.0 = Debug|iPhone
		{B96F6564-4712-4AD4-8F0F-6B22571F4C98}.Debug|iPhone.ActiveCfg = Debug|iPhone
		{B96F6564-4712-4AD4-8F0F-6B22571F4C98}.Debug|iPhone.Build.0 = Debug|iPhone
		{B96F6564-4712-4AD4-8F0F-6B22571F4C98}.Debug|iPhone.Deploy.0 = Debug|iPhone
		{B96F6564-4712-4AD4-8F0F-6B22571F4C98}.Debug|iPhoneSimulator.ActiveCfg = Debug|iPhoneSimulator
		{B96F6564-4712-4AD4-8F0F-6B22571F4C98}.Debug|iPhoneSimulator.Build.0 = Debug|iPhoneSimulator
		{B96F6564-4712-4AD4-8F0F-6B22571F4C98}.Debug|iPhoneSimulator.Deploy.0 = Debug|iPhoneSimulator
		{B96F6564-4712-4AD4-8F0F-6B22571F4C98}.Debug|x64.ActiveCfg = Debug|iPhone
		{B96F6564-4712-4AD4-8F0F-6B22571F4C98}.Debug|x64.Build.0 = Debug|iPhone
		{B96F6564-4712-4AD4-8F0F-6B22571F4C98}.Debug|x64.Deploy.0 = Debug|iPhone
		{B96F6564-4712-4AD4-8F0F-6B22571F4C98}.Debug|x86.ActiveCfg = Debug|iPhone
		{B96F6564-4712-4AD4-8F0F-6B22571F4C98}.Debug|x86.Build.0 = Debug|iPhone
		{B96F6564-4712-4AD4-8F0F-6B22571F4C98}.Debug|x86.Deploy.0 = Debug|iPhone
		{B96F6564-4712-4AD4-8F0F-6B22571F4C98}.Release|Any CPU.ActiveCfg = Release|iPhone
		{B96F6564-4712-4AD4-8F0F-6B22571F4C98}.Release|Any CPU.Build.0 = Release|iPhone
		{B96F6564-4712-4AD4-8F0F-6B22571F4C98}.Release|Any CPU.Deploy.0 = Release|iPhone
		{B96F6564-4712-4AD4-8F0F-6B22571F4C98}.Release|ARM.ActiveCfg = Release|iPhone
		{B96F6564-4712-4AD4-8F0F-6B22571F4C98}.Release|ARM.Build.0 = Release|iPhone
		{B96F6564-4712-4AD4-8F0F-6B22571F4C98}.Release|ARM.Deploy.0 = Release|iPhone
		{B96F6564-4712-4AD4-8F0F-6B22571F4C98}.Release|iPhone.ActiveCfg = Release|iPhone
		{B96F6564-4712-4AD4-8F0F-6B22571F4C98}.Release|iPhone.Build.0 = Release|iPhone
		{B96F6564-4712-4AD4-8F0F-6B22571F4C98}.Release|iPhone.Deploy.0 = Release|iPhone
		{B96F6564-4712-4AD4-8F0F-6B22571F4C98}.Release|iPhoneSimulator.ActiveCfg = Release|iPhoneSimulator
		{B96F6564-4712-4AD4-8F0F-6B22571F4C98}.Release|iPhoneSimulator.Build.0 = Release|iPhoneSimulator
		{B96F6564-4712-4AD4-8F0F-6B22571F4C98}.Release|iPhoneSimulator.Deploy.0 = Release|iPhoneSimulator
		{B96F6564-4712-4AD4-8F0F-6B22571F4C98}.Release|x64.ActiveCfg = Release|iPhone
		{B96F6564-4712-4AD4-8F0F-6B22571F4C98}.Release|x64.Build.0 = Release|iPhone
		{B96F6564-4712-4AD4-8F0F-6B22571F4C98}.Release|x64.Deploy.0 = Release|iPhone
		{B96F6564-4712-4AD4-8F0F-6B22571F4C98}.Release|x86.ActiveCfg = Release|iPhone
		{B96F6564-4712-4AD4-8F0F-6B22571F4C98}.Release|x86.Build.0 = Release|iPhone
		{B96F6564-4712-4AD4-8F0F-6B22571F4C98}.Release|x86.Deploy.0 = Release|iPhone
		{CCD42B2E-BA37-4E5F-B666-EE5EBF59158D}.Ad-Hoc|Any CPU.ActiveCfg = Release|x86
		{CCD42B2E-BA37-4E5F-B666-EE5EBF59158D}.Ad-Hoc|Any CPU.Build.0 = Release|x86
		{CCD42B2E-BA37-4E5F-B666-EE5EBF59158D}.Ad-Hoc|Any CPU.Deploy.0 = Release|x86
		{CCD42B2E-BA37-4E5F-B666-EE5EBF59158D}.Ad-Hoc|ARM.ActiveCfg = Release|ARM
		{CCD42B2E-BA37-4E5F-B666-EE5EBF59158D}.Ad-Hoc|ARM.Build.0 = Release|ARM
		{CCD42B2E-BA37-4E5F-B666-EE5EBF59158D}.Ad-Hoc|ARM.Deploy.0 = Release|ARM
		{CCD42B2E-BA37-4E5F-B666-EE5EBF59158D}.Ad-Hoc|iPhone.ActiveCfg = Release|x86
		{CCD42B2E-BA37-4E5F-B666-EE5EBF59158D}.Ad-Hoc|iPhone.Build.0 = Release|x86
		{CCD42B2E-BA37-4E5F-B666-EE5EBF59158D}.Ad-Hoc|iPhone.Deploy.0 = Release|x86
		{CCD42B2E-BA37-4E5F-B666-EE5EBF59158D}.Ad-Hoc|iPhoneSimulator.ActiveCfg = Release|x86
		{CCD42B2E-BA37-4E5F-B666-EE5EBF59158D}.Ad-Hoc|iPhoneSimulator.Build.0 = Release|x86
		{CCD42B2E-BA37-4E5F-B666-EE5EBF59158D}.Ad-Hoc|iPhoneSimulator.Deploy.0 = Release|x86
		{CCD42B2E-BA37-4E5F-B666-EE5EBF59158D}.Ad-Hoc|x64.ActiveCfg = Release|x64
		{CCD42B2E-BA37-4E5F-B666-EE5EBF59158D}.Ad-Hoc|x64.Build.0 = Release|x64
		{CCD42B2E-BA37-4E5F-B666-EE5EBF59158D}.Ad-Hoc|x64.Deploy.0 = Release|x64
		{CCD42B2E-BA37-4E5F-B666-EE5EBF59158D}.Ad-Hoc|x86.ActiveCfg = Release|x86
		{CCD42B2E-BA37-4E5F-B666-EE5EBF59158D}.Ad-Hoc|x86.Build.0 = Release|x86
		{CCD42B2E-BA37-4E5F-B666-EE5EBF59158D}.Ad-Hoc|x86.Deploy.0 = Release|x86
		{CCD42B2E-BA37-4E5F-B666-EE5EBF59158D}.AppStore|Any CPU.ActiveCfg = Release|x86
		{CCD42B2E-BA37-4E5F-B666-EE5EBF59158D}.AppStore|Any CPU.Build.0 = Release|x86
		{CCD42B2E-BA37-4E5F-B666-EE5EBF59158D}.AppStore|Any CPU.Deploy.0 = Release|x86
		{CCD42B2E-BA37-4E5F-B666-EE5EBF59158D}.AppStore|ARM.ActiveCfg = Release|ARM
		{CCD42B2E-BA37-4E5F-B666-EE5EBF59158D}.AppStore|ARM.Build.0 = Release|ARM
		{CCD42B2E-BA37-4E5F-B666-EE5EBF59158D}.AppStore|ARM.Deploy.0 = Release|ARM
		{CCD42B2E-BA37-4E5F-B666-EE5EBF59158D}.AppStore|iPhone.ActiveCfg = Release|x86
		{CCD42B2E-BA37-4E5F-B666-EE5EBF59158D}.AppStore|iPhone.Build.0 = Release|x86
		{CCD42B2E-BA37-4E5F-B666-EE5EBF59158D}.AppStore|iPhone.Deploy.0 = Release|x86
		{CCD42B2E-BA37-4E5F-B666-EE5EBF59158D}.AppStore|iPhoneSimulator.ActiveCfg = Release|x86
		{CCD42B2E-BA37-4E5F-B666-EE5EBF59158D}.AppStore|iPhoneSimulator.Build.0 = Release|x86
		{CCD42B2E-BA37-4E5F-B666-EE5EBF59158D}.AppStore|iPhoneSimulator.Deploy.0 = Release|x86
		{CCD42B2E-BA37-4E5F-B666-EE5EBF59158D}.AppStore|x64.ActiveCfg = Release|x64
		{CCD42B2E-BA37-4E5F-B666-EE5EBF59158D}.AppStore|x64.Build.0 = Release|x64
		{CCD42B2E-BA37-4E5F-B666-EE5EBF59158D}.AppStore|x64.Deploy.0 = Release|x64
		{CCD42B2E-BA37-4E5F-B666-EE5EBF59158D}.AppStore|x86.ActiveCfg = Release|x86
		{CCD42B2E-BA37-4E5F-B666-EE5EBF59158D}.AppStore|x86.Build.0 = Release|x86
		{CCD42B2E-BA37-4E5F-B666-EE5EBF59158D}.AppStore|x86.Deploy.0 = Release|x86
		{CCD42B2E-BA37-4E5F-B666-EE5EBF59158D}.Debug|Any CPU.ActiveCfg = Debug|x86
		{CCD42B2E-BA37-4E5F-B666-EE5EBF59158D}.Debug|Any CPU.Build.0 = Debug|x86
		{CCD42B2E-BA37-4E5F-B666-EE5EBF59158D}.Debug|Any CPU.Deploy.0 = Debug|x86
		{CCD42B2E-BA37-4E5F-B666-EE5EBF59158D}.Debug|ARM.ActiveCfg = Debug|ARM
		{CCD42B2E-BA37-4E5F-B666-EE5EBF59158D}.Debug|ARM.Build.0 = Debug|ARM
		{CCD42B2E-BA37-4E5F-B666-EE5EBF59158D}.Debug|ARM.Deploy.0 = Debug|ARM
		{CCD42B2E-BA37-4E5F-B666-EE5EBF59158D}.Debug|iPhone.ActiveCfg = Debug|x86
		{CCD42B2E-BA37-4E5F-B666-EE5EBF59158D}.Debug|iPhone.Build.0 = Debug|x86
		{CCD42B2E-BA37-4E5F-B666-EE5EBF59158D}.Debug|iPhone.Deploy.0 = Debug|x86
		{CCD42B2E-BA37-4E5F-B666-EE5EBF59158D}.Debug|iPhoneSimulator.ActiveCfg = Debug|x86
		{CCD42B2E-BA37-4E5F-B666-EE5EBF59158D}.Debug|iPhoneSimulator.Build.0 = Debug|x86
		{CCD42B2E-BA37-4E5F-B666-EE5EBF59158D}.Debug|iPhoneSimulator.Deploy.0 = Debug|x86
		{CCD42B2E-BA37-4E5F-B666-EE5EBF59158D}.Debug|x64.ActiveCfg = Debug|x64
		{CCD42B2E-BA37-4E5F-B666-EE5EBF59158D}.Debug|x64.Build.0 = Debug|x64
		{CCD42B2E-BA37-4E5F-B666-EE5EBF59158D}.Debug|x64.Deploy.0 = Debug|x64
		{CCD42B2E-BA37-4E5F-B666-EE5EBF59158D}.Debug|x86.ActiveCfg = Debug|x86
		{CCD42B2E-BA37-4E5F-B666-EE5EBF59158D}.Debug|x86.Build.0 = Debug|x86
		{CCD42B2E-BA37-4E5F-B666-EE5EBF59158D}.Debug|x86.Deploy.0 = Debug|x86
		{CCD42B2E-BA37-4E5F-B666-EE5EBF59158D}.Release|Any CPU.ActiveCfg = Release|x86
		{CCD42B2E-BA37-4E5F-B666-EE5EBF59158D}.Release|Any CPU.Build.0 = Release|x86
		{CCD42B2E-BA37-4E5F-B666-EE5EBF59158D}.Release|Any CPU.Deploy.0 = Release|x86
		{CCD42B2E-BA37-4E5F-B666-EE5EBF59158D}.Release|ARM.ActiveCfg = Release|ARM
		{CCD42B2E-BA37-4E5F-B666-EE5EBF59158D}.Release|ARM.Build.0 = Release|ARM
		{CCD42B2E-BA37-4E5F-B666-EE5EBF59158D}.Release|ARM.Deploy.0 = Release|ARM
		{CCD42B2E-BA37-4E5F-B666-EE5EBF59158D}.Release|iPhone.ActiveCfg = Release|x86
		{CCD42B2E-BA37-4E5F-B666-EE5EBF59158D}.Release|iPhone.Build.0 = Release|x86
		{CCD42B2E-BA37-4E5F-B666-EE5EBF59158D}.Release|iPhone.Deploy.0 = Release|x86
		{CCD42B2E-BA37-4E5F-B666-EE5EBF59158D}.Release|iPhoneSimulator.ActiveCfg = Release|x86
		{CCD42B2E-BA37-4E5F-B666-EE5EBF59158D}.Release|iPhoneSimulator.Build.0 = Release|x86
		{CCD42B2E-BA37-4E5F-B666-EE5EBF59158D}.Release|iPhoneSimulator.Deploy.0 = Release|x86
		{CCD42B2E-BA37-4E5F-B666-EE5EBF59158D}.Release|x64.ActiveCfg = Release|x64
		{CCD42B2E-BA37-4E5F-B666-EE5EBF59158D}.Release|x64.Build.0 = Release|x64
		{CCD42B2E-BA37-4E5F-B666-EE5EBF59158D}.Release|x64.Deploy.0 = Release|x64
		{CCD42B2E-BA37-4E5F-B666-EE5EBF59158D}.Release|x86.ActiveCfg = Release|x86
		{CCD42B2E-BA37-4E5F-B666-EE5EBF59158D}.Release|x86.Build.0 = Release|x86
		{CCD42B2E-BA37-4E5F-B666-EE5EBF59158D}.Release|x86.Deploy.0 = Release|x86
		{70A92435-EEC6-496D-903F-3FFF0A0F27C7}.Ad-Hoc|Any CPU.ActiveCfg = Debug|Any CPU
		{70A92435-EEC6-496D-903F-3FFF0A0F27C7}.Ad-Hoc|Any CPU.Build.0 = Debug|Any CPU
		{70A92435-EEC6-496D-903F-3FFF0A0F27C7}.Ad-Hoc|Any CPU.Deploy.0 = Debug|Any CPU
		{70A92435-EEC6-496D-903F-3FFF0A0F27C7}.Ad-Hoc|ARM.ActiveCfg = Debug|Any CPU
		{70A92435-EEC6-496D-903F-3FFF0A0F27C7}.Ad-Hoc|ARM.Build.0 = Debug|Any CPU
		{70A92435-EEC6-496D-903F-3FFF0A0F27C7}.Ad-Hoc|ARM.Deploy.0 = Debug|Any CPU
		{70A92435-EEC6-496D-903F-3FFF0A0F27C7}.Ad-Hoc|iPhone.ActiveCfg = Debug|Any CPU
		{70A92435-EEC6-496D-903F-3FFF0A0F27C7}.Ad-Hoc|iPhone.Build.0 = Debug|Any CPU
		{70A92435-EEC6-496D-903F-3FFF0A0F27C7}.Ad-Hoc|iPhone.Deploy.0 = Debug|Any CPU
		{70A92435-EEC6-496D-903F-3FFF0A0F27C7}.Ad-Hoc|iPhoneSimulator.ActiveCfg = Debug|Any CPU
		{70A92435-EEC6-496D-903F-3FFF0A0F27C7}.Ad-Hoc|iPhoneSimulator.Build.0 = Debug|Any CPU
		{70A92435-EEC6-496D-903F-3FFF0A0F27C7}.Ad-Hoc|iPhoneSimulator.Deploy.0 = Debug|Any CPU
		{70A92435-EEC6-496D-903F-3FFF0A0F27C7}.Ad-Hoc|x64.ActiveCfg = Debug|Any CPU
		{70A92435-EEC6-496D-903F-3FFF0A0F27C7}.Ad-Hoc|x64.Build.0 = Debug|Any CPU
		{70A92435-EEC6-496D-903F-3FFF0A0F27C7}.Ad-Hoc|x64.Deploy.0 = Debug|Any CPU
		{70A92435-EEC6-496D-903F-3FFF0A0F27C7}.Ad-Hoc|x86.ActiveCfg = Debug|Any CPU
		{70A92435-EEC6-496D-903F-3FFF0A0F27C7}.Ad-Hoc|x86.Build.0 = Debug|Any CPU
		{70A92435-EEC6-496D-903F-3FFF0A0F27C7}.Ad-Hoc|x86.Deploy.0 = Debug|Any CPU
		{70A92435-EEC6-496D-903F-3FFF0A0F27C7}.AppStore|Any CPU.ActiveCfg = Debug|Any CPU
		{70A92435-EEC6-496D-903F-3FFF0A0F27C7}.AppStore|Any CPU.Build.0 = Debug|Any CPU
		{70A92435-EEC6-496D-903F-3FFF0A0F27C7}.AppStore|Any CPU.Deploy.0 = Debug|Any CPU
		{70A92435-EEC6-496D-903F-3FFF0A0F27C7}.AppStore|ARM.ActiveCfg = Debug|Any CPU
		{70A92435-EEC6-496D-903F-3FFF0A0F27C7}.AppStore|ARM.Build.0 = Debug|Any CPU
		{70A92435-EEC6-496D-903F-3FFF0A0F27C7}.AppStore|ARM.Deploy.0 = Debug|Any CPU
		{70A92435-EEC6-496D-903F-3FFF0A0F27C7}.AppStore|iPhone.ActiveCfg = Debug|Any CPU
		{70A92435-EEC6-496D-903F-3FFF0A0F27C7}.AppStore|iPhone.Build.0 = Debug|Any CPU
		{70A92435-EEC6-496D-903F-3FFF0A0F27C7}.AppStore|iPhone.Deploy.0 = Debug|Any CPU
		{70A92435-EEC6-496D-903F-3FFF0A0F27C7}.AppStore|iPhoneSimulator.ActiveCfg = Debug|Any CPU
		{70A92435-EEC6-496D-903F-3FFF0A0F27C7}.AppStore|iPhoneSimulator.Build.0 = Debug|Any CPU
		{70A92435-EEC6-496D-903F-3FFF0A0F27C7}.AppStore|iPhoneSimulator.Deploy.0 = Debug|Any CPU
		{70A92435-EEC6-496D-903F-3FFF0A0F27C7}.AppStore|x64.ActiveCfg = Debug|Any CPU
		{70A92435-EEC6-496D-903F-3FFF0A0F27C7}.AppStore|x64.Build.0 = Debug|Any CPU
		{70A92435-EEC6-496D-903F-3FFF0A0F27C7}.AppStore|x64.Deploy.0 = Debug|Any CPU
		{70A92435-EEC6-496D-903F-3FFF0A0F27C7}.AppStore|x86.ActiveCfg = Debug|Any CPU
		{70A92435-EEC6-496D-903F-3FFF0A0F27C7}.AppStore|x86.Build.0 = Debug|Any CPU
		{70A92435-EEC6-496D-903F-3FFF0A0F27C7}.AppStore|x86.Deploy.0 = Debug|Any CPU
		{70A92435-EEC6-496D-903F-3FFF0A0F27C7}.Debug|Any CPU.ActiveCfg = Debug|Any CPU
		{70A92435-EEC6-496D-903F-3FFF0A0F27C7}.Debug|Any CPU.Build.0 = Debug|Any CPU
		{70A92435-EEC6-496D-903F-3FFF0A0F27C7}.Debug|Any CPU.Deploy.0 = Debug|Any CPU
		{70A92435-EEC6-496D-903F-3FFF0A0F27C7}.Debug|ARM.ActiveCfg = Debug|Any CPU
		{70A92435-EEC6-496D-903F-3FFF0A0F27C7}.Debug|ARM.Build.0 = Debug|Any CPU
		{70A92435-EEC6-496D-903F-3FFF0A0F27C7}.Debug|ARM.Deploy.0 = Debug|Any CPU
		{70A92435-EEC6-496D-903F-3FFF0A0F27C7}.Debug|iPhone.ActiveCfg = Debug|Any CPU
		{70A92435-EEC6-496D-903F-3FFF0A0F27C7}.Debug|iPhone.Build.0 = Debug|Any CPU
		{70A92435-EEC6-496D-903F-3FFF0A0F27C7}.Debug|iPhone.Deploy.0 = Debug|Any CPU
		{70A92435-EEC6-496D-903F-3FFF0A0F27C7}.Debug|iPhoneSimulator.ActiveCfg = Debug|Any CPU
		{70A92435-EEC6-496D-903F-3FFF0A0F27C7}.Debug|iPhoneSimulator.Build.0 = Debug|Any CPU
		{70A92435-EEC6-496D-903F-3FFF0A0F27C7}.Debug|iPhoneSimulator.Deploy.0 = Debug|Any CPU
		{70A92435-EEC6-496D-903F-3FFF0A0F27C7}.Debug|x64.ActiveCfg = Debug|Any CPU
		{70A92435-EEC6-496D-903F-3FFF0A0F27C7}.Debug|x64.Build.0 = Debug|Any CPU
		{70A92435-EEC6-496D-903F-3FFF0A0F27C7}.Debug|x64.Deploy.0 = Debug|Any CPU
		{70A92435-EEC6-496D-903F-3FFF0A0F27C7}.Debug|x86.ActiveCfg = Debug|Any CPU
		{70A92435-EEC6-496D-903F-3FFF0A0F27C7}.Debug|x86.Build.0 = Debug|Any CPU
		{70A92435-EEC6-496D-903F-3FFF0A0F27C7}.Debug|x86.Deploy.0 = Debug|Any CPU
		{70A92435-EEC6-496D-903F-3FFF0A0F27C7}.Release|Any CPU.ActiveCfg = Release|Any CPU
		{70A92435-EEC6-496D-903F-3FFF0A0F27C7}.Release|Any CPU.Build.0 = Release|Any CPU
		{70A92435-EEC6-496D-903F-3FFF0A0F27C7}.Release|Any CPU.Deploy.0 = Release|Any CPU
		{70A92435-EEC6-496D-903F-3FFF0A0F27C7}.Release|ARM.ActiveCfg = Release|Any CPU
		{70A92435-EEC6-496D-903F-3FFF0A0F27C7}.Release|ARM.Build.0 = Release|Any CPU
		{70A92435-EEC6-496D-903F-3FFF0A0F27C7}.Release|ARM.Deploy.0 = Release|Any CPU
		{70A92435-EEC6-496D-903F-3FFF0A0F27C7}.Release|iPhone.ActiveCfg = Release|Any CPU
		{70A92435-EEC6-496D-903F-3FFF0A0F27C7}.Release|iPhone.Build.0 = Release|Any CPU
		{70A92435-EEC6-496D-903F-3FFF0A0F27C7}.Release|iPhone.Deploy.0 = Release|Any CPU
		{70A92435-EEC6-496D-903F-3FFF0A0F27C7}.Release|iPhoneSimulator.ActiveCfg = Release|Any CPU
		{70A92435-EEC6-496D-903F-3FFF0A0F27C7}.Release|iPhoneSimulator.Build.0 = Release|Any CPU
		{70A92435-EEC6-496D-903F-3FFF0A0F27C7}.Release|iPhoneSimulator.Deploy.0 = Release|Any CPU
		{70A92435-EEC6-496D-903F-3FFF0A0F27C7}.Release|x64.ActiveCfg = Release|Any CPU
		{70A92435-EEC6-496D-903F-3FFF0A0F27C7}.Release|x64.Build.0 = Release|Any CPU
		{70A92435-EEC6-496D-903F-3FFF0A0F27C7}.Release|x64.Deploy.0 = Release|Any CPU
		{70A92435-EEC6-496D-903F-3FFF0A0F27C7}.Release|x86.ActiveCfg = Release|Any CPU
		{70A92435-EEC6-496D-903F-3FFF0A0F27C7}.Release|x86.Build.0 = Release|Any CPU
		{70A92435-EEC6-496D-903F-3FFF0A0F27C7}.Release|x86.Deploy.0 = Release|Any CPU
	EndGlobalSection
	GlobalSection(SolutionProperties) = preSolution
		HideSolutionNode = FALSE
	EndGlobalSection
	GlobalSection(ExtensibilityGlobals) = postSolution
		SolutionGuid = {029F8E52-BDC1-46EB-80BB-25BEB9CFB680}
	EndGlobalSection
EndGlobal
