
Microsoft Visual Studio Solution File, Format Version 12.00
# Visual Studio 15
VisualStudioVersion = 15.0.27428.2027
MinimumVisualStudioVersion = 10.0.40219.1
Project("{FAE04EC0-301F-11D3-BF4B-00C04F79EFBC}") = "App1_Estilo.Android", "App1_Estilo\App1_Estilo.Android\App1_Estilo.Android.csproj", "{AD857844-C7D5-4316-967A-2DC6C93D0B3F}"
EndProject
Project("{FAE04EC0-301F-11D3-BF4B-00C04F79EFBC}") = "App1_Estilo.iOS", "App1_Estilo\App1_Estilo.iOS\App1_Estilo.iOS.csproj", "{1264459D-D67B-4A0F-BBB3-B1810F4014BB}"
EndProject
Project("{FAE04EC0-301F-11D3-BF4B-00C04F79EFBC}") = "App1_Estilo.UWP", "App1_Estilo\App1_Estilo.UWP\App1_Estilo.UWP.csproj", "{1C4F1D4F-390E-4255-A03D-EBC4CEDC1A4C}"
EndProject
Project("{FAE04EC0-301F-11D3-BF4B-00C04F79EFBC}") = "App1_Estilo", "App1_Estilo\App1_Estilo\App1_Estilo.csproj", "{F7F6DFBC-F433-4E11-A240-7CB7DFDD1F47}"
EndProject
Global
	GlobalSection(SolutionConfigurationPlatforms) = preSolution
		Ad-Hoc|Any CPU = Ad-Hoc|Any CPU
		Ad-Hoc|ARM = Ad-Hoc|ARM
		Ad-Hoc|iPhone = Ad-Hoc|iPhone
		Ad-Hoc|iPhoneSimulator = Ad-Hoc|iPhoneSimulator
		Ad-Hoc|x64 = Ad-Hoc|x64
		Ad-Hoc|x86 = Ad-Hoc|x86
		AppStore|Any CPU = AppStore|Any CPU
		AppStore|ARM = AppStore|ARM
		AppStore|iPhone = AppStore|iPhone
		AppStore|iPhoneSimulator = AppStore|iPhoneSimulator
		AppStore|x64 = AppStore|x64
		AppStore|x86 = AppStore|x86
		Debug|Any CPU = Debug|Any CPU
		Debug|ARM = Debug|ARM
		Debug|iPhone = Debug|iPhone
		Debug|iPhoneSimulator = Debug|iPhoneSimulator
		Debug|x64 = Debug|x64
		Debug|x86 = Debug|x86
		Release|Any CPU = Release|Any CPU
		Release|ARM = Release|ARM
		Release|iPhone = Release|iPhone
		Release|iPhoneSimulator = Release|iPhoneSimulator
		Release|x64 = Release|x64
		Release|x86 = Release|x86
	EndGlobalSection
	GlobalSection(ProjectConfigurationPlatforms) = postSolution
		{AD857844-C7D5-4316-967A-2DC6C93D0B3F}.Ad-Hoc|Any CPU.ActiveCfg = Release|Any CPU
		{AD857844-C7D5-4316-967A-2DC6C93D0B3F}.Ad-Hoc|Any CPU.Build.0 = Release|Any CPU
		{AD857844-C7D5-4316-967A-2DC6C93D0B3F}.Ad-Hoc|Any CPU.Deploy.0 = Release|Any CPU
		{AD857844-C7D5-4316-967A-2DC6C93D0B3F}.Ad-Hoc|ARM.ActiveCfg = Release|Any CPU
		{AD857844-C7D5-4316-967A-2DC6C93D0B3F}.Ad-Hoc|ARM.Build.0 = Release|Any CPU
		{AD857844-C7D5-4316-967A-2DC6C93D0B3F}.Ad-Hoc|ARM.Deploy.0 = Release|Any CPU
		{AD857844-C7D5-4316-967A-2DC6C93D0B3F}.Ad-Hoc|iPhone.ActiveCfg = Release|Any CPU
		{AD857844-C7D5-4316-967A-2DC6C93D0B3F}.Ad-Hoc|iPhone.Build.0 = Release|Any CPU
		{AD857844-C7D5-4316-967A-2DC6C93D0B3F}.Ad-Hoc|iPhone.Deploy.0 = Release|Any CPU
		{AD857844-C7D5-4316-967A-2DC6C93D0B3F}.Ad-Hoc|iPhoneSimulator.ActiveCfg = Release|Any CPU
		{AD857844-C7D5-4316-967A-2DC6C93D0B3F}.Ad-Hoc|iPhoneSimulator.Build.0 = Release|Any CPU
		{AD857844-C7D5-4316-967A-2DC6C93D0B3F}.Ad-Hoc|iPhoneSimulator.Deploy.0 = Release|Any CPU
		{AD857844-C7D5-4316-967A-2DC6C93D0B3F}.Ad-Hoc|x64.ActiveCfg = Release|Any CPU
		{AD857844-C7D5-4316-967A-2DC6C93D0B3F}.Ad-Hoc|x64.Build.0 = Release|Any CPU
		{AD857844-C7D5-4316-967A-2DC6C93D0B3F}.Ad-Hoc|x64.Deploy.0 = Release|Any CPU
		{AD857844-C7D5-4316-967A-2DC6C93D0B3F}.Ad-Hoc|x86.ActiveCfg = Release|Any CPU
		{AD857844-C7D5-4316-967A-2DC6C93D0B3F}.Ad-Hoc|x86.Build.0 = Release|Any CPU
		{AD857844-C7D5-4316-967A-2DC6C93D0B3F}.Ad-Hoc|x86.Deploy.0 = Release|Any CPU
		{AD857844-C7D5-4316-967A-2DC6C93D0B3F}.AppStore|Any CPU.ActiveCfg = Release|Any CPU
		{AD857844-C7D5-4316-967A-2DC6C93D0B3F}.AppStore|Any CPU.Build.0 = Release|Any CPU
		{AD857844-C7D5-4316-967A-2DC6C93D0B3F}.AppStore|Any CPU.Deploy.0 = Release|Any CPU
		{AD857844-C7D5-4316-967A-2DC6C93D0B3F}.AppStore|ARM.ActiveCfg = Release|Any CPU
		{AD857844-C7D5-4316-967A-2DC6C93D0B3F}.AppStore|ARM.Build.0 = Release|Any CPU
		{AD857844-C7D5-4316-967A-2DC6C93D0B3F}.AppStore|ARM.Deploy.0 = Release|Any CPU
		{AD857844-C7D5-4316-967A-2DC6C93D0B3F}.AppStore|iPhone.ActiveCfg = Release|Any CPU
		{AD857844-C7D5-4316-967A-2DC6C93D0B3F}.AppStore|iPhone.Build.0 = Release|Any CPU
		{AD857844-C7D5-4316-967A-2DC6C93D0B3F}.AppStore|iPhone.Deploy.0 = Release|Any CPU
		{AD857844-C7D5-4316-967A-2DC6C93D0B3F}.AppStore|iPhoneSimulator.ActiveCfg = Release|Any CPU
		{AD857844-C7D5-4316-967A-2DC6C93D0B3F}.AppStore|iPhoneSimulator.Build.0 = Release|Any CPU
		{AD857844-C7D5-4316-967A-2DC6C93D0B3F}.AppStore|iPhoneSimulator.Deploy.0 = Release|Any CPU
		{AD857844-C7D5-4316-967A-2DC6C93D0B3F}.AppStore|x64.ActiveCfg = Release|Any CPU
		{AD857844-C7D5-4316-967A-2DC6C93D0B3F}.AppStore|x64.Build.0 = Release|Any CPU
		{AD857844-C7D5-4316-967A-2DC6C93D0B3F}.AppStore|x64.Deploy.0 = Release|Any CPU
		{AD857844-C7D5-4316-967A-2DC6C93D0B3F}.AppStore|x86.ActiveCfg = Release|Any CPU
		{AD857844-C7D5-4316-967A-2DC6C93D0B3F}.AppStore|x86.Build.0 = Release|Any CPU
		{AD857844-C7D5-4316-967A-2DC6C93D0B3F}.AppStore|x86.Deploy.0 = Release|Any CPU
		{AD857844-C7D5-4316-967A-2DC6C93D0B3F}.Debug|Any CPU.ActiveCfg = Debug|Any CPU
		{AD857844-C7D5-4316-967A-2DC6C93D0B3F}.Debug|Any CPU.Build.0 = Debug|Any CPU
		{AD857844-C7D5-4316-967A-2DC6C93D0B3F}.Debug|Any CPU.Deploy.0 = Debug|Any CPU
		{AD857844-C7D5-4316-967A-2DC6C93D0B3F}.Debug|ARM.ActiveCfg = Debug|Any CPU
		{AD857844-C7D5-4316-967A-2DC6C93D0B3F}.Debug|ARM.Build.0 = Debug|Any CPU
		{AD857844-C7D5-4316-967A-2DC6C93D0B3F}.Debug|ARM.Deploy.0 = Debug|Any CPU
		{AD857844-C7D5-4316-967A-2DC6C93D0B3F}.Debug|iPhone.ActiveCfg = Debug|Any CPU
		{AD857844-C7D5-4316-967A-2DC6C93D0B3F}.Debug|iPhone.Build.0 = Debug|Any CPU
		{AD857844-C7D5-4316-967A-2DC6C93D0B3F}.Debug|iPhone.Deploy.0 = Debug|Any CPU
		{AD857844-C7D5-4316-967A-2DC6C93D0B3F}.Debug|iPhoneSimulator.ActiveCfg = Debug|Any CPU
		{AD857844-C7D5-4316-967A-2DC6C93D0B3F}.Debug|iPhoneSimulator.Build.0 = Debug|Any CPU
		{AD857844-C7D5-4316-967A-2DC6C93D0B3F}.Debug|iPhoneSimulator.Deploy.0 = Debug|Any CPU
		{AD857844-C7D5-4316-967A-2DC6C93D0B3F}.Debug|x64.ActiveCfg = Debug|Any CPU
		{AD857844-C7D5-4316-967A-2DC6C93D0B3F}.Debug|x64.Build.0 = Debug|Any CPU
		{AD857844-C7D5-4316-967A-2DC6C93D0B3F}.Debug|x64.Deploy.0 = Debug|Any CPU
		{AD857844-C7D5-4316-967A-2DC6C93D0B3F}.Debug|x86.ActiveCfg = Debug|Any CPU
		{AD857844-C7D5-4316-967A-2DC6C93D0B3F}.Debug|x86.Build.0 = Debug|Any CPU
		{AD857844-C7D5-4316-967A-2DC6C93D0B3F}.Debug|x86.Deploy.0 = Debug|Any CPU
		{AD857844-C7D5-4316-967A-2DC6C93D0B3F}.Release|Any CPU.ActiveCfg = Release|Any CPU
		{AD857844-C7D5-4316-967A-2DC6C93D0B3F}.Release|Any CPU.Build.0 = Release|Any CPU
		{AD857844-C7D5-4316-967A-2DC6C93D0B3F}.Release|Any CPU.Deploy.0 = Release|Any CPU
		{AD857844-C7D5-4316-967A-2DC6C93D0B3F}.Release|ARM.ActiveCfg = Release|Any CPU
		{AD857844-C7D5-4316-967A-2DC6C93D0B3F}.Release|ARM.Build.0 = Release|Any CPU
		{AD857844-C7D5-4316-967A-2DC6C93D0B3F}.Release|ARM.Deploy.0 = Release|Any CPU
		{AD857844-C7D5-4316-967A-2DC6C93D0B3F}.Release|iPhone.ActiveCfg = Release|Any CPU
		{AD857844-C7D5-4316-967A-2DC6C93D0B3F}.Release|iPhone.Build.0 = Release|Any CPU
		{AD857844-C7D5-4316-967A-2DC6C93D0B3F}.Release|iPhone.Deploy.0 = Release|Any CPU
		{AD857844-C7D5-4316-967A-2DC6C93D0B3F}.Release|iPhoneSimulator.ActiveCfg = Release|Any CPU
		{AD857844-C7D5-4316-967A-2DC6C93D0B3F}.Release|iPhoneSimulator.Build.0 = Release|Any CPU
		{AD857844-C7D5-4316-967A-2DC6C93D0B3F}.Release|iPhoneSimulator.Deploy.0 = Release|Any CPU
		{AD857844-C7D5-4316-967A-2DC6C93D0B3F}.Release|x64.ActiveCfg = Release|Any CPU
		{AD857844-C7D5-4316-967A-2DC6C93D0B3F}.Release|x64.Build.0 = Release|Any CPU
		{AD857844-C7D5-4316-967A-2DC6C93D0B3F}.Release|x64.Deploy.0 = Release|Any CPU
		{AD857844-C7D5-4316-967A-2DC6C93D0B3F}.Release|x86.ActiveCfg = Release|Any CPU
		{AD857844-C7D5-4316-967A-2DC6C93D0B3F}.Release|x86.Build.0 = Release|Any CPU
		{AD857844-C7D5-4316-967A-2DC6C93D0B3F}.Release|x86.Deploy.0 = Release|Any CPU
		{1264459D-D67B-4A0F-BBB3-B1810F4014BB}.Ad-Hoc|Any CPU.ActiveCfg = Ad-Hoc|iPhone
		{1264459D-D67B-4A0F-BBB3-B1810F4014BB}.Ad-Hoc|ARM.ActiveCfg = Ad-Hoc|iPhone
		{1264459D-D67B-4A0F-BBB3-B1810F4014BB}.Ad-Hoc|iPhone.ActiveCfg = Ad-Hoc|iPhone
		{1264459D-D67B-4A0F-BBB3-B1810F4014BB}.Ad-Hoc|iPhone.Build.0 = Ad-Hoc|iPhone
		{1264459D-D67B-4A0F-BBB3-B1810F4014BB}.Ad-Hoc|iPhoneSimulator.ActiveCfg = Ad-Hoc|iPhoneSimulator
		{1264459D-D67B-4A0F-BBB3-B1810F4014BB}.Ad-Hoc|iPhoneSimulator.Build.0 = Ad-Hoc|iPhoneSimulator
		{1264459D-D67B-4A0F-BBB3-B1810F4014BB}.Ad-Hoc|x64.ActiveCfg = Ad-Hoc|iPhone
		{1264459D-D67B-4A0F-BBB3-B1810F4014BB}.Ad-Hoc|x86.ActiveCfg = Ad-Hoc|iPhone
		{1264459D-D67B-4A0F-BBB3-B1810F4014BB}.AppStore|Any CPU.ActiveCfg = AppStore|iPhone
		{1264459D-D67B-4A0F-BBB3-B1810F4014BB}.AppStore|ARM.ActiveCfg = AppStore|iPhone
		{1264459D-D67B-4A0F-BBB3-B1810F4014BB}.AppStore|iPhone.ActiveCfg = AppStore|iPhone
		{1264459D-D67B-4A0F-BBB3-B1810F4014BB}.AppStore|iPhone.Build.0 = AppStore|iPhone
		{1264459D-D67B-4A0F-BBB3-B1810F4014BB}.AppStore|iPhoneSimulator.ActiveCfg = AppStore|iPhoneSimulator
		{1264459D-D67B-4A0F-BBB3-B1810F4014BB}.AppStore|iPhoneSimulator.Build.0 = AppStore|iPhoneSimulator
		{1264459D-D67B-4A0F-BBB3-B1810F4014BB}.AppStore|x64.ActiveCfg = AppStore|iPhone
		{1264459D-D67B-4A0F-BBB3-B1810F4014BB}.AppStore|x86.ActiveCfg = AppStore|iPhone
		{1264459D-D67B-4A0F-BBB3-B1810F4014BB}.Debug|Any CPU.ActiveCfg = Debug|iPhone
		{1264459D-D67B-4A0F-BBB3-B1810F4014BB}.Debug|ARM.ActiveCfg = Debug|iPhone
		{1264459D-D67B-4A0F-BBB3-B1810F4014BB}.Debug|iPhone.ActiveCfg = Debug|iPhone
		{1264459D-D67B-4A0F-BBB3-B1810F4014BB}.Debug|iPhone.Build.0 = Debug|iPhone
		{1264459D-D67B-4A0F-BBB3-B1810F4014BB}.Debug|iPhoneSimulator.ActiveCfg = Debug|iPhoneSimulator
		{1264459D-D67B-4A0F-BBB3-B1810F4014BB}.Debug|iPhoneSimulator.Build.0 = Debug|iPhoneSimulator
		{1264459D-D67B-4A0F-BBB3-B1810F4014BB}.Debug|x64.ActiveCfg = Debug|iPhone
		{1264459D-D67B-4A0F-BBB3-B1810F4014BB}.Debug|x86.ActiveCfg = Debug|iPhone
		{1264459D-D67B-4A0F-BBB3-B1810F4014BB}.Release|Any CPU.ActiveCfg = Release|iPhone
		{1264459D-D67B-4A0F-BBB3-B1810F4014BB}.Release|ARM.ActiveCfg = Release|iPhone
		{1264459D-D67B-4A0F-BBB3-B1810F4014BB}.Release|iPhone.ActiveCfg = Release|iPhone
		{1264459D-D67B-4A0F-BBB3-B1810F4014BB}.Release|iPhone.Build.0 = Release|iPhone
		{1264459D-D67B-4A0F-BBB3-B1810F4014BB}.Release|iPhoneSimulator.ActiveCfg = Release|iPhoneSimulator
		{1264459D-D67B-4A0F-BBB3-B1810F4014BB}.Release|iPhoneSimulator.Build.0 = Release|iPhoneSimulator
		{1264459D-D67B-4A0F-BBB3-B1810F4014BB}.Release|x64.ActiveCfg = Release|iPhone
		{1264459D-D67B-4A0F-BBB3-B1810F4014BB}.Release|x86.ActiveCfg = Release|iPhone
		{1C4F1D4F-390E-4255-A03D-EBC4CEDC1A4C}.Ad-Hoc|Any CPU.ActiveCfg = Release|x86
		{1C4F1D4F-390E-4255-A03D-EBC4CEDC1A4C}.Ad-Hoc|Any CPU.Build.0 = Release|x86
		{1C4F1D4F-390E-4255-A03D-EBC4CEDC1A4C}.Ad-Hoc|Any CPU.Deploy.0 = Release|x86
		{1C4F1D4F-390E-4255-A03D-EBC4CEDC1A4C}.Ad-Hoc|ARM.ActiveCfg = Release|ARM
		{1C4F1D4F-390E-4255-A03D-EBC4CEDC1A4C}.Ad-Hoc|ARM.Build.0 = Release|ARM
		{1C4F1D4F-390E-4255-A03D-EBC4CEDC1A4C}.Ad-Hoc|ARM.Deploy.0 = Release|ARM
		{1C4F1D4F-390E-4255-A03D-EBC4CEDC1A4C}.Ad-Hoc|iPhone.ActiveCfg = Release|x86
		{1C4F1D4F-390E-4255-A03D-EBC4CEDC1A4C}.Ad-Hoc|iPhone.Build.0 = Release|x86
		{1C4F1D4F-390E-4255-A03D-EBC4CEDC1A4C}.Ad-Hoc|iPhone.Deploy.0 = Release|x86
		{1C4F1D4F-390E-4255-A03D-EBC4CEDC1A4C}.Ad-Hoc|iPhoneSimulator.ActiveCfg = Release|x86
		{1C4F1D4F-390E-4255-A03D-EBC4CEDC1A4C}.Ad-Hoc|iPhoneSimulator.Build.0 = Release|x86
		{1C4F1D4F-390E-4255-A03D-EBC4CEDC1A4C}.Ad-Hoc|iPhoneSimulator.Deploy.0 = Release|x86
		{1C4F1D4F-390E-4255-A03D-EBC4CEDC1A4C}.Ad-Hoc|x64.ActiveCfg = Release|x64
		{1C4F1D4F-390E-4255-A03D-EBC4CEDC1A4C}.Ad-Hoc|x64.Build.0 = Release|x64
		{1C4F1D4F-390E-4255-A03D-EBC4CEDC1A4C}.Ad-Hoc|x64.Deploy.0 = Release|x64
		{1C4F1D4F-390E-4255-A03D-EBC4CEDC1A4C}.Ad-Hoc|x86.ActiveCfg = Release|x86
		{1C4F1D4F-390E-4255-A03D-EBC4CEDC1A4C}.Ad-Hoc|x86.Build.0 = Release|x86
		{1C4F1D4F-390E-4255-A03D-EBC4CEDC1A4C}.Ad-Hoc|x86.Deploy.0 = Release|x86
		{1C4F1D4F-390E-4255-A03D-EBC4CEDC1A4C}.AppStore|Any CPU.ActiveCfg = Release|x86
		{1C4F1D4F-390E-4255-A03D-EBC4CEDC1A4C}.AppStore|Any CPU.Build.0 = Release|x86
		{1C4F1D4F-390E-4255-A03D-EBC4CEDC1A4C}.AppStore|Any CPU.Deploy.0 = Release|x86
		{1C4F1D4F-390E-4255-A03D-EBC4CEDC1A4C}.AppStore|ARM.ActiveCfg = Release|ARM
		{1C4F1D4F-390E-4255-A03D-EBC4CEDC1A4C}.AppStore|ARM.Build.0 = Release|ARM
		{1C4F1D4F-390E-4255-A03D-EBC4CEDC1A4C}.AppStore|ARM.Deploy.0 = Release|ARM
		{1C4F1D4F-390E-4255-A03D-EBC4CEDC1A4C}.AppStore|iPhone.ActiveCfg = Release|x86
		{1C4F1D4F-390E-4255-A03D-EBC4CEDC1A4C}.AppStore|iPhone.Build.0 = Release|x86
		{1C4F1D4F-390E-4255-A03D-EBC4CEDC1A4C}.AppStore|iPhone.Deploy.0 = Release|x86
		{1C4F1D4F-390E-4255-A03D-EBC4CEDC1A4C}.AppStore|iPhoneSimulator.ActiveCfg = Release|x86
		{1C4F1D4F-390E-4255-A03D-EBC4CEDC1A4C}.AppStore|iPhoneSimulator.Build.0 = Release|x86
		{1C4F1D4F-390E-4255-A03D-EBC4CEDC1A4C}.AppStore|iPhoneSimulator.Deploy.0 = Release|x86
		{1C4F1D4F-390E-4255-A03D-EBC4CEDC1A4C}.AppStore|x64.ActiveCfg = Release|x64
		{1C4F1D4F-390E-4255-A03D-EBC4CEDC1A4C}.AppStore|x64.Build.0 = Release|x64
		{1C4F1D4F-390E-4255-A03D-EBC4CEDC1A4C}.AppStore|x64.Deploy.0 = Release|x64
		{1C4F1D4F-390E-4255-A03D-EBC4CEDC1A4C}.AppStore|x86.ActiveCfg = Release|x86
		{1C4F1D4F-390E-4255-A03D-EBC4CEDC1A4C}.AppStore|x86.Build.0 = Release|x86
		{1C4F1D4F-390E-4255-A03D-EBC4CEDC1A4C}.AppStore|x86.Deploy.0 = Release|x86
		{1C4F1D4F-390E-4255-A03D-EBC4CEDC1A4C}.Debug|Any CPU.ActiveCfg = Debug|x86
		{1C4F1D4F-390E-4255-A03D-EBC4CEDC1A4C}.Debug|ARM.ActiveCfg = Debug|ARM
		{1C4F1D4F-390E-4255-A03D-EBC4CEDC1A4C}.Debug|ARM.Build.0 = Debug|ARM
		{1C4F1D4F-390E-4255-A03D-EBC4CEDC1A4C}.Debug|ARM.Deploy.0 = Debug|ARM
		{1C4F1D4F-390E-4255-A03D-EBC4CEDC1A4C}.Debug|iPhone.ActiveCfg = Debug|x86
		{1C4F1D4F-390E-4255-A03D-EBC4CEDC1A4C}.Debug|iPhoneSimulator.ActiveCfg = Debug|x86
		{1C4F1D4F-390E-4255-A03D-EBC4CEDC1A4C}.Debug|x64.ActiveCfg = Debug|x64
		{1C4F1D4F-390E-4255-A03D-EBC4CEDC1A4C}.Debug|x64.Build.0 = Debug|x64
		{1C4F1D4F-390E-4255-A03D-EBC4CEDC1A4C}.Debug|x64.Deploy.0 = Debug|x64
		{1C4F1D4F-390E-4255-A03D-EBC4CEDC1A4C}.Debug|x86.ActiveCfg = Debug|x86
		{1C4F1D4F-390E-4255-A03D-EBC4CEDC1A4C}.Debug|x86.Build.0 = Debug|x86
		{1C4F1D4F-390E-4255-A03D-EBC4CEDC1A4C}.Debug|x86.Deploy.0 = Debug|x86
		{1C4F1D4F-390E-4255-A03D-EBC4CEDC1A4C}.Release|Any CPU.ActiveCfg = Release|x86
		{1C4F1D4F-390E-4255-A03D-EBC4CEDC1A4C}.Release|ARM.ActiveCfg = Release|ARM
		{1C4F1D4F-390E-4255-A03D-EBC4CEDC1A4C}.Release|ARM.Build.0 = Release|ARM
		{1C4F1D4F-390E-4255-A03D-EBC4CEDC1A4C}.Release|ARM.Deploy.0 = Release|ARM
		{1C4F1D4F-390E-4255-A03D-EBC4CEDC1A4C}.Release|iPhone.ActiveCfg = Release|x86
		{1C4F1D4F-390E-4255-A03D-EBC4CEDC1A4C}.Release|iPhoneSimulator.ActiveCfg = Release|x86
		{1C4F1D4F-390E-4255-A03D-EBC4CEDC1A4C}.Release|x64.ActiveCfg = Release|x64
		{1C4F1D4F-390E-4255-A03D-EBC4CEDC1A4C}.Release|x64.Build.0 = Release|x64
		{1C4F1D4F-390E-4255-A03D-EBC4CEDC1A4C}.Release|x64.Deploy.0 = Release|x64
		{1C4F1D4F-390E-4255-A03D-EBC4CEDC1A4C}.Release|x86.ActiveCfg = Release|x86
		{1C4F1D4F-390E-4255-A03D-EBC4CEDC1A4C}.Release|x86.Build.0 = Release|x86
		{1C4F1D4F-390E-4255-A03D-EBC4CEDC1A4C}.Release|x86.Deploy.0 = Release|x86
		{F7F6DFBC-F433-4E11-A240-7CB7DFDD1F47}.Ad-Hoc|Any CPU.ActiveCfg = Debug|Any CPU
		{F7F6DFBC-F433-4E11-A240-7CB7DFDD1F47}.Ad-Hoc|Any CPU.Build.0 = Debug|Any CPU
		{F7F6DFBC-F433-4E11-A240-7CB7DFDD1F47}.Ad-Hoc|ARM.ActiveCfg = Debug|Any CPU
		{F7F6DFBC-F433-4E11-A240-7CB7DFDD1F47}.Ad-Hoc|ARM.Build.0 = Debug|Any CPU
		{F7F6DFBC-F433-4E11-A240-7CB7DFDD1F47}.Ad-Hoc|iPhone.ActiveCfg = Debug|Any CPU
		{F7F6DFBC-F433-4E11-A240-7CB7DFDD1F47}.Ad-Hoc|iPhone.Build.0 = Debug|Any CPU
		{F7F6DFBC-F433-4E11-A240-7CB7DFDD1F47}.Ad-Hoc|iPhoneSimulator.ActiveCfg = Debug|Any CPU
		{F7F6DFBC-F433-4E11-A240-7CB7DFDD1F47}.Ad-Hoc|iPhoneSimulator.Build.0 = Debug|Any CPU
		{F7F6DFBC-F433-4E11-A240-7CB7DFDD1F47}.Ad-Hoc|x64.ActiveCfg = Debug|Any CPU
		{F7F6DFBC-F433-4E11-A240-7CB7DFDD1F47}.Ad-Hoc|x64.Build.0 = Debug|Any CPU
		{F7F6DFBC-F433-4E11-A240-7CB7DFDD1F47}.Ad-Hoc|x86.ActiveCfg = Debug|Any CPU
		{F7F6DFBC-F433-4E11-A240-7CB7DFDD1F47}.Ad-Hoc|x86.Build.0 = Debug|Any CPU
		{F7F6DFBC-F433-4E11-A240-7CB7DFDD1F47}.AppStore|Any CPU.ActiveCfg = Debug|Any CPU
		{F7F6DFBC-F433-4E11-A240-7CB7DFDD1F47}.AppStore|Any CPU.Build.0 = Debug|Any CPU
		{F7F6DFBC-F433-4E11-A240-7CB7DFDD1F47}.AppStore|ARM.ActiveCfg = Debug|Any CPU
		{F7F6DFBC-F433-4E11-A240-7CB7DFDD1F47}.AppStore|ARM.Build.0 = Debug|Any CPU
		{F7F6DFBC-F433-4E11-A240-7CB7DFDD1F47}.AppStore|iPhone.ActiveCfg = Debug|Any CPU
		{F7F6DFBC-F433-4E11-A240-7CB7DFDD1F47}.AppStore|iPhone.Build.0 = Debug|Any CPU
		{F7F6DFBC-F433-4E11-A240-7CB7DFDD1F47}.AppStore|iPhoneSimulator.ActiveCfg = Debug|Any CPU
		{F7F6DFBC-F433-4E11-A240-7CB7DFDD1F47}.AppStore|iPhoneSimulator.Build.0 = Debug|Any CPU
		{F7F6DFBC-F433-4E11-A240-7CB7DFDD1F47}.AppStore|x64.ActiveCfg = Debug|Any CPU
		{F7F6DFBC-F433-4E11-A240-7CB7DFDD1F47}.AppStore|x64.Build.0 = Debug|Any CPU
		{F7F6DFBC-F433-4E11-A240-7CB7DFDD1F47}.AppStore|x86.ActiveCfg = Debug|Any CPU
		{F7F6DFBC-F433-4E11-A240-7CB7DFDD1F47}.AppStore|x86.Build.0 = Debug|Any CPU
		{F7F6DFBC-F433-4E11-A240-7CB7DFDD1F47}.Debug|Any CPU.ActiveCfg = Debug|Any CPU
		{F7F6DFBC-F433-4E11-A240-7CB7DFDD1F47}.Debug|Any CPU.Build.0 = Debug|Any CPU
		{F7F6DFBC-F433-4E11-A240-7CB7DFDD1F47}.Debug|ARM.ActiveCfg = Debug|Any CPU
		{F7F6DFBC-F433-4E11-A240-7CB7DFDD1F47}.Debug|ARM.Build.0 = Debug|Any CPU
		{F7F6DFBC-F433-4E11-A240-7CB7DFDD1F47}.Debug|iPhone.ActiveCfg = Debug|Any CPU
		{F7F6DFBC-F433-4E11-A240-7CB7DFDD1F47}.Debug|iPhone.Build.0 = Debug|Any CPU
		{F7F6DFBC-F433-4E11-A240-7CB7DFDD1F47}.Debug|iPhoneSimulator.ActiveCfg = Debug|Any CPU
		{F7F6DFBC-F433-4E11-A240-7CB7DFDD1F47}.Debug|iPhoneSimulator.Build.0 = Debug|Any CPU
		{F7F6DFBC-F433-4E11-A240-7CB7DFDD1F47}.Debug|x64.ActiveCfg = Debug|Any CPU
		{F7F6DFBC-F433-4E11-A240-7CB7DFDD1F47}.Debug|x64.Build.0 = Debug|Any CPU
		{F7F6DFBC-F433-4E11-A240-7CB7DFDD1F47}.Debug|x86.ActiveCfg = Debug|Any CPU
		{F7F6DFBC-F433-4E11-A240-7CB7DFDD1F47}.Debug|x86.Build.0 = Debug|Any CPU
		{F7F6DFBC-F433-4E11-A240-7CB7DFDD1F47}.Release|Any CPU.ActiveCfg = Release|Any CPU
		{F7F6DFBC-F433-4E11-A240-7CB7DFDD1F47}.Release|Any CPU.Build.0 = Release|Any CPU
		{F7F6DFBC-F433-4E11-A240-7CB7DFDD1F47}.Release|ARM.ActiveCfg = Release|Any CPU
		{F7F6DFBC-F433-4E11-A240-7CB7DFDD1F47}.Release|ARM.Build.0 = Release|Any CPU
		{F7F6DFBC-F433-4E11-A240-7CB7DFDD1F47}.Release|iPhone.ActiveCfg = Release|Any CPU
		{F7F6DFBC-F433-4E11-A240-7CB7DFDD1F47}.Release|iPhone.Build.0 = Release|Any CPU
		{F7F6DFBC-F433-4E11-A240-7CB7DFDD1F47}.Release|iPhoneSimulator.ActiveCfg = Release|Any CPU
		{F7F6DFBC-F433-4E11-A240-7CB7DFDD1F47}.Release|iPhoneSimulator.Build.0 = Release|Any CPU
		{F7F6DFBC-F433-4E11-A240-7CB7DFDD1F47}.Release|x64.ActiveCfg = Release|Any CPU
		{F7F6DFBC-F433-4E11-A240-7CB7DFDD1F47}.Release|x64.Build.0 = Release|Any CPU
		{F7F6DFBC-F433-4E11-A240-7CB7DFDD1F47}.Release|x86.ActiveCfg = Release|Any CPU
		{F7F6DFBC-F433-4E11-A240-7CB7DFDD1F47}.Release|x86.Build.0 = Release|Any CPU
	EndGlobalSection
	GlobalSection(SolutionProperties) = preSolution
		HideSolutionNode = FALSE
	EndGlobalSection
	GlobalSection(ExtensibilityGlobals) = postSolution
		SolutionGuid = {C8420B56-9058-4EBA-8549-677E8E1BFC3F}
	EndGlobalSection
EndGlobal
